PODS:
  - Alamofire (5.4.3)
  - AppCenter (4.2.0):
    - AppCenter/Analytics (= 4.2.0)
    - AppCenter/Crashes (= 4.2.0)
  - AppCenter/Analytics (4.2.0):
    - AppCenter/Core
  - AppCenter/Core (4.2.0)
  - AppCenter/Crashes (4.2.0):
    - AppCenter/Core
  - Defaults (4.2.2)
  - Kingfisher (6.3.0)
  - Moya (14.0.0):
    - Moya/Core (= 14.0.0)
  - Moya/Core (14.0.0):
    - Alamofire (~> 5.0)
  - SwiftDate (6.3.1)
  - SwiftyJSON (5.0.1)

DEPENDENCIES:
  - AppCenter
  - Defaults
  - Kingfisher
  - Moya
  - SwiftDate
  - SwiftyJSON

SPEC REPOS:
  trunk:
    - Alamofire
    - AppCenter
    - Defaults
    - Kingfisher
    - Moya
    - SwiftDate
    - SwiftyJSON

SPEC CHECKSUMS:
  Alamofire: e447a2774a40c996748296fa2c55112fdbbc42f9
  AppCenter: 87ef6eefd8ade4df59e88951288587429f3dd2a5
  Defaults: d785e56c0fb8890dc40351603f05c8e1df1bdd45
  Kingfisher: 6c3df386db71d82c0817a429d2c9421a77396529
  Moya: 5b45dacb75adb009f97fde91c204c1e565d31916
  SwiftDate: 72d28954e8e1c6c1c0f917ccc8005e4f83c7d4b2
  SwiftyJSON: 2f33a42c6fbc52764d96f13368585094bfd8aa5e

PODFILE CHECKSUM: 7137517c9b51026a5acb56b4461d10d9a809e49b

COCOAPODS: 1.10.1
