PODS:
  - ActiveLabel (1.1.0)
  - AppCenter (4.3.0):
    - AppCenter/Analytics (= 4.3.0)
    - AppCenter/Crashes (= 4.3.0)
  - AppCenter/Analytics (4.3.0):
    - AppCenter/Core
  - AppCenter/Core (4.3.0)
  - AppCenter/Crashes (4.3.0):
    - AppCenter/Core
  - Atributika (4.10.1)
  - BetterSegmentedControl (2.0.1)
  - Cache (6.0.0)
  - DropDown (2.3.13)
  - ESTabBarController-swift (2.8.0)
  - Firebase/Analytics (8.8.0):
    - Firebase/Core
  - Firebase/Core (8.8.0):
    - Firebase/CoreOnly
    - FirebaseAnalytics (~> 8.8.0)
  - Firebase/CoreOnly (8.8.0):
    - FirebaseCore (= 8.8.0)
  - Firebase/Crashlytics (8.8.0):
    - Firebase/CoreOnly
    - FirebaseCrashlytics (~> 8.8.0)
  - Firebase/DynamicLinks (8.8.0):
    - Firebase/CoreOnly
    - FirebaseDynamicLinks (~> 8.8.0)
  - Firebase/Messaging (8.8.0):
    - Firebase/CoreOnly
    - FirebaseMessaging (~> 8.8.0)
  - FirebaseAnalytics (8.8.0):
    - FirebaseAnalytics/AdIdSupport (= 8.8.0)
    - FirebaseCore (~> 8.0)
    - FirebaseInstallations (~> 8.0)
    - GoogleUtilities/AppDelegateSwizzler (~> 7.4)
    - GoogleUtilities/MethodSwizzler (~> 7.4)
    - GoogleUtilities/Network (~> 7.4)
    - "GoogleUtilities/NSData+zlib (~> 7.4)"
    - nanopb (~> 2.30908.0)
  - FirebaseAnalytics/AdIdSupport (8.8.0):
    - FirebaseCore (~> 8.0)
    - FirebaseInstallations (~> 8.0)
    - GoogleAppMeasurement (= 8.8.0)
    - GoogleUtilities/AppDelegateSwizzler (~> 7.4)
    - GoogleUtilities/MethodSwizzler (~> 7.4)
    - GoogleUtilities/Network (~> 7.4)
    - "GoogleUtilities/NSData+zlib (~> 7.4)"
    - nanopb (~> 2.30908.0)
  - FirebaseCore (8.8.0):
    - FirebaseCoreDiagnostics (~> 8.0)
    - GoogleUtilities/Environment (~> 7.4)
    - GoogleUtilities/Logger (~> 7.4)
  - FirebaseCoreDiagnostics (8.8.0):
    - GoogleDataTransport (~> 9.0)
    - GoogleUtilities/Environment (~> 7.4)
    - GoogleUtilities/Logger (~> 7.4)
    - nanopb (~> 2.30908.0)
  - FirebaseCrashlytics (8.8.0):
    - FirebaseCore (~> 8.0)
    - FirebaseInstallations (~> 8.0)
    - GoogleDataTransport (~> 9.0)
    - GoogleUtilities/Environment (~> 7.4)
    - nanopb (~> 2.30908.0)
    - PromisesObjC (< 3.0, >= 1.2)
  - FirebaseDynamicLinks (8.8.0):
    - FirebaseCore (~> 8.0)
  - FirebaseInstallations (8.8.0):
    - FirebaseCore (~> 8.0)
    - GoogleUtilities/Environment (~> 7.4)
    - GoogleUtilities/UserDefaults (~> 7.4)
    - PromisesObjC (< 3.0, >= 1.2)
  - FirebaseMessaging (8.8.0):
    - FirebaseCore (~> 8.0)
    - FirebaseInstallations (~> 8.0)
    - GoogleDataTransport (~> 9.0)
    - GoogleUtilities/AppDelegateSwizzler (~> 7.4)
    - GoogleUtilities/Environment (~> 7.4)
    - GoogleUtilities/Reachability (~> 7.4)
    - GoogleUtilities/UserDefaults (~> 7.4)
    - nanopb (~> 2.30908.0)
  - GoogleAppMeasurement (8.8.0):
    - GoogleAppMeasurement/AdIdSupport (= 8.8.0)
    - GoogleUtilities/AppDelegateSwizzler (~> 7.4)
    - GoogleUtilities/MethodSwizzler (~> 7.4)
    - GoogleUtilities/Network (~> 7.4)
    - "GoogleUtilities/NSData+zlib (~> 7.4)"
    - nanopb (~> 2.30908.0)
  - GoogleAppMeasurement/AdIdSupport (8.8.0):
    - GoogleAppMeasurement/WithoutAdIdSupport (= 8.8.0)
    - GoogleUtilities/AppDelegateSwizzler (~> 7.4)
    - GoogleUtilities/MethodSwizzler (~> 7.4)
    - GoogleUtilities/Network (~> 7.4)
    - "GoogleUtilities/NSData+zlib (~> 7.4)"
    - nanopb (~> 2.30908.0)
  - GoogleAppMeasurement/WithoutAdIdSupport (8.8.0):
    - GoogleUtilities/AppDelegateSwizzler (~> 7.4)
    - GoogleUtilities/MethodSwizzler (~> 7.4)
    - GoogleUtilities/Network (~> 7.4)
    - "GoogleUtilities/NSData+zlib (~> 7.4)"
    - nanopb (~> 2.30908.0)
  - GoogleDataTransport (9.1.0):
    - GoogleUtilities/Environment (~> 7.2)
    - nanopb (~> 2.30908.0)
    - PromisesObjC (< 3.0, >= 1.2)
  - GoogleUtilities/AppDelegateSwizzler (7.5.2):
    - GoogleUtilities/Environment
    - GoogleUtilities/Logger
    - GoogleUtilities/Network
  - GoogleUtilities/Environment (7.5.2):
    - PromisesObjC (< 3.0, >= 1.2)
  - GoogleUtilities/Logger (7.5.2):
    - GoogleUtilities/Environment
  - GoogleUtilities/MethodSwizzler (7.5.2):
    - GoogleUtilities/Logger
  - GoogleUtilities/Network (7.5.2):
    - GoogleUtilities/Logger
    - "GoogleUtilities/NSData+zlib"
    - GoogleUtilities/Reachability
  - "GoogleUtilities/NSData+zlib (7.5.2)"
  - GoogleUtilities/Reachability (7.5.2):
    - GoogleUtilities/Logger
  - GoogleUtilities/UserDefaults (7.5.2):
    - GoogleUtilities/Logger
  - IGListDiffKit (4.0.0)
  - IGListKit (4.0.0):
    - IGListDiffKit (= 4.0.0)
  - Imaginary (5.0.0):
    - Cache (~> 6.0.0)
  - IQKeyboardManagerSwift (6.5.6)
  - JGProgressHUD (2.2)
  - JVFloatLabeledTextField (1.2.2)
  - Kingfisher (7.1.0)
  - Lightbox (2.5.0):
    - Imaginary (~> 5.0.0)
  - nanopb (2.30908.0):
    - nanopb/decode (= 2.30908.0)
    - nanopb/encode (= 2.30908.0)
  - nanopb/decode (2.30908.0)
  - nanopb/encode (2.30908.0)
  - Nantes (0.1.2)
  - PanModal (1.2.7)
  - PromisesObjC (2.0.0)
  - Realm (10.17.0):
    - Realm/Headers (= 10.17.0)
  - Realm/Headers (10.17.0)
  - RealmSwift (10.17.0):
    - Realm (= 10.17.0)
  - SkeletonView (1.25.1)
  - SnackBar.swift (0.1.0):
    - SnapKit
  - SnapKit (5.0.1)
  - SVPinView (1.0.11)
  - SwiftColor (1.6.0)
  - SwiftDate (6.3.1)
  - SwiftLinkPreview (3.4.0)
  - TLPhotoPicker (2.1.5)
  - TOCropViewController (2.6.0)
  - "UITextView+Placeholder (1.4.0)"
  - XLPagerTabStrip (9.0.0)

DEPENDENCIES:
  - ActiveLabel
  - AppCenter
  - Atributika
  - BetterSegmentedControl
  - DropDown
  - ESTabBarController-swift
  - Firebase/Analytics
  - Firebase/Crashlytics
  - Firebase/DynamicLinks
  - Firebase/Messaging
  - IGListKit
  - IQKeyboardManagerSwift
  - JGProgressHUD
  - JVFloatLabeledTextField
  - Kingfisher
  - Lightbox
  - Nantes
  - PanModal
  - RealmSwift
  - SkeletonView
  - SnackBar.swift
  - SVPinView
  - SwiftColor
  - SwiftDate
  - SwiftLinkPreview
  - TLPhotoPicker
  - TOCropViewController
  - "UITextView+Placeholder"
  - XLPagerTabStrip

SPEC REPOS:
  trunk:
    - ActiveLabel
    - AppCenter
    - Atributika
    - BetterSegmentedControl
    - Cache
    - DropDown
    - ESTabBarController-swift
    - Firebase
    - FirebaseAnalytics
    - FirebaseCore
    - FirebaseCoreDiagnostics
    - FirebaseCrashlytics
    - FirebaseDynamicLinks
    - FirebaseInstallations
    - FirebaseMessaging
    - GoogleAppMeasurement
    - GoogleDataTransport
    - GoogleUtilities
    - IGListDiffKit
    - IGListKit
    - Imaginary
    - IQKeyboardManagerSwift
    - JGProgressHUD
    - JVFloatLabeledTextField
    - Kingfisher
    - Lightbox
    - nanopb
    - Nantes
    - PanModal
    - PromisesObjC
    - Realm
    - RealmSwift
    - SkeletonView
    - SnackBar.swift
    - SnapKit
    - SVPinView
    - SwiftColor
    - SwiftDate
    - SwiftLinkPreview
    - TLPhotoPicker
    - TOCropViewController
    - "UITextView+Placeholder"
    - XLPagerTabStrip

SPEC CHECKSUMS:
  ActiveLabel: 5e3f4de79a1952d4604b845a0610d4776e4b82b3
  AppCenter: 883369ab78427b0561c688158d689dfe1f993ea9
  Atributika: 47e778507cfb3cd2c996278b0285221a62e97d71
  BetterSegmentedControl: 09607b27861d49cbce48b7673b74f9150a3d371a
  Cache: 4ca7e00363fca5455f26534e5607634c820ffc2d
  DropDown: 8a2116376c1981888557f72ec2ffc9a5e0e456ec
  ESTabBarController-swift: 05593a6ad64700b03c0eb60ff625916370aa4136
  Firebase: 629510f1a9ddb235f3a7c5c8ceb23ba887f0f814
  FirebaseAnalytics: 5506ea8b867d8423485a84b4cd612d279f7b0b8a
  FirebaseCore: 98b29e3828f0a53651c363937a7f7d92a19f1ba2
  FirebaseCoreDiagnostics: fe77f42da6329d6d83d21fd9d621a6b704413bfc
  FirebaseCrashlytics: 3660c045c8e45cc4276110562a0ef44cf43c8157
  FirebaseDynamicLinks: cf76a46274569da2d4491548a39ef35f3c1a992d
  FirebaseInstallations: 2563cb18a723ef9c6ef18318a49519b75dce613c
  FirebaseMessaging: 419b5c9d84f294a753c6501d8cfb9ced1ce37304
  GoogleAppMeasurement: 5ba1164e3c844ba84272555e916d0a6d3d977e91
  GoogleDataTransport: 85fd18ff3019bb85d3f2c551d04c481dedf71fc9
  GoogleUtilities: 8de2a97a17e15b6b98e38e8770e2d129a57c0040
  IGListDiffKit: 665d6cf43ce726e676013db9c7d6c4294259b6b2
  IGListKit: fd5a5d21935298f5849fa49d426843cff97b77c7
  Imaginary: cf5e3a7dd6ab1dcbd47ba8ce5edf2307c4e99eb3
  IQKeyboardManagerSwift: c7df9d2deb356c04522f5c4b7b6e4ce4d8ed94fe
  JGProgressHUD: d83d7a981b85d11205e19ff8ad5bb9c40571c847
  JVFloatLabeledTextField: df48598472ee015701d509f43e59492a0d4ca208
  Kingfisher: cdabaf49be7ee7cc124f0f276b355edf61903cf8
  Lightbox: cc3d5124f024fa8197fd23f913160db1c61a1852
  nanopb: a0ba3315591a9ae0a16a309ee504766e90db0c96
  Nantes: 0396442578e32242223fed46050dea1850236184
  PanModal: 3e16ead1a907fb06f4df3f13492fd00149fa4974
  PromisesObjC: 68159ce6952d93e17b2dfe273b8c40907db5ba58
  Realm: 9533276bd76f66aa2fd0d3ffe700c1f6023dcab6
  RealmSwift: 57f5d59aa29852587aad1e861989e7af139894b5
  SkeletonView: 77079530e1348a72f48b79ae30dcb966c1b18b6a
  SnackBar.swift: 79ea4df13ea9e6633137dd6acbd490534d26440d
  SnapKit: 97b92857e3df3a0c71833cce143274bf6ef8e5eb
  SVPinView: 9b538d0ba68cdb092afe4f0f67ec84cbed079466
  SwiftColor: 3db8a6a1ffb4df61f074a0643d620bf91876c267
  SwiftDate: 72d28954e8e1c6c1c0f917ccc8005e4f83c7d4b2
  SwiftLinkPreview: c1bc5b2cb3cd42f2865137c1a61f5d788dcf5c9c
  TLPhotoPicker: 44ebb15e46b8326d7a12445c2304ac8ee2512e27
  TOCropViewController: 3105367e808b7d3d886a74ff59bf4804e7d3ab38
  "UITextView+Placeholder": d7b0c400921f66523f3a85d74f774512e14f6502
  XLPagerTabStrip: 61c57fd61f611ee5f01ff1495ad6fbee8bf496c5

PODFILE CHECKSUM: 876abfa85ee5328b71670044d963c042defc2843

COCOAPODS: 1.11.2
