{
  "object": {
    "pins": [
      {
        "package": "abseil",
        "repositoryURL": "https://github.com/firebase/abseil-cpp-SwiftPM.git",
        "state": {
          "branch": null,
          "revision": "d302de612e3d57c6f4afaf087da18fba8eac72a7",
          "version": "0.20220203.1"
        }
      },
      {
        "package": "ActiveLabel",
        "repositoryURL": "https://github.com/optonaut/ActiveLabel.swift.git",
        "state": {
          "branch": null,
          "revision": "36949c1a69ef8b40574da20c9e24b115f387b1cf",
          "version": "1.1.5"
        }
      },
      {
        "package": "Alamofire",
        "repositoryURL": "https://github.com/Alamofire/Alamofire.git",
        "state": {
          "branch": null,
          "revision": "354dda32d89fc8cd4f5c46487f64957d355f53d8",
          "version": "5.6.1"
        }
      },
      {
        "package": "AppAuth",
        "repositoryURL": "https://github.com/openid/AppAuth-iOS.git",
        "state": {
          "branch": null,
          "revision": "33660c271c961f8ce1084cc13f2ea8195e864f7d",
          "version": "1.5.0"
        }
      },
      {
        "package": "Atributika",
        "repositoryURL": "https://github.com/psharanda/Atributika.git",
        "state": {
          "branch": null,
          "revision": "d018897afbd55d9065ef859650585bac890ada7e",
          "version": "4.10.1"
        }
      },
      {
        "package": "BetterSegmentedControl",
        "repositoryURL": "https://github.com/gmarm/BetterSegmentedControl.git",
        "state": {
          "branch": null,
          "revision": "a2b2116761f71320cee7e69b4249863f0f372c71",
          "version": "2.0.1"
        }
      },
      {
        "package": "BoringSSL-GRPC",
        "repositoryURL": "https://github.com/firebase/boringssl-SwiftPM.git",
        "state": {
          "branch": null,
          "revision": "79db6516894a932d0ddaff3b05b9da1e4f6c4069",
          "version": "0.9.0"
        }
      },
      {
        "package": "CenteredCollectionView",
        "repositoryURL": "https://github.com/BenEmdon/CenteredCollectionView.git",
        "state": {
          "branch": null,
          "revision": "f2bf371dae314b46f1bc03c222861c9fc40fff32",
          "version": "2.2.2"
        }
      },
      {
        "package": "Defaults",
        "repositoryURL": "https://github.com/sindresorhus/Defaults.git",
        "state": {
          "branch": null,
          "revision": "119f654d44f7b90f00dc11f7dd1c94a36f12576b",
          "version": "6.2.1"
        }
      },
      {
        "package": "DeviceKit",
        "repositoryURL": "https://github.com/devicekit/DeviceKit.git",
        "state": {
          "branch": null,
          "revision": "cc49d42dafd69c96abbf695cedbefab6441f1afa",
          "version": "4.6.0"
        }
      },
      {
        "package": "Firebase",
        "repositoryURL": "https://github.com/firebase/firebase-ios-sdk",
        "state": {
          "branch": null,
          "revision": "111d8d6ad1a1afd6c8e9561d26e55ab1e74fcb42",
          "version": "8.15.0"
        }
      },
      {
        "package": "GoogleAppMeasurement",
        "repositoryURL": "https://github.com/google/GoogleAppMeasurement.git",
        "state": {
          "branch": null,
          "revision": "ef819db8c58657a6ca367322e73f3b6322afe0a2",
          "version": "8.15.0"
        }
      },
      {
        "package": "GoogleDataTransport",
        "repositoryURL": "https://github.com/google/GoogleDataTransport.git",
        "state": {
          "branch": null,
          "revision": "15ccdfd25ac55b9239b82809531ff26605e7556e",
          "version": "9.1.2"
        }
      },
      {
        "package": "GoogleSignIn",
        "repositoryURL": "https://github.com/google/GoogleSignIn-iOS",
        "state": {
          "branch": null,
          "revision": "60ca2bfd218ccb194a746a79b41d9d50eb7e3af0",
          "version": "6.1.0"
        }
      },
      {
        "package": "GoogleUtilities",
        "repositoryURL": "https://github.com/google/GoogleUtilities.git",
        "state": {
          "branch": null,
          "revision": "f4abe56ce62a779e64b525eb133c8fc2a84bbc1f",
          "version": "7.7.1"
        }
      },
      {
        "package": "gRPC",
        "repositoryURL": "https://github.com/grpc/grpc-ios.git",
        "state": {
          "branch": null,
          "revision": "abd2d5a4347efa0454606a788678a5d8ec223738",
          "version": "1.44.0-grpc"
        }
      },
      {
        "package": "GTMSessionFetcher",
        "repositoryURL": "https://github.com/google/gtm-session-fetcher.git",
        "state": {
          "branch": null,
          "revision": "4e9bbf2808b8fee444e84a48f5f3c12641987d3e",
          "version": "1.7.2"
        }
      },
      {
        "package": "GTMAppAuth",
        "repositoryURL": "https://github.com/google/GTMAppAuth.git",
        "state": {
          "branch": null,
          "revision": "e803d09da0147fbf1bbb30e126c47ff43254e057",
          "version": "1.2.3"
        }
      },
      {
        "package": "IQKeyboardManagerSwift",
        "repositoryURL": "https://github.com/hackiftekhar/IQKeyboardManager.git",
        "state": {
          "branch": null,
          "revision": "474f849accae40fe61b5302d9b057dd48ee073ba",
          "version": "6.5.9"
        }
      },
      {
        "package": "JGProgressHUD",
        "repositoryURL": "https://github.com/JonasGessner/JGProgressHUD.git",
        "state": {
          "branch": null,
          "revision": "78d7cd35f1d90ff74fd82e486f2cbe4b24be8cf9",
          "version": "2.2.0"
        }
      },
      {
        "package": "JVFloatLabeledTextField",
        "repositoryURL": "https://github.com/jverdi/JVFloatLabeledTextField.git",
        "state": {
          "branch": null,
          "revision": "69c0e80a2d0b9dac52ec37a164c9c5fe0e901038",
          "version": "1.2.5"
        }
      },
      {
        "package": "Kingfisher",
        "repositoryURL": "https://github.com/onevcat/Kingfisher.git",
        "state": {
          "branch": null,
          "revision": "1a7b5480eb750a8e171654b9b1cb0a2cbeb27a55",
          "version": "7.2.1"
        }
      },
      {
        "package": "leveldb",
        "repositoryURL": "https://github.com/firebase/leveldb.git",
        "state": {
          "branch": null,
          "revision": "0706abcc6b0bd9cedfbb015ba840e4a780b5159b",
          "version": "1.22.2"
        }
      },
      {
        "package": "Logger",
        "repositoryURL": "https://github.com/shibapm/Logger",
        "state": {
          "branch": null,
          "revision": "53c3ecca5abe8cf46697e33901ee774236d94cce",
          "version": "0.2.3"
        }
      },
      {
        "package": "Moya",
        "repositoryURL": "https://github.com/Moya/Moya.git",
        "state": {
          "branch": null,
          "revision": "d27767c3624cc64a45bb371b267b89c92d70c670",
          "version": "14.0.1"
        }
      },
      {
        "package": "nanopb",
        "repositoryURL": "https://github.com/firebase/nanopb.git",
        "state": {
          "branch": null,
          "revision": "7ee9ef9f627d85cbe1b8c4f49a3ed26eed216c77",
          "version": "2.30908.0"
        }
      },
      {
        "package": "Nantes",
        "repositoryURL": "https://github.com/instacart/Nantes.git",
        "state": {
          "branch": null,
          "revision": "a82b861bc7863b22c798601e28ff2e8ec86ce4ee",
          "version": "0.1.2"
        }
      },
      {
        "package": "Nimble",
        "repositoryURL": "https://github.com/Quick/Nimble.git",
        "state": {
          "branch": null,
          "revision": "7a46a5fc86cb917f69e3daf79fcb045283d8f008",
          "version": "8.1.2"
        }
      },
      {
        "package": "NVActivityIndicatorView",
        "repositoryURL": "https://github.com/ninjaprox/NVActivityIndicatorView.git",
        "state": {
          "branch": null,
          "revision": "bcb52371f2259254bac6690f92bb474a61768c47",
          "version": "5.1.1"
        }
      },
      {
        "package": "OHHTTPStubs",
        "repositoryURL": "https://github.com/AliSoftware/OHHTTPStubs.git",
        "state": {
          "branch": null,
          "revision": "12f19662426d0434d6c330c6974d53e2eb10ecd9",
          "version": "9.1.0"
        }
      },
      {
        "package": "PackageConfig",
        "repositoryURL": "https://github.com/shibapm/PackageConfig.git",
        "state": {
          "branch": null,
          "revision": "58523193c26fb821ed1720dcd8a21009055c7cdb",
          "version": "1.1.3"
        }
      },
      {
        "package": "PanModal",
        "repositoryURL": "https://github.com/slackhq/PanModal.git",
        "state": {
          "branch": null,
          "revision": "b012aecb6b67a8e46369227f893c12544846613f",
          "version": "1.2.7"
        }
      },
      {
        "package": "Promises",
        "repositoryURL": "https://github.com/google/promises.git",
        "state": {
          "branch": null,
          "revision": "46c1e6b5ac09d8f82c991061c659f67e573d425d",
          "version": "2.1.0"
        }
      },
      {
        "package": "Quick",
        "repositoryURL": "https://github.com/Quick/Quick.git",
        "state": {
          "branch": null,
          "revision": "09b3becb37cb2163919a3842a4c5fa6ec7130792",
          "version": "2.2.1"
        }
      },
      {
        "package": "ReactiveSwift",
        "repositoryURL": "https://github.com/Moya/ReactiveSwift.git",
        "state": {
          "branch": null,
          "revision": "f195d82bb30e412e70446e2b4a77e1b514099e88",
          "version": "6.1.0"
        }
      },
      {
        "package": "Realm",
        "repositoryURL": "https://github.com/realm/realm-cocoa.git",
        "state": {
          "branch": null,
          "revision": "41fe221e2209ad31bee35593513d957dc3e6e458",
          "version": "10.25.2"
        }
      },
      {
        "package": "RealmDatabase",
        "repositoryURL": "https://github.com/realm/realm-core",
        "state": {
          "branch": null,
          "revision": "472d325a2e844fcb48c400db74e6b9646f92ca93",
          "version": "11.15.0"
        }
      },
      {
        "package": "Rocket",
        "repositoryURL": "https://github.com/shibapm/Rocket",
        "state": {
          "branch": null,
          "revision": "9880a5beb7fcb9e61ddd5764edc1700b8c418deb",
          "version": "1.2.1"
        }
      },
      {
        "package": "RxSwift",
        "repositoryURL": "https://github.com/ReactiveX/RxSwift.git",
        "state": {
          "branch": null,
          "revision": "cec68169a048a079f461ba203fe85636548d7a89",
          "version": "5.1.3"
        }
      },
      {
        "package": "SkeletonView",
        "repositoryURL": "https://github.com/Juanpe/SkeletonView.git",
        "state": {
          "branch": null,
          "revision": "9e61ff3a85a3780a2cdfceae0257ad32fa8ae4d3",
          "version": "1.29.2"
        }
      },
      {
        "package": "SnackBar",
        "repositoryURL": "https://github.com/ahmedAlmasri/SnackBar.swift",
        "state": {
          "branch": null,
          "revision": "9efa0f9d2a6ae35384a878a0d74dbafd5001a672",
          "version": "0.1.2"
        }
      },
      {
        "package": "SnapKit",
        "repositoryURL": "https://github.com/SnapKit/SnapKit.git",
        "state": {
          "branch": null,
          "revision": "f222cbdf325885926566172f6f5f06af95473158",
          "version": "5.6.0"
        }
      },
      {
        "package": "SwiftProtobuf",
        "repositoryURL": "https://github.com/apple/swift-protobuf.git",
        "state": {
          "branch": null,
          "revision": "e1499bc69b9040b29184f7f2996f7bab467c1639",
          "version": "1.19.0"
        }
      },
      {
        "package": "SwiftColor",
        "repositoryURL": "https://github.com/icodesign/SwiftColor.git",
        "state": {
          "branch": null,
          "revision": "8ada1bd6b4c132a658b63cc95ff77a56e345ccb7",
          "version": "1.6.0"
        }
      },
      {
        "package": "SwiftDate",
        "repositoryURL": "https://github.com/malcommac/SwiftDate.git",
        "state": {
          "branch": null,
          "revision": "6190d0cefff3013e77ed567e6b074f324e5c5bf5",
          "version": "6.3.1"
        }
      },
      {
        "package": "Swifter",
        "repositoryURL": "https://github.com/mattdonnelly/Swifter.git",
        "state": {
          "branch": null,
          "revision": "50682ebe64e4c08f18957ccfd16888f035c20755",
          "version": "2.5.0"
        }
      },
      {
        "package": "SwiftIP",
        "repositoryURL": "https://github.com/Samasaur1/SwiftIP.git",
        "state": {
          "branch": null,
          "revision": "e1e8a43bd3020f1002c2680ae91056e6d81b647e",
          "version": "2.2.0"
        }
      },
      {
        "package": "SwiftKeychainWrapper",
        "repositoryURL": "https://github.com/jrendel/SwiftKeychainWrapper.git",
        "state": {
          "branch": null,
          "revision": "185a3165346a03767101c4f62e9a545a0fe0530f",
          "version": "4.0.1"
        }
      },
      {
        "package": "SwiftShell",
        "repositoryURL": "https://github.com/kareman/SwiftShell",
        "state": {
          "branch": null,
          "revision": "a6014fe94c3dbff0ad500e8da4f251a5d336530b",
          "version": "5.1.0-beta.1"
        }
      },
      {
        "package": "SwiftyJSON",
        "repositoryURL": "https://github.com/SwiftyJSON/SwiftyJSON.git",
        "state": {
          "branch": null,
          "revision": "b3dcd7dbd0d488e1a7077cb33b00f2083e382f07",
          "version": "5.0.1"
        }
      },
      {
        "package": "TLPhotoPicker",
        "repositoryURL": "https://github.com/tilltue/TLPhotoPicker.git",
        "state": {
          "branch": null,
          "revision": "0d0cbbd2d20ed5fd36e5f4052209f5e2d9aaa8b7",
          "version": "2.1.9"
        }
      },
      {
        "package": "TOCropViewController",
        "repositoryURL": "https://github.com/TimOliver/TOCropViewController.git",
        "state": {
          "branch": null,
          "revision": "d0470491f56e734731bbf77991944c0dfdee3e0e",
          "version": "2.6.1"
        }
      },
      {
        "package": "Yams",
        "repositoryURL": "https://github.com/jpsim/Yams",
        "state": {
          "branch": null,
          "revision": "9ff1cc9327586db4e0c8f46f064b6a82ec1566fa",
          "version": "4.0.6"
        }
      }
    ]
  },
  "version": 1
}
