// !$*UTF8*$!
{
	archiveVersion = 1;
	classes = {
	};
	objectVersion = 52;
	objects = {

/* Begin PBXBuildFile section */
		A393B65F49BE072F6442CEC3 /* Pods_Castcle_iOS.framework in Frameworks */ = {isa = PBXBuildFile; fileRef = F7F2C8BD3940A792CF57B433 /* Pods_Castcle_iOS.framework */; };
		B7552903269C0E63005D5EB5 /* GoogleService-Info.plist in Resources */ = {isa = PBXBuildFile; fileRef = B7552901269C0E63005D5EB5 /* GoogleService-Info.plist */; };
		B7552904269C0E63005D5EB5 /* README.md in Resources */ = {isa = PBXBuildFile; fileRef = B7552902269C0E63005D5EB5 /* README.md */; };
		B7552915269C1E8A005D5EB5 /* GoogleService-Info-Dev.plist in Resources */ = {isa = PBXBuildFile; fileRef = B7552914269C1E8A005D5EB5 /* GoogleService-Info-Dev.plist */; };
		B7552917269C1F38005D5EB5 /* GoogleService-Info-Stg.plist in Resources */ = {isa = PBXBuildFile; fileRef = B7552916269C1F38005D5EB5 /* GoogleService-Info-Stg.plist */; };
		B7552929269C3F01005D5EB5 /* FirebaseAnalytics in Frameworks */ = {isa = PBXBuildFile; productRef = B7552928269C3F01005D5EB5 /* FirebaseAnalytics */; };
		B75E627D26961A7F003E1ADA /* SwiftColor in Frameworks */ = {isa = PBXBuildFile; productRef = B75E627C26961A7F003E1ADA /* SwiftColor */; };
		B75E628726969B04003E1ADA /* Component.framework in Frameworks */ = {isa = PBXBuildFile; fileRef = B75E628626969B04003E1ADA /* Component.framework */; };
		B75E628826969B04003E1ADA /* Component.framework in Embed Frameworks */ = {isa = PBXBuildFile; fileRef = B75E628626969B04003E1ADA /* Component.framework */; settings = {ATTRIBUTES = (CodeSignOnCopy, RemoveHeadersOnCopy, ); }; };
		B75E628B26969C5D003E1ADA /* ESTabBarController in Frameworks */ = {isa = PBXBuildFile; productRef = B75E628A26969C5D003E1ADA /* ESTabBarController */; };
		B75E629B2696A003003E1ADA /* BouncesContentView.swift in Sources */ = {isa = PBXBuildFile; fileRef = B75E629A2696A003003E1ADA /* BouncesContentView.swift */; };
		B75E629D2696A062003E1ADA /* BasicContentView.swift in Sources */ = {isa = PBXBuildFile; fileRef = B75E629C2696A062003E1ADA /* BasicContentView.swift */; };
		B75E629F2696ADB6003E1ADA /* IrregularityContentView.swift in Sources */ = {isa = PBXBuildFile; fileRef = B75E629E2696ADB5003E1ADA /* IrregularityContentView.swift */; };
		B792811C268EC784000ED84A /* Core.framework in Frameworks */ = {isa = PBXBuildFile; fileRef = B792811B268EC784000ED84A /* Core.framework */; };
		B792811D268EC784000ED84A /* Core.framework in Embed Frameworks */ = {isa = PBXBuildFile; fileRef = B792811B268EC784000ED84A /* Core.framework */; settings = {ATTRIBUTES = (CodeSignOnCopy, RemoveHeadersOnCopy, ); }; };
		B7928167269420B5000ED84A /* Defaults in Frameworks */ = {isa = PBXBuildFile; productRef = B7928166269420B5000ED84A /* Defaults */; };
		B79281B4269455D1000ED84A /* Feed.framework in Frameworks */ = {isa = PBXBuildFile; fileRef = B79281B2269455D1000ED84A /* Feed.framework */; };
		B79281B5269455D1000ED84A /* Feed.framework in Embed Frameworks */ = {isa = PBXBuildFile; fileRef = B79281B2269455D1000ED84A /* Feed.framework */; settings = {ATTRIBUTES = (CodeSignOnCopy, RemoveHeadersOnCopy, ); }; };
		B79281B6269455D1000ED84A /* Search.framework in Frameworks */ = {isa = PBXBuildFile; fileRef = B79281B3269455D1000ED84A /* Search.framework */; };
		B79281B7269455D1000ED84A /* Search.framework in Embed Frameworks */ = {isa = PBXBuildFile; fileRef = B79281B3269455D1000ED84A /* Search.framework */; settings = {ATTRIBUTES = (CodeSignOnCopy, RemoveHeadersOnCopy, ); }; };
		B7F69CA8268EB21E00B01223 /* AppDelegate.swift in Sources */ = {isa = PBXBuildFile; fileRef = B7F69CA7268EB21E00B01223 /* AppDelegate.swift */; };
		B7F69CB1268EB22000B01223 /* Assets.xcassets in Resources */ = {isa = PBXBuildFile; fileRef = B7F69CB0268EB22000B01223 /* Assets.xcassets */; };
		B7F69CB4268EB22000B01223 /* LaunchScreen.storyboard in Resources */ = {isa = PBXBuildFile; fileRef = B7F69CB2268EB22000B01223 /* LaunchScreen.storyboard */; };
/* End PBXBuildFile section */

/* Begin PBXCopyFilesBuildPhase section */
		B792811E268EC784000ED84A /* Embed Frameworks */ = {
			isa = PBXCopyFilesBuildPhase;
			buildActionMask = 2147483647;
			dstPath = "";
			dstSubfolderSpec = 10;
			files = (
				B79281B5269455D1000ED84A /* Feed.framework in Embed Frameworks */,
				B79281B7269455D1000ED84A /* Search.framework in Embed Frameworks */,
				B75E628826969B04003E1ADA /* Component.framework in Embed Frameworks */,
				B792811D268EC784000ED84A /* Core.framework in Embed Frameworks */,
			);
			name = "Embed Frameworks";
			runOnlyForDeploymentPostprocessing = 0;
		};
/* End PBXCopyFilesBuildPhase section */

/* Begin PBXFileReference section */
		14A68731C9E65FB1DB83D037 /* Pods-Castcle-iOS.release (production).xcconfig */ = {isa = PBXFileReference; includeInIndex = 1; lastKnownFileType = text.xcconfig; name = "Pods-Castcle-iOS.release (production).xcconfig"; path = "Target Support Files/Pods-Castcle-iOS/Pods-Castcle-iOS.release (production).xcconfig"; sourceTree = "<group>"; };
		3CE4328E4BEF766669341FEB /* Pods-Castcle-iOS.debug (development).xcconfig */ = {isa = PBXFileReference; includeInIndex = 1; lastKnownFileType = text.xcconfig; name = "Pods-Castcle-iOS.debug (development).xcconfig"; path = "Target Support Files/Pods-Castcle-iOS/Pods-Castcle-iOS.debug (development).xcconfig"; sourceTree = "<group>"; };
		79FB8ABF20FB62E812578223 /* Pods-Castcle-iOS.release (development).xcconfig */ = {isa = PBXFileReference; includeInIndex = 1; lastKnownFileType = text.xcconfig; name = "Pods-Castcle-iOS.release (development).xcconfig"; path = "Target Support Files/Pods-Castcle-iOS/Pods-Castcle-iOS.release (development).xcconfig"; sourceTree = "<group>"; };
		7CA596D6545C329BB5A086C2 /* Pods-Castcle-iOS.release (staging).xcconfig */ = {isa = PBXFileReference; includeInIndex = 1; lastKnownFileType = text.xcconfig; name = "Pods-Castcle-iOS.release (staging).xcconfig"; path = "Target Support Files/Pods-Castcle-iOS/Pods-Castcle-iOS.release (staging).xcconfig"; sourceTree = "<group>"; };
		86E31196B050D4DA835F018C /* Pods-Castcle-iOS.debug (staging).xcconfig */ = {isa = PBXFileReference; includeInIndex = 1; lastKnownFileType = text.xcconfig; name = "Pods-Castcle-iOS.debug (staging).xcconfig"; path = "Target Support Files/Pods-Castcle-iOS/Pods-Castcle-iOS.debug (staging).xcconfig"; sourceTree = "<group>"; };
		904740782EC2244E87331776 /* Pods-Castcle-iOS.debug (production).xcconfig */ = {isa = PBXFileReference; includeInIndex = 1; lastKnownFileType = text.xcconfig; name = "Pods-Castcle-iOS.debug (production).xcconfig"; path = "Target Support Files/Pods-Castcle-iOS/Pods-Castcle-iOS.debug (production).xcconfig"; sourceTree = "<group>"; };
		B7552901269C0E63005D5EB5 /* GoogleService-Info.plist */ = {isa = PBXFileReference; fileEncoding = 4; lastKnownFileType = text.plist.xml; path = "GoogleService-Info.plist"; sourceTree = "<group>"; };
		B7552902269C0E63005D5EB5 /* README.md */ = {isa = PBXFileReference; fileEncoding = 4; lastKnownFileType = net.daringfireball.markdown; path = README.md; sourceTree = "<group>"; };
		B7552914269C1E8A005D5EB5 /* GoogleService-Info-Dev.plist */ = {isa = PBXFileReference; fileEncoding = 4; lastKnownFileType = text.plist.xml; path = "GoogleService-Info-Dev.plist"; sourceTree = "<group>"; };
		B7552916269C1F38005D5EB5 /* GoogleService-Info-Stg.plist */ = {isa = PBXFileReference; fileEncoding = 4; lastKnownFileType = text.plist.xml; path = "GoogleService-Info-Stg.plist"; sourceTree = "<group>"; };
		B75E628626969B04003E1ADA /* Component.framework */ = {isa = PBXFileReference; explicitFileType = wrapper.framework; path = Component.framework; sourceTree = BUILT_PRODUCTS_DIR; };
		B75E629A2696A003003E1ADA /* BouncesContentView.swift */ = {isa = PBXFileReference; fileEncoding = 4; lastKnownFileType = sourcecode.swift; path = BouncesContentView.swift; sourceTree = "<group>"; };
		B75E629C2696A062003E1ADA /* BasicContentView.swift */ = {isa = PBXFileReference; fileEncoding = 4; lastKnownFileType = sourcecode.swift; path = BasicContentView.swift; sourceTree = "<group>"; };
		B75E629E2696ADB5003E1ADA /* IrregularityContentView.swift */ = {isa = PBXFileReference; lastKnownFileType = sourcecode.swift; path = IrregularityContentView.swift; sourceTree = "<group>"; };
		B75E62EE269978CA003E1ADA /* Development.xcconfig */ = {isa = PBXFileReference; lastKnownFileType = text.xcconfig; path = Development.xcconfig; sourceTree = "<group>"; };
		B75E62EF269978DA003E1ADA /* Staging.xcconfig */ = {isa = PBXFileReference; lastKnownFileType = text.xcconfig; path = Staging.xcconfig; sourceTree = "<group>"; };
		B75E62F0269978ED003E1ADA /* Production.xcconfig */ = {isa = PBXFileReference; lastKnownFileType = text.xcconfig; path = Production.xcconfig; sourceTree = "<group>"; };
		B792811B268EC784000ED84A /* Core.framework */ = {isa = PBXFileReference; explicitFileType = wrapper.framework; path = Core.framework; sourceTree = BUILT_PRODUCTS_DIR; };
		B79281B2269455D1000ED84A /* Feed.framework */ = {isa = PBXFileReference; explicitFileType = wrapper.framework; path = Feed.framework; sourceTree = BUILT_PRODUCTS_DIR; };
		B79281B3269455D1000ED84A /* Search.framework */ = {isa = PBXFileReference; explicitFileType = wrapper.framework; path = Search.framework; sourceTree = BUILT_PRODUCTS_DIR; };
		B7F69CA4268EB21E00B01223 /* Castcle.app */ = {isa = PBXFileReference; explicitFileType = wrapper.application; includeInIndex = 0; path = Castcle.app; sourceTree = BUILT_PRODUCTS_DIR; };
		B7F69CA7268EB21E00B01223 /* AppDelegate.swift */ = {isa = PBXFileReference; lastKnownFileType = sourcecode.swift; path = AppDelegate.swift; sourceTree = "<group>"; };
		B7F69CB0268EB22000B01223 /* Assets.xcassets */ = {isa = PBXFileReference; lastKnownFileType = folder.assetcatalog; path = Assets.xcassets; sourceTree = "<group>"; };
		B7F69CB3268EB22000B01223 /* Base */ = {isa = PBXFileReference; lastKnownFileType = file.storyboard; name = Base; path = Base.lproj/LaunchScreen.storyboard; sourceTree = "<group>"; };
		B7F69CB5268EB22000B01223 /* Info.plist */ = {isa = PBXFileReference; lastKnownFileType = text.plist.xml; path = Info.plist; sourceTree = "<group>"; };
		F7F2C8BD3940A792CF57B433 /* Pods_Castcle_iOS.framework */ = {isa = PBXFileReference; explicitFileType = wrapper.framework; includeInIndex = 0; path = Pods_Castcle_iOS.framework; sourceTree = BUILT_PRODUCTS_DIR; };
/* End PBXFileReference section */

/* Begin PBXFrameworksBuildPhase section */
		B7F69CA1268EB21E00B01223 /* Frameworks */ = {
			isa = PBXFrameworksBuildPhase;
			buildActionMask = 2147483647;
			files = (
				B79281B4269455D1000ED84A /* Feed.framework in Frameworks */,
				B7928167269420B5000ED84A /* Defaults in Frameworks */,
				B792811C268EC784000ED84A /* Core.framework in Frameworks */,
				B75E627D26961A7F003E1ADA /* SwiftColor in Frameworks */,
				B79281B6269455D1000ED84A /* Search.framework in Frameworks */,
				B7552929269C3F01005D5EB5 /* FirebaseAnalytics in Frameworks */,
				B75E628726969B04003E1ADA /* Component.framework in Frameworks */,
				B75E628B26969C5D003E1ADA /* ESTabBarController in Frameworks */,
				A393B65F49BE072F6442CEC3 /* Pods_Castcle_iOS.framework in Frameworks */,
			);
			runOnlyForDeploymentPostprocessing = 0;
		};
/* End PBXFrameworksBuildPhase section */

/* Begin PBXGroup section */
		7F3A3F40D4655699A46A2DB0 /* Frameworks */ = {
			isa = PBXGroup;
			children = (
				B75E628626969B04003E1ADA /* Component.framework */,
				B79281B2269455D1000ED84A /* Feed.framework */,
				B79281B3269455D1000ED84A /* Search.framework */,
				B792811B268EC784000ED84A /* Core.framework */,
				F7F2C8BD3940A792CF57B433 /* Pods_Castcle_iOS.framework */,
			);
			name = Frameworks;
			sourceTree = "<group>";
		};
		B7552900269C0E63005D5EB5 /* Config */ = {
			isa = PBXGroup;
			children = (
				B7552901269C0E63005D5EB5 /* GoogleService-Info.plist */,
				B7552914269C1E8A005D5EB5 /* GoogleService-Info-Dev.plist */,
				B7552916269C1F38005D5EB5 /* GoogleService-Info-Stg.plist */,
				B7552902269C0E63005D5EB5 /* README.md */,
			);
			path = Config;
			sourceTree = SOURCE_ROOT;
		};
		B75E629726969DFB003E1ADA /* Tab Bar */ = {
			isa = PBXGroup;
			children = (
				B75E629A2696A003003E1ADA /* BouncesContentView.swift */,
				B75E629C2696A062003E1ADA /* BasicContentView.swift */,
				B75E629E2696ADB5003E1ADA /* IrregularityContentView.swift */,
			);
			path = "Tab Bar";
			sourceTree = "<group>";
		};
		B75E62ED269978A7003E1ADA /* Environment Config */ = {
			isa = PBXGroup;
			children = (
				B75E62EE269978CA003E1ADA /* Development.xcconfig */,
				B75E62EF269978DA003E1ADA /* Staging.xcconfig */,
				B75E62F0269978ED003E1ADA /* Production.xcconfig */,
			);
			path = "Environment Config";
			sourceTree = "<group>";
		};
		B7F69C9B268EB21E00B01223 = {
			isa = PBXGroup;
			children = (
				B7F69CA6268EB21E00B01223 /* Castcle-iOS */,
				B7F69CA5268EB21E00B01223 /* Products */,
				F093F7C16BC95A49994F6E0B /* Pods */,
				7F3A3F40D4655699A46A2DB0 /* Frameworks */,
			);
			sourceTree = "<group>";
		};
		B7F69CA5268EB21E00B01223 /* Products */ = {
			isa = PBXGroup;
			children = (
				B7F69CA4268EB21E00B01223 /* Castcle.app */,
			);
			name = Products;
			sourceTree = "<group>";
		};
		B7F69CA6268EB21E00B01223 /* Castcle-iOS */ = {
			isa = PBXGroup;
			children = (
				B7F69CA7268EB21E00B01223 /* AppDelegate.swift */,
				B75E629726969DFB003E1ADA /* Tab Bar */,
				B7F69CB0268EB22000B01223 /* Assets.xcassets */,
				B7F69CB2268EB22000B01223 /* LaunchScreen.storyboard */,
				B7F69CB5268EB22000B01223 /* Info.plist */,
				B7552900269C0E63005D5EB5 /* Config */,
				B75E62ED269978A7003E1ADA /* Environment Config */,
			);
			path = "Castcle-iOS";
			sourceTree = "<group>";
		};
		F093F7C16BC95A49994F6E0B /* Pods */ = {
			isa = PBXGroup;
			children = (
				904740782EC2244E87331776 /* Pods-Castcle-iOS.debug (production).xcconfig */,
				86E31196B050D4DA835F018C /* Pods-Castcle-iOS.debug (staging).xcconfig */,
				3CE4328E4BEF766669341FEB /* Pods-Castcle-iOS.debug (development).xcconfig */,
				14A68731C9E65FB1DB83D037 /* Pods-Castcle-iOS.release (production).xcconfig */,
				7CA596D6545C329BB5A086C2 /* Pods-Castcle-iOS.release (staging).xcconfig */,
				79FB8ABF20FB62E812578223 /* Pods-Castcle-iOS.release (development).xcconfig */,
			);
			path = Pods;
			sourceTree = "<group>";
		};
/* End PBXGroup section */

/* Begin PBXNativeTarget section */
		B7F69CA3268EB21E00B01223 /* Castcle-iOS */ = {
			isa = PBXNativeTarget;
			buildConfigurationList = B7F69CB8268EB22000B01223 /* Build configuration list for PBXNativeTarget "Castcle-iOS" */;
			buildPhases = (
				68B083CF6F451B154200CB15 /* [CP] Check Pods Manifest.lock */,
				B7F69CA0268EB21E00B01223 /* Sources */,
				B7F69CA1268EB21E00B01223 /* Frameworks */,
				B7F69CA2268EB21E00B01223 /* Resources */,
				B792811E268EC784000ED84A /* Embed Frameworks */,
				4401A52C35813D29F104FAA7 /* [CP] Embed Pods Frameworks */,
				B7552944269C5179005D5EB5 /* ShellScript */,
			);
			buildRules = (
			);
			dependencies = (
			);
			name = "Castcle-iOS";
			packageProductDependencies = (
				B7928166269420B5000ED84A /* Defaults */,
				B75E627C26961A7F003E1ADA /* SwiftColor */,
				B75E628A26969C5D003E1ADA /* ESTabBarController */,
				B7552928269C3F01005D5EB5 /* FirebaseAnalytics */,
			);
			productName = "Castcle-iOS";
			productReference = B7F69CA4268EB21E00B01223 /* Castcle.app */;
			productType = "com.apple.product-type.application";
		};
/* End PBXNativeTarget section */

/* Begin PBXProject section */
		B7F69C9C268EB21E00B01223 /* Project object */ = {
			isa = PBXProject;
			attributes = {
				LastSwiftUpdateCheck = 1250;
				LastUpgradeCheck = 1250;
				TargetAttributes = {
					B7F69CA3268EB21E00B01223 = {
						CreatedOnToolsVersion = 12.5.1;
					};
				};
			};
			buildConfigurationList = B7F69C9F268EB21E00B01223 /* Build configuration list for PBXProject "Castcle-iOS" */;
			compatibilityVersion = "Xcode 9.3";
			developmentRegion = en;
			hasScannedForEncodings = 0;
			knownRegions = (
				en,
				Base,
			);
			mainGroup = B7F69C9B268EB21E00B01223;
			packageReferences = (
				B7928165269420B5000ED84A /* XCRemoteSwiftPackageReference "Defaults" */,
				B75E627B26961A7F003E1ADA /* XCRemoteSwiftPackageReference "SwiftColor" */,
				B75E628926969C5D003E1ADA /* XCRemoteSwiftPackageReference "ESTabBarController" */,
				B7552927269C3F01005D5EB5 /* XCRemoteSwiftPackageReference "firebase-ios-sdk" */,
			);
			productRefGroup = B7F69CA5268EB21E00B01223 /* Products */;
			projectDirPath = "";
			projectRoot = "";
			targets = (
				B7F69CA3268EB21E00B01223 /* Castcle-iOS */,
			);
		};
/* End PBXProject section */

/* Begin PBXResourcesBuildPhase section */
		B7F69CA2268EB21E00B01223 /* Resources */ = {
			isa = PBXResourcesBuildPhase;
			buildActionMask = 2147483647;
			files = (
				B7552915269C1E8A005D5EB5 /* GoogleService-Info-Dev.plist in Resources */,
				B7F69CB4268EB22000B01223 /* LaunchScreen.storyboard in Resources */,
				B7552917269C1F38005D5EB5 /* GoogleService-Info-Stg.plist in Resources */,
				B7F69CB1268EB22000B01223 /* Assets.xcassets in Resources */,
				B7552904269C0E63005D5EB5 /* README.md in Resources */,
				B7552903269C0E63005D5EB5 /* GoogleService-Info.plist in Resources */,
			);
			runOnlyForDeploymentPostprocessing = 0;
		};
/* End PBXResourcesBuildPhase section */

/* Begin PBXShellScriptBuildPhase section */
		4401A52C35813D29F104FAA7 /* [CP] Embed Pods Frameworks */ = {
			isa = PBXShellScriptBuildPhase;
			buildActionMask = 2147483647;
			files = (
			);
			inputFileListPaths = (
				"${PODS_ROOT}/Target Support Files/Pods-Castcle-iOS/Pods-Castcle-iOS-frameworks-${CONFIGURATION}-input-files.xcfilelist",
			);
			name = "[CP] Embed Pods Frameworks";
			outputFileListPaths = (
				"${PODS_ROOT}/Target Support Files/Pods-Castcle-iOS/Pods-Castcle-iOS-frameworks-${CONFIGURATION}-output-files.xcfilelist",
			);
			runOnlyForDeploymentPostprocessing = 0;
			shellPath = /bin/sh;
			shellScript = "\"${PODS_ROOT}/Target Support Files/Pods-Castcle-iOS/Pods-Castcle-iOS-frameworks.sh\"\n";
			showEnvVarsInLog = 0;
		};
		68B083CF6F451B154200CB15 /* [CP] Check Pods Manifest.lock */ = {
			isa = PBXShellScriptBuildPhase;
			buildActionMask = 2147483647;
			files = (
			);
			inputFileListPaths = (
			);
			inputPaths = (
				"${PODS_PODFILE_DIR_PATH}/Podfile.lock",
				"${PODS_ROOT}/Manifest.lock",
			);
			name = "[CP] Check Pods Manifest.lock";
			outputFileListPaths = (
			);
			outputPaths = (
				"$(DERIVED_FILE_DIR)/Pods-Castcle-iOS-checkManifestLockResult.txt",
			);
			runOnlyForDeploymentPostprocessing = 0;
			shellPath = /bin/sh;
			shellScript = "diff \"${PODS_PODFILE_DIR_PATH}/Podfile.lock\" \"${PODS_ROOT}/Manifest.lock\" > /dev/null\nif [ $? != 0 ] ; then\n    # print error to STDERR\n    echo \"error: The sandbox is not in sync with the Podfile.lock. Run 'pod install' or update your CocoaPods installation.\" >&2\n    exit 1\nfi\n# This output is used by Xcode 'outputs' to avoid re-running this script phase.\necho \"SUCCESS\" > \"${SCRIPT_OUTPUT_FILE_0}\"\n";
			showEnvVarsInLog = 0;
		};
		B7552944269C5179005D5EB5 /* ShellScript */ = {
			isa = PBXShellScriptBuildPhase;
			buildActionMask = 2147483647;
			files = (
			);
			inputFileListPaths = (
			);
			inputPaths = (
			);
			outputFileListPaths = (
			);
			outputPaths = (
			);
			runOnlyForDeploymentPostprocessing = 0;
			shellPath = /bin/sh;
			shellScript = "buildNumber=$(date +%Y%m%d%H%M)\n/usr/libexec/PlistBuddy -c \"Set :CFBundleVersion $buildNumber\" \"${PROJECT_DIR}/${INFOPLIST_FILE}\"\n";
		};
/* End PBXShellScriptBuildPhase section */

/* Begin PBXSourcesBuildPhase section */
		B7F69CA0268EB21E00B01223 /* Sources */ = {
			isa = PBXSourcesBuildPhase;
			buildActionMask = 2147483647;
			files = (
				B75E629B2696A003003E1ADA /* BouncesContentView.swift in Sources */,
				B75E629F2696ADB6003E1ADA /* IrregularityContentView.swift in Sources */,
				B7F69CA8268EB21E00B01223 /* AppDelegate.swift in Sources */,
				B75E629D2696A062003E1ADA /* BasicContentView.swift in Sources */,
			);
			runOnlyForDeploymentPostprocessing = 0;
		};
/* End PBXSourcesBuildPhase section */

/* Begin PBXVariantGroup section */
		B7F69CB2268EB22000B01223 /* LaunchScreen.storyboard */ = {
			isa = PBXVariantGroup;
			children = (
				B7F69CB3268EB22000B01223 /* Base */,
			);
			name = LaunchScreen.storyboard;
			sourceTree = "<group>";
		};
/* End PBXVariantGroup section */

/* Begin XCBuildConfiguration section */
		B75E62E526997702003E1ADA /* Debug (Staging) */ = {
			isa = XCBuildConfiguration;
			baseConfigurationReference = B75E62EF269978DA003E1ADA /* Staging.xcconfig */;
			buildSettings = {
				ALWAYS_SEARCH_USER_PATHS = NO;
				CLANG_ANALYZER_NONNULL = YES;
				CLANG_ANALYZER_NUMBER_OBJECT_CONVERSION = YES_AGGRESSIVE;
				CLANG_CXX_LANGUAGE_STANDARD = "gnu++14";
				CLANG_CXX_LIBRARY = "libc++";
				CLANG_ENABLE_MODULES = YES;
				CLANG_ENABLE_OBJC_ARC = YES;
				CLANG_ENABLE_OBJC_WEAK = YES;
				CLANG_WARN_BLOCK_CAPTURE_AUTORELEASING = YES;
				CLANG_WARN_BOOL_CONVERSION = YES;
				CLANG_WARN_COMMA = YES;
				CLANG_WARN_CONSTANT_CONVERSION = YES;
				CLANG_WARN_DEPRECATED_OBJC_IMPLEMENTATIONS = YES;
				CLANG_WARN_DIRECT_OBJC_ISA_USAGE = YES_ERROR;
				CLANG_WARN_DOCUMENTATION_COMMENTS = YES;
				CLANG_WARN_EMPTY_BODY = YES;
				CLANG_WARN_ENUM_CONVERSION = YES;
				CLANG_WARN_INFINITE_RECURSION = YES;
				CLANG_WARN_INT_CONVERSION = YES;
				CLANG_WARN_NON_LITERAL_NULL_CONVERSION = YES;
				CLANG_WARN_OBJC_IMPLICIT_RETAIN_SELF = YES;
				CLANG_WARN_OBJC_LITERAL_CONVERSION = YES;
				CLANG_WARN_OBJC_ROOT_CLASS = YES_ERROR;
				CLANG_WARN_QUOTED_INCLUDE_IN_FRAMEWORK_HEADER = YES;
				CLANG_WARN_RANGE_LOOP_ANALYSIS = YES;
				CLANG_WARN_STRICT_PROTOTYPES = YES;
				CLANG_WARN_SUSPICIOUS_MOVE = YES;
				CLANG_WARN_UNGUARDED_AVAILABILITY = YES_AGGRESSIVE;
				CLANG_WARN_UNREACHABLE_CODE = YES;
				CLANG_WARN__DUPLICATE_METHOD_MATCH = YES;
				COPY_PHASE_STRIP = NO;
				DEBUG_INFORMATION_FORMAT = dwarf;
				ENABLE_STRICT_OBJC_MSGSEND = YES;
				ENABLE_TESTABILITY = YES;
				GCC_C_LANGUAGE_STANDARD = gnu11;
				GCC_DYNAMIC_NO_PIC = NO;
				GCC_NO_COMMON_BLOCKS = YES;
				GCC_OPTIMIZATION_LEVEL = 0;
				GCC_PREPROCESSOR_DEFINITIONS = (
					"DEBUG=1",
					"$(inherited)",
				);
				GCC_WARN_64_TO_32_BIT_CONVERSION = YES;
				GCC_WARN_ABOUT_RETURN_TYPE = YES_ERROR;
				GCC_WARN_UNDECLARED_SELECTOR = YES;
				GCC_WARN_UNINITIALIZED_AUTOS = YES_AGGRESSIVE;
				GCC_WARN_UNUSED_FUNCTION = YES;
				GCC_WARN_UNUSED_VARIABLE = YES;
				IPHONEOS_DEPLOYMENT_TARGET = 13.0;
				MTL_ENABLE_DEBUG_INFO = INCLUDE_SOURCE;
				MTL_FAST_MATH = YES;
				ONLY_ACTIVE_ARCH = YES;
				SDKROOT = iphoneos;
				SWIFT_ACTIVE_COMPILATION_CONDITIONS = DEBUG;
				SWIFT_OPTIMIZATION_LEVEL = "-Onone";
			};
			name = "Debug (Staging)";
		};
		B75E62E626997702003E1ADA /* Debug (Staging) */ = {
			isa = XCBuildConfiguration;
			baseConfigurationReference = B75E62EF269978DA003E1ADA /* Staging.xcconfig */;
			buildSettings = {
				ASSETCATALOG_COMPILER_APPICON_NAME = "AppIcon-Stg";
				ASSETCATALOG_COMPILER_GLOBAL_ACCENT_COLOR_NAME = AccentColor;
				CODE_SIGN_IDENTITY = "iPhone Developer";
				CODE_SIGN_STYLE = Manual;
				CURRENT_PROJECT_VERSION = 1;
				DEVELOPMENT_TEAM = LT4X78Q64A;
				EXCLUDED_ARCHS = "";
				INFOPLIST_FILE = "Castcle-iOS/Info.plist";
				IPHONEOS_DEPLOYMENT_TARGET = 13.0;
				LD_RUNPATH_SEARCH_PATHS = (
					"$(inherited)",
					"@executable_path/Frameworks",
				);
				MARKETING_VERSION = "$(APP_VERSION)";
				PRODUCT_BUNDLE_IDENTIFIER = "$(APP_BUNDLE_ID)";
				PRODUCT_NAME = "$(APP_NAME)";
				PROVISIONING_PROFILE_SPECIFIER = Wildcard;
				SWIFT_VERSION = 5.0;
				TARGETED_DEVICE_FAMILY = "1,2";
			};
			name = "Debug (Staging)";
		};
		B75E62E726997707003E1ADA /* Debug (Development) */ = {
			isa = XCBuildConfiguration;
			baseConfigurationReference = B75E62EE269978CA003E1ADA /* Development.xcconfig */;
			buildSettings = {
				ALWAYS_SEARCH_USER_PATHS = NO;
				CLANG_ANALYZER_NONNULL = YES;
				CLANG_ANALYZER_NUMBER_OBJECT_CONVERSION = YES_AGGRESSIVE;
				CLANG_CXX_LANGUAGE_STANDARD = "gnu++14";
				CLANG_CXX_LIBRARY = "libc++";
				CLANG_ENABLE_MODULES = YES;
				CLANG_ENABLE_OBJC_ARC = YES;
				CLANG_ENABLE_OBJC_WEAK = YES;
				CLANG_WARN_BLOCK_CAPTURE_AUTORELEASING = YES;
				CLANG_WARN_BOOL_CONVERSION = YES;
				CLANG_WARN_COMMA = YES;
				CLANG_WARN_CONSTANT_CONVERSION = YES;
				CLANG_WARN_DEPRECATED_OBJC_IMPLEMENTATIONS = YES;
				CLANG_WARN_DIRECT_OBJC_ISA_USAGE = YES_ERROR;
				CLANG_WARN_DOCUMENTATION_COMMENTS = YES;
				CLANG_WARN_EMPTY_BODY = YES;
				CLANG_WARN_ENUM_CONVERSION = YES;
				CLANG_WARN_INFINITE_RECURSION = YES;
				CLANG_WARN_INT_CONVERSION = YES;
				CLANG_WARN_NON_LITERAL_NULL_CONVERSION = YES;
				CLANG_WARN_OBJC_IMPLICIT_RETAIN_SELF = YES;
				CLANG_WARN_OBJC_LITERAL_CONVERSION = YES;
				CLANG_WARN_OBJC_ROOT_CLASS = YES_ERROR;
				CLANG_WARN_QUOTED_INCLUDE_IN_FRAMEWORK_HEADER = YES;
				CLANG_WARN_RANGE_LOOP_ANALYSIS = YES;
				CLANG_WARN_STRICT_PROTOTYPES = YES;
				CLANG_WARN_SUSPICIOUS_MOVE = YES;
				CLANG_WARN_UNGUARDED_AVAILABILITY = YES_AGGRESSIVE;
				CLANG_WARN_UNREACHABLE_CODE = YES;
				CLANG_WARN__DUPLICATE_METHOD_MATCH = YES;
				COPY_PHASE_STRIP = NO;
				DEBUG_INFORMATION_FORMAT = dwarf;
				ENABLE_STRICT_OBJC_MSGSEND = YES;
				ENABLE_TESTABILITY = YES;
				GCC_C_LANGUAGE_STANDARD = gnu11;
				GCC_DYNAMIC_NO_PIC = NO;
				GCC_NO_COMMON_BLOCKS = YES;
				GCC_OPTIMIZATION_LEVEL = 0;
				GCC_PREPROCESSOR_DEFINITIONS = (
					"DEBUG=1",
					"$(inherited)",
				);
				GCC_WARN_64_TO_32_BIT_CONVERSION = YES;
				GCC_WARN_ABOUT_RETURN_TYPE = YES_ERROR;
				GCC_WARN_UNDECLARED_SELECTOR = YES;
				GCC_WARN_UNINITIALIZED_AUTOS = YES_AGGRESSIVE;
				GCC_WARN_UNUSED_FUNCTION = YES;
				GCC_WARN_UNUSED_VARIABLE = YES;
				IPHONEOS_DEPLOYMENT_TARGET = 13.0;
				MTL_ENABLE_DEBUG_INFO = INCLUDE_SOURCE;
				MTL_FAST_MATH = YES;
				ONLY_ACTIVE_ARCH = YES;
				SDKROOT = iphoneos;
				SWIFT_ACTIVE_COMPILATION_CONDITIONS = DEBUG;
				SWIFT_OPTIMIZATION_LEVEL = "-Onone";
			};
			name = "Debug (Development)";
		};
		B75E62E826997707003E1ADA /* Debug (Development) */ = {
			isa = XCBuildConfiguration;
			baseConfigurationReference = B75E62EE269978CA003E1ADA /* Development.xcconfig */;
			buildSettings = {
				ASSETCATALOG_COMPILER_APPICON_NAME = "AppIcon-Dev";
				ASSETCATALOG_COMPILER_GLOBAL_ACCENT_COLOR_NAME = AccentColor;
				CODE_SIGN_IDENTITY = "iPhone Distribution";
				CODE_SIGN_STYLE = Manual;
				CURRENT_PROJECT_VERSION = 1;
				DEVELOPMENT_TEAM = LT4X78Q64A;
				EXCLUDED_ARCHS = "";
				INFOPLIST_FILE = "Castcle-iOS/Info.plist";
				IPHONEOS_DEPLOYMENT_TARGET = 13.0;
				LD_RUNPATH_SEARCH_PATHS = (
					"$(inherited)",
					"@executable_path/Frameworks",
				);
				MARKETING_VERSION = "$(APP_VERSION)";
				PRODUCT_BUNDLE_IDENTIFIER = "$(APP_BUNDLE_ID)";
				PRODUCT_NAME = "$(APP_NAME)";
				PROVISIONING_PROFILE_SPECIFIER = "CC Dev Ad Hoc";
				SWIFT_VERSION = 5.0;
				TARGETED_DEVICE_FAMILY = "1,2";
			};
			name = "Debug (Development)";
		};
		B75E62E92699770B003E1ADA /* Release (Staging) */ = {
			isa = XCBuildConfiguration;
			baseConfigurationReference = B75E62EF269978DA003E1ADA /* Staging.xcconfig */;
			buildSettings = {
				ALWAYS_SEARCH_USER_PATHS = NO;
				CLANG_ANALYZER_NONNULL = YES;
				CLANG_ANALYZER_NUMBER_OBJECT_CONVERSION = YES_AGGRESSIVE;
				CLANG_CXX_LANGUAGE_STANDARD = "gnu++14";
				CLANG_CXX_LIBRARY = "libc++";
				CLANG_ENABLE_MODULES = YES;
				CLANG_ENABLE_OBJC_ARC = YES;
				CLANG_ENABLE_OBJC_WEAK = YES;
				CLANG_WARN_BLOCK_CAPTURE_AUTORELEASING = YES;
				CLANG_WARN_BOOL_CONVERSION = YES;
				CLANG_WARN_COMMA = YES;
				CLANG_WARN_CONSTANT_CONVERSION = YES;
				CLANG_WARN_DEPRECATED_OBJC_IMPLEMENTATIONS = YES;
				CLANG_WARN_DIRECT_OBJC_ISA_USAGE = YES_ERROR;
				CLANG_WARN_DOCUMENTATION_COMMENTS = YES;
				CLANG_WARN_EMPTY_BODY = YES;
				CLANG_WARN_ENUM_CONVERSION = YES;
				CLANG_WARN_INFINITE_RECURSION = YES;
				CLANG_WARN_INT_CONVERSION = YES;
				CLANG_WARN_NON_LITERAL_NULL_CONVERSION = YES;
				CLANG_WARN_OBJC_IMPLICIT_RETAIN_SELF = YES;
				CLANG_WARN_OBJC_LITERAL_CONVERSION = YES;
				CLANG_WARN_OBJC_ROOT_CLASS = YES_ERROR;
				CLANG_WARN_QUOTED_INCLUDE_IN_FRAMEWORK_HEADER = YES;
				CLANG_WARN_RANGE_LOOP_ANALYSIS = YES;
				CLANG_WARN_STRICT_PROTOTYPES = YES;
				CLANG_WARN_SUSPICIOUS_MOVE = YES;
				CLANG_WARN_UNGUARDED_AVAILABILITY = YES_AGGRESSIVE;
				CLANG_WARN_UNREACHABLE_CODE = YES;
				CLANG_WARN__DUPLICATE_METHOD_MATCH = YES;
				COPY_PHASE_STRIP = NO;
				DEBUG_INFORMATION_FORMAT = "dwarf-with-dsym";
				ENABLE_NS_ASSERTIONS = NO;
				ENABLE_STRICT_OBJC_MSGSEND = YES;
				GCC_C_LANGUAGE_STANDARD = gnu11;
				GCC_NO_COMMON_BLOCKS = YES;
				GCC_WARN_64_TO_32_BIT_CONVERSION = YES;
				GCC_WARN_ABOUT_RETURN_TYPE = YES_ERROR;
				GCC_WARN_UNDECLARED_SELECTOR = YES;
				GCC_WARN_UNINITIALIZED_AUTOS = YES_AGGRESSIVE;
				GCC_WARN_UNUSED_FUNCTION = YES;
				GCC_WARN_UNUSED_VARIABLE = YES;
				IPHONEOS_DEPLOYMENT_TARGET = 13.0;
				MTL_ENABLE_DEBUG_INFO = NO;
				MTL_FAST_MATH = YES;
				SDKROOT = iphoneos;
				SWIFT_COMPILATION_MODE = wholemodule;
				SWIFT_OPTIMIZATION_LEVEL = "-O";
				VALIDATE_PRODUCT = YES;
			};
			name = "Release (Staging)";
		};
		B75E62EA2699770B003E1ADA /* Release (Staging) */ = {
			isa = XCBuildConfiguration;
			baseConfigurationReference = B75E62EF269978DA003E1ADA /* Staging.xcconfig */;
			buildSettings = {
				ASSETCATALOG_COMPILER_APPICON_NAME = "AppIcon-Stg";
				ASSETCATALOG_COMPILER_GLOBAL_ACCENT_COLOR_NAME = AccentColor;
				CODE_SIGN_IDENTITY = "iPhone Developer";
				CODE_SIGN_STYLE = Manual;
				CURRENT_PROJECT_VERSION = 1;
				DEVELOPMENT_TEAM = LT4X78Q64A;
				EXCLUDED_ARCHS = "";
				INFOPLIST_FILE = "Castcle-iOS/Info.plist";
				IPHONEOS_DEPLOYMENT_TARGET = 13.0;
				LD_RUNPATH_SEARCH_PATHS = (
					"$(inherited)",
					"@executable_path/Frameworks",
				);
				MARKETING_VERSION = "$(APP_VERSION)";
				PRODUCT_BUNDLE_IDENTIFIER = "$(APP_BUNDLE_ID)";
				PRODUCT_NAME = "$(APP_NAME)";
				PROVISIONING_PROFILE_SPECIFIER = Wildcard;
				SWIFT_VERSION = 5.0;
				TARGETED_DEVICE_FAMILY = "1,2";
			};
			name = "Release (Staging)";
		};
		B75E62EB2699770E003E1ADA /* Release (Development) */ = {
			isa = XCBuildConfiguration;
			baseConfigurationReference = B75E62EE269978CA003E1ADA /* Development.xcconfig */;
			buildSettings = {
				ALWAYS_SEARCH_USER_PATHS = NO;
				CLANG_ANALYZER_NONNULL = YES;
				CLANG_ANALYZER_NUMBER_OBJECT_CONVERSION = YES_AGGRESSIVE;
				CLANG_CXX_LANGUAGE_STANDARD = "gnu++14";
				CLANG_CXX_LIBRARY = "libc++";
				CLANG_ENABLE_MODULES = YES;
				CLANG_ENABLE_OBJC_ARC = YES;
				CLANG_ENABLE_OBJC_WEAK = YES;
				CLANG_WARN_BLOCK_CAPTURE_AUTORELEASING = YES;
				CLANG_WARN_BOOL_CONVERSION = YES;
				CLANG_WARN_COMMA = YES;
				CLANG_WARN_CONSTANT_CONVERSION = YES;
				CLANG_WARN_DEPRECATED_OBJC_IMPLEMENTATIONS = YES;
				CLANG_WARN_DIRECT_OBJC_ISA_USAGE = YES_ERROR;
				CLANG_WARN_DOCUMENTATION_COMMENTS = YES;
				CLANG_WARN_EMPTY_BODY = YES;
				CLANG_WARN_ENUM_CONVERSION = YES;
				CLANG_WARN_INFINITE_RECURSION = YES;
				CLANG_WARN_INT_CONVERSION = YES;
				CLANG_WARN_NON_LITERAL_NULL_CONVERSION = YES;
				CLANG_WARN_OBJC_IMPLICIT_RETAIN_SELF = YES;
				CLANG_WARN_OBJC_LITERAL_CONVERSION = YES;
				CLANG_WARN_OBJC_ROOT_CLASS = YES_ERROR;
				CLANG_WARN_QUOTED_INCLUDE_IN_FRAMEWORK_HEADER = YES;
				CLANG_WARN_RANGE_LOOP_ANALYSIS = YES;
				CLANG_WARN_STRICT_PROTOTYPES = YES;
				CLANG_WARN_SUSPICIOUS_MOVE = YES;
				CLANG_WARN_UNGUARDED_AVAILABILITY = YES_AGGRESSIVE;
				CLANG_WARN_UNREACHABLE_CODE = YES;
				CLANG_WARN__DUPLICATE_METHOD_MATCH = YES;
				COPY_PHASE_STRIP = NO;
				DEBUG_INFORMATION_FORMAT = "dwarf-with-dsym";
				ENABLE_NS_ASSERTIONS = NO;
				ENABLE_STRICT_OBJC_MSGSEND = YES;
				GCC_C_LANGUAGE_STANDARD = gnu11;
				GCC_NO_COMMON_BLOCKS = YES;
				GCC_WARN_64_TO_32_BIT_CONVERSION = YES;
				GCC_WARN_ABOUT_RETURN_TYPE = YES_ERROR;
				GCC_WARN_UNDECLARED_SELECTOR = YES;
				GCC_WARN_UNINITIALIZED_AUTOS = YES_AGGRESSIVE;
				GCC_WARN_UNUSED_FUNCTION = YES;
				GCC_WARN_UNUSED_VARIABLE = YES;
				IPHONEOS_DEPLOYMENT_TARGET = 13.0;
				MTL_ENABLE_DEBUG_INFO = NO;
				MTL_FAST_MATH = YES;
				SDKROOT = iphoneos;
				SWIFT_COMPILATION_MODE = wholemodule;
				SWIFT_OPTIMIZATION_LEVEL = "-O";
				VALIDATE_PRODUCT = YES;
			};
			name = "Release (Development)";
		};
		B75E62EC2699770E003E1ADA /* Release (Development) */ = {
			isa = XCBuildConfiguration;
			baseConfigurationReference = B75E62EE269978CA003E1ADA /* Development.xcconfig */;
			buildSettings = {
				ASSETCATALOG_COMPILER_APPICON_NAME = "AppIcon-Dev";
				ASSETCATALOG_COMPILER_GLOBAL_ACCENT_COLOR_NAME = AccentColor;
				CODE_SIGN_IDENTITY = "iPhone Distribution";
				CODE_SIGN_STYLE = Manual;
				CURRENT_PROJECT_VERSION = 1;
				DEVELOPMENT_TEAM = LT4X78Q64A;
				EXCLUDED_ARCHS = "";
				INFOPLIST_FILE = "Castcle-iOS/Info.plist";
				IPHONEOS_DEPLOYMENT_TARGET = 13.0;
				LD_RUNPATH_SEARCH_PATHS = (
					"$(inherited)",
					"@executable_path/Frameworks",
				);
				MARKETING_VERSION = "$(APP_VERSION)";
				PRODUCT_BUNDLE_IDENTIFIER = "$(APP_BUNDLE_ID)";
				PRODUCT_NAME = "$(APP_NAME)";
				PROVISIONING_PROFILE_SPECIFIER = "CC Dev Ad Hoc";
				SWIFT_VERSION = 5.0;
				TARGETED_DEVICE_FAMILY = "1,2";
			};
			name = "Release (Development)";
		};
		B7F69CB6268EB22000B01223 /* Debug (Production) */ = {
			isa = XCBuildConfiguration;
			baseConfigurationReference = B75E62F0269978ED003E1ADA /* Production.xcconfig */;
			buildSettings = {
				ALWAYS_SEARCH_USER_PATHS = NO;
				CLANG_ANALYZER_NONNULL = YES;
				CLANG_ANALYZER_NUMBER_OBJECT_CONVERSION = YES_AGGRESSIVE;
				CLANG_CXX_LANGUAGE_STANDARD = "gnu++14";
				CLANG_CXX_LIBRARY = "libc++";
				CLANG_ENABLE_MODULES = YES;
				CLANG_ENABLE_OBJC_ARC = YES;
				CLANG_ENABLE_OBJC_WEAK = YES;
				CLANG_WARN_BLOCK_CAPTURE_AUTORELEASING = YES;
				CLANG_WARN_BOOL_CONVERSION = YES;
				CLANG_WARN_COMMA = YES;
				CLANG_WARN_CONSTANT_CONVERSION = YES;
				CLANG_WARN_DEPRECATED_OBJC_IMPLEMENTATIONS = YES;
				CLANG_WARN_DIRECT_OBJC_ISA_USAGE = YES_ERROR;
				CLANG_WARN_DOCUMENTATION_COMMENTS = YES;
				CLANG_WARN_EMPTY_BODY = YES;
				CLANG_WARN_ENUM_CONVERSION = YES;
				CLANG_WARN_INFINITE_RECURSION = YES;
				CLANG_WARN_INT_CONVERSION = YES;
				CLANG_WARN_NON_LITERAL_NULL_CONVERSION = YES;
				CLANG_WARN_OBJC_IMPLICIT_RETAIN_SELF = YES;
				CLANG_WARN_OBJC_LITERAL_CONVERSION = YES;
				CLANG_WARN_OBJC_ROOT_CLASS = YES_ERROR;
				CLANG_WARN_QUOTED_INCLUDE_IN_FRAMEWORK_HEADER = YES;
				CLANG_WARN_RANGE_LOOP_ANALYSIS = YES;
				CLANG_WARN_STRICT_PROTOTYPES = YES;
				CLANG_WARN_SUSPICIOUS_MOVE = YES;
				CLANG_WARN_UNGUARDED_AVAILABILITY = YES_AGGRESSIVE;
				CLANG_WARN_UNREACHABLE_CODE = YES;
				CLANG_WARN__DUPLICATE_METHOD_MATCH = YES;
				COPY_PHASE_STRIP = NO;
				DEBUG_INFORMATION_FORMAT = dwarf;
				ENABLE_STRICT_OBJC_MSGSEND = YES;
				ENABLE_TESTABILITY = YES;
				GCC_C_LANGUAGE_STANDARD = gnu11;
				GCC_DYNAMIC_NO_PIC = NO;
				GCC_NO_COMMON_BLOCKS = YES;
				GCC_OPTIMIZATION_LEVEL = 0;
				GCC_PREPROCESSOR_DEFINITIONS = (
					"DEBUG=1",
					"$(inherited)",
				);
				GCC_WARN_64_TO_32_BIT_CONVERSION = YES;
				GCC_WARN_ABOUT_RETURN_TYPE = YES_ERROR;
				GCC_WARN_UNDECLARED_SELECTOR = YES;
				GCC_WARN_UNINITIALIZED_AUTOS = YES_AGGRESSIVE;
				GCC_WARN_UNUSED_FUNCTION = YES;
				GCC_WARN_UNUSED_VARIABLE = YES;
				IPHONEOS_DEPLOYMENT_TARGET = 13.0;
				MTL_ENABLE_DEBUG_INFO = INCLUDE_SOURCE;
				MTL_FAST_MATH = YES;
				ONLY_ACTIVE_ARCH = YES;
				SDKROOT = iphoneos;
				SWIFT_ACTIVE_COMPILATION_CONDITIONS = DEBUG;
				SWIFT_OPTIMIZATION_LEVEL = "-Onone";
			};
			name = "Debug (Production)";
		};
		B7F69CB7268EB22000B01223 /* Release (Production) */ = {
			isa = XCBuildConfiguration;
			baseConfigurationReference = B75E62F0269978ED003E1ADA /* Production.xcconfig */;
			buildSettings = {
				ALWAYS_SEARCH_USER_PATHS = NO;
				CLANG_ANALYZER_NONNULL = YES;
				CLANG_ANALYZER_NUMBER_OBJECT_CONVERSION = YES_AGGRESSIVE;
				CLANG_CXX_LANGUAGE_STANDARD = "gnu++14";
				CLANG_CXX_LIBRARY = "libc++";
				CLANG_ENABLE_MODULES = YES;
				CLANG_ENABLE_OBJC_ARC = YES;
				CLANG_ENABLE_OBJC_WEAK = YES;
				CLANG_WARN_BLOCK_CAPTURE_AUTORELEASING = YES;
				CLANG_WARN_BOOL_CONVERSION = YES;
				CLANG_WARN_COMMA = YES;
				CLANG_WARN_CONSTANT_CONVERSION = YES;
				CLANG_WARN_DEPRECATED_OBJC_IMPLEMENTATIONS = YES;
				CLANG_WARN_DIRECT_OBJC_ISA_USAGE = YES_ERROR;
				CLANG_WARN_DOCUMENTATION_COMMENTS = YES;
				CLANG_WARN_EMPTY_BODY = YES;
				CLANG_WARN_ENUM_CONVERSION = YES;
				CLANG_WARN_INFINITE_RECURSION = YES;
				CLANG_WARN_INT_CONVERSION = YES;
				CLANG_WARN_NON_LITERAL_NULL_CONVERSION = YES;
				CLANG_WARN_OBJC_IMPLICIT_RETAIN_SELF = YES;
				CLANG_WARN_OBJC_LITERAL_CONVERSION = YES;
				CLANG_WARN_OBJC_ROOT_CLASS = YES_ERROR;
				CLANG_WARN_QUOTED_INCLUDE_IN_FRAMEWORK_HEADER = YES;
				CLANG_WARN_RANGE_LOOP_ANALYSIS = YES;
				CLANG_WARN_STRICT_PROTOTYPES = YES;
				CLANG_WARN_SUSPICIOUS_MOVE = YES;
				CLANG_WARN_UNGUARDED_AVAILABILITY = YES_AGGRESSIVE;
				CLANG_WARN_UNREACHABLE_CODE = YES;
				CLANG_WARN__DUPLICATE_METHOD_MATCH = YES;
				COPY_PHASE_STRIP = NO;
				DEBUG_INFORMATION_FORMAT = "dwarf-with-dsym";
				ENABLE_NS_ASSERTIONS = NO;
				ENABLE_STRICT_OBJC_MSGSEND = YES;
				GCC_C_LANGUAGE_STANDARD = gnu11;
				GCC_NO_COMMON_BLOCKS = YES;
				GCC_WARN_64_TO_32_BIT_CONVERSION = YES;
				GCC_WARN_ABOUT_RETURN_TYPE = YES_ERROR;
				GCC_WARN_UNDECLARED_SELECTOR = YES;
				GCC_WARN_UNINITIALIZED_AUTOS = YES_AGGRESSIVE;
				GCC_WARN_UNUSED_FUNCTION = YES;
				GCC_WARN_UNUSED_VARIABLE = YES;
				IPHONEOS_DEPLOYMENT_TARGET = 13.0;
				MTL_ENABLE_DEBUG_INFO = NO;
				MTL_FAST_MATH = YES;
				SDKROOT = iphoneos;
				SWIFT_COMPILATION_MODE = wholemodule;
				SWIFT_OPTIMIZATION_LEVEL = "-O";
				VALIDATE_PRODUCT = YES;
			};
			name = "Release (Production)";
		};
		B7F69CB9268EB22000B01223 /* Debug (Production) */ = {
			isa = XCBuildConfiguration;
			baseConfigurationReference = B75E62F0269978ED003E1ADA /* Production.xcconfig */;
			buildSettings = {
				ASSETCATALOG_COMPILER_APPICON_NAME = AppIcon;
				ASSETCATALOG_COMPILER_GLOBAL_ACCENT_COLOR_NAME = AccentColor;
				CODE_SIGN_IDENTITY = "iPhone Developer";
				CODE_SIGN_STYLE = Manual;
				CURRENT_PROJECT_VERSION = 1;
				DEVELOPMENT_TEAM = LT4X78Q64A;
				EXCLUDED_ARCHS = "";
				INFOPLIST_FILE = "Castcle-iOS/Info.plist";
				IPHONEOS_DEPLOYMENT_TARGET = 13.0;
				LD_RUNPATH_SEARCH_PATHS = (
					"$(inherited)",
					"@executable_path/Frameworks",
				);
				MARKETING_VERSION = "$(APP_VERSION)";
				PRODUCT_BUNDLE_IDENTIFIER = "$(APP_BUNDLE_ID)";
				PRODUCT_NAME = "$(APP_NAME)";
				PROVISIONING_PROFILE_SPECIFIER = Wildcard;
				SWIFT_VERSION = 5.0;
				TARGETED_DEVICE_FAMILY = "1,2";
			};
			name = "Debug (Production)";
		};
		B7F69CBA268EB22000B01223 /* Release (Production) */ = {
			isa = XCBuildConfiguration;
			baseConfigurationReference = B75E62F0269978ED003E1ADA /* Production.xcconfig */;
			buildSettings = {
				ASSETCATALOG_COMPILER_APPICON_NAME = AppIcon;
				ASSETCATALOG_COMPILER_GLOBAL_ACCENT_COLOR_NAME = AccentColor;
				CODE_SIGN_IDENTITY = "iPhone Developer";
				CODE_SIGN_STYLE = Manual;
				CURRENT_PROJECT_VERSION = 1;
				DEVELOPMENT_TEAM = LT4X78Q64A;
				EXCLUDED_ARCHS = "";
				INFOPLIST_FILE = "Castcle-iOS/Info.plist";
				IPHONEOS_DEPLOYMENT_TARGET = 13.0;
				LD_RUNPATH_SEARCH_PATHS = (
					"$(inherited)",
					"@executable_path/Frameworks",
				);
				MARKETING_VERSION = "$(APP_VERSION)";
				PRODUCT_BUNDLE_IDENTIFIER = "$(APP_BUNDLE_ID)";
				PRODUCT_NAME = "$(APP_NAME)";
				PROVISIONING_PROFILE_SPECIFIER = Wildcard;
				SWIFT_VERSION = 5.0;
				TARGETED_DEVICE_FAMILY = "1,2";
			};
			name = "Release (Production)";
		};
/* End XCBuildConfiguration section */

/* Begin XCConfigurationList section */
		B7F69C9F268EB21E00B01223 /* Build configuration list for PBXProject "Castcle-iOS" */ = {
			isa = XCConfigurationList;
			buildConfigurations = (
				B7F69CB6268EB22000B01223 /* Debug (Production) */,
				B75E62E526997702003E1ADA /* Debug (Staging) */,
				B75E62E726997707003E1ADA /* Debug (Development) */,
				B7F69CB7268EB22000B01223 /* Release (Production) */,
				B75E62E92699770B003E1ADA /* Release (Staging) */,
				B75E62EB2699770E003E1ADA /* Release (Development) */,
			);
			defaultConfigurationIsVisible = 0;
			defaultConfigurationName = "Release (Production)";
		};
		B7F69CB8268EB22000B01223 /* Build configuration list for PBXNativeTarget "Castcle-iOS" */ = {
			isa = XCConfigurationList;
			buildConfigurations = (
				B7F69CB9268EB22000B01223 /* Debug (Production) */,
				B75E62E626997702003E1ADA /* Debug (Staging) */,
				B75E62E826997707003E1ADA /* Debug (Development) */,
				B7F69CBA268EB22000B01223 /* Release (Production) */,
				B75E62EA2699770B003E1ADA /* Release (Staging) */,
				B75E62EC2699770E003E1ADA /* Release (Development) */,
			);
			defaultConfigurationIsVisible = 0;
			defaultConfigurationName = "Release (Production)";
		};
/* End XCConfigurationList section */

/* Begin XCRemoteSwiftPackageReference section */
		B7552927269C3F01005D5EB5 /* XCRemoteSwiftPackageReference "firebase-ios-sdk" */ = {
			isa = XCRemoteSwiftPackageReference;
			repositoryURL = "https://github.com/firebase/firebase-ios-sdk.git";
			requirement = {
				kind = upToNextMajorVersion;
				minimumVersion = 8.3.0;
			};
		};
		B75E627B26961A7F003E1ADA /* XCRemoteSwiftPackageReference "SwiftColor" */ = {
			isa = XCRemoteSwiftPackageReference;
			repositoryURL = "https://github.com/icodesign/SwiftColor.git";
			requirement = {
				kind = upToNextMajorVersion;
				minimumVersion = 1.6.0;
			};
		};
		B75E628926969C5D003E1ADA /* XCRemoteSwiftPackageReference "ESTabBarController" */ = {
			isa = XCRemoteSwiftPackageReference;
			repositoryURL = "https://github.com/eggswift/ESTabBarController.git";
			requirement = {
				kind = upToNextMajorVersion;
				minimumVersion = 2.9.0;
			};
		};
		B7928165269420B5000ED84A /* XCRemoteSwiftPackageReference "Defaults" */ = {
			isa = XCRemoteSwiftPackageReference;
			repositoryURL = "https://github.com/sindresorhus/Defaults";
			requirement = {
				kind = upToNextMajorVersion;
				minimumVersion = 5.0.0;
			};
		};
/* End XCRemoteSwiftPackageReference section */

/* Begin XCSwiftPackageProductDependency section */
		B7552928269C3F01005D5EB5 /* FirebaseAnalytics */ = {
			isa = XCSwiftPackageProductDependency;
			package = B7552927269C3F01005D5EB5 /* XCRemoteSwiftPackageReference "firebase-ios-sdk" */;
			productName = FirebaseAnalytics;
		};
		B75E627C26961A7F003E1ADA /* SwiftColor */ = {
			isa = XCSwiftPackageProductDependency;
			package = B75E627B26961A7F003E1ADA /* XCRemoteSwiftPackageReference "SwiftColor" */;
			productName = SwiftColor;
		};
		B75E628A26969C5D003E1ADA /* ESTabBarController */ = {
			isa = XCSwiftPackageProductDependency;
			package = B75E628926969C5D003E1ADA /* XCRemoteSwiftPackageReference "ESTabBarController" */;
			productName = ESTabBarController;
		};
		B7928166269420B5000ED84A /* Defaults */ = {
			isa = XCSwiftPackageProductDependency;
			package = B7928165269420B5000ED84A /* XCRemoteSwiftPackageReference "Defaults" */;
			productName = Defaults;
		};
/* End XCSwiftPackageProductDependency section */
	};
	rootObject = B7F69C9C268EB21E00B01223 /* Project object */;
}
