// !$*UTF8*$!
{
	archiveVersion = 1;
	classes = {
	};
	objectVersion = 51;
	objects = {

/* Begin PBXBuildFile section */
		1A3307605E4BDA7A70ACB166 /* Pods_Castcle_iOS.framework in Frameworks */ = {isa = PBXBuildFile; fileRef = 8EBDEA5622E4EB149926831E /* Pods_Castcle_iOS.framework */; };
		B74CEF1F26C50760006B1F2C /* Networking.framework in Frameworks */ = {isa = PBXBuildFile; fileRef = B74CEF1E26C50760006B1F2C /* Networking.framework */; };
		B74CEF2026C50760006B1F2C /* Networking.framework in Embed Frameworks */ = {isa = PBXBuildFile; fileRef = B74CEF1E26C50760006B1F2C /* Networking.framework */; settings = {ATTRIBUTES = (CodeSignOnCopy, RemoveHeadersOnCopy, ); }; };
		B7552904269C0E63005D5EB5 /* README.md in Resources */ = {isa = PBXBuildFile; fileRef = B7552902269C0E63005D5EB5 /* README.md */; };
		B75E628726969B04003E1ADA /* Component.framework in Frameworks */ = {isa = PBXBuildFile; fileRef = B75E628626969B04003E1ADA /* Component.framework */; };
		B75E628826969B04003E1ADA /* Component.framework in Embed Frameworks */ = {isa = PBXBuildFile; fileRef = B75E628626969B04003E1ADA /* Component.framework */; settings = {ATTRIBUTES = (CodeSignOnCopy, RemoveHeadersOnCopy, ); }; };
		B75E629B2696A003003E1ADA /* BouncesContentView.swift in Sources */ = {isa = PBXBuildFile; fileRef = B75E629A2696A003003E1ADA /* BouncesContentView.swift */; };
		B75E629D2696A062003E1ADA /* BasicContentView.swift in Sources */ = {isa = PBXBuildFile; fileRef = B75E629C2696A062003E1ADA /* BasicContentView.swift */; };
		B75E629F2696ADB6003E1ADA /* IrregularityContentView.swift in Sources */ = {isa = PBXBuildFile; fileRef = B75E629E2696ADB5003E1ADA /* IrregularityContentView.swift */; };
		B7910E0E26B12FE60097C94E /* Authen.framework in Frameworks */ = {isa = PBXBuildFile; fileRef = B7910E0D26B12FE60097C94E /* Authen.framework */; };
		B7910E0F26B12FE60097C94E /* Authen.framework in Embed Frameworks */ = {isa = PBXBuildFile; fileRef = B7910E0D26B12FE60097C94E /* Authen.framework */; settings = {ATTRIBUTES = (CodeSignOnCopy, RemoveHeadersOnCopy, ); }; };
		B7910E1126B12FEF0097C94E /* Profile.framework in Frameworks */ = {isa = PBXBuildFile; fileRef = B7910E1026B12FEF0097C94E /* Profile.framework */; };
		B7910E1226B12FEF0097C94E /* Profile.framework in Embed Frameworks */ = {isa = PBXBuildFile; fileRef = B7910E1026B12FEF0097C94E /* Profile.framework */; settings = {ATTRIBUTES = (CodeSignOnCopy, RemoveHeadersOnCopy, ); }; };
		B792811C268EC784000ED84A /* Core.framework in Frameworks */ = {isa = PBXBuildFile; fileRef = B792811B268EC784000ED84A /* Core.framework */; };
		B792811D268EC784000ED84A /* Core.framework in Embed Frameworks */ = {isa = PBXBuildFile; fileRef = B792811B268EC784000ED84A /* Core.framework */; settings = {ATTRIBUTES = (CodeSignOnCopy, RemoveHeadersOnCopy, ); }; };
		B79281B4269455D1000ED84A /* Feed.framework in Frameworks */ = {isa = PBXBuildFile; fileRef = B79281B2269455D1000ED84A /* Feed.framework */; };
		B79281B5269455D1000ED84A /* Feed.framework in Embed Frameworks */ = {isa = PBXBuildFile; fileRef = B79281B2269455D1000ED84A /* Feed.framework */; settings = {ATTRIBUTES = (CodeSignOnCopy, RemoveHeadersOnCopy, ); }; };
		B79281B6269455D1000ED84A /* Search.framework in Frameworks */ = {isa = PBXBuildFile; fileRef = B79281B3269455D1000ED84A /* Search.framework */; };
		B79281B7269455D1000ED84A /* Search.framework in Embed Frameworks */ = {isa = PBXBuildFile; fileRef = B79281B3269455D1000ED84A /* Search.framework */; settings = {ATTRIBUTES = (CodeSignOnCopy, RemoveHeadersOnCopy, ); }; };
		B7B1E39A26A141C8006E2FF6 /* GoogleService-Info-Dev.plist in Resources */ = {isa = PBXBuildFile; fileRef = B7552914269C1E8A005D5EB5 /* GoogleService-Info-Dev.plist */; };
		B7B1E39B26A141C8006E2FF6 /* GoogleService-Info-Stg.plist in Resources */ = {isa = PBXBuildFile; fileRef = B7552916269C1F38005D5EB5 /* GoogleService-Info-Stg.plist */; };
		B7B1E39C26A141C8006E2FF6 /* GoogleService-Info.plist in Resources */ = {isa = PBXBuildFile; fileRef = B7552901269C0E63005D5EB5 /* GoogleService-Info.plist */; };
		B7C2524B26C84B8700ACBB84 /* Post.framework in Frameworks */ = {isa = PBXBuildFile; fileRef = B7C2524A26C84B8700ACBB84 /* Post.framework */; };
		B7C2524C26C84B8700ACBB84 /* Post.framework in Embed Frameworks */ = {isa = PBXBuildFile; fileRef = B7C2524A26C84B8700ACBB84 /* Post.framework */; settings = {ATTRIBUTES = (CodeSignOnCopy, RemoveHeadersOnCopy, ); }; };
		B7C252D926D3964D00ACBB84 /* Setting.framework in Frameworks */ = {isa = PBXBuildFile; fileRef = B7C252D826D3964D00ACBB84 /* Setting.framework */; };
		B7C252DA26D3964D00ACBB84 /* Setting.framework in Embed Frameworks */ = {isa = PBXBuildFile; fileRef = B7C252D826D3964D00ACBB84 /* Setting.framework */; settings = {ATTRIBUTES = (CodeSignOnCopy, RemoveHeadersOnCopy, ); }; };
		B7F69CA8268EB21E00B01223 /* AppDelegate.swift in Sources */ = {isa = PBXBuildFile; fileRef = B7F69CA7268EB21E00B01223 /* AppDelegate.swift */; };
		B7F69CB1268EB22000B01223 /* Assets.xcassets in Resources */ = {isa = PBXBuildFile; fileRef = B7F69CB0268EB22000B01223 /* Assets.xcassets */; };
		B7F69CB4268EB22000B01223 /* LaunchScreen.storyboard in Resources */ = {isa = PBXBuildFile; fileRef = B7F69CB2268EB22000B01223 /* LaunchScreen.storyboard */; };
/* End PBXBuildFile section */

/* Begin PBXCopyFilesBuildPhase section */
		B792811E268EC784000ED84A /* Embed Frameworks */ = {
			isa = PBXCopyFilesBuildPhase;
			buildActionMask = 2147483647;
			dstPath = "";
			dstSubfolderSpec = 10;
			files = (
				B7C2524C26C84B8700ACBB84 /* Post.framework in Embed Frameworks */,
				B7910E1226B12FEF0097C94E /* Profile.framework in Embed Frameworks */,
				B7C252DA26D3964D00ACBB84 /* Setting.framework in Embed Frameworks */,
				B7910E0F26B12FE60097C94E /* Authen.framework in Embed Frameworks */,
				B79281B5269455D1000ED84A /* Feed.framework in Embed Frameworks */,
				B79281B7269455D1000ED84A /* Search.framework in Embed Frameworks */,
				B75E628826969B04003E1ADA /* Component.framework in Embed Frameworks */,
				B792811D268EC784000ED84A /* Core.framework in Embed Frameworks */,
				B74CEF2026C50760006B1F2C /* Networking.framework in Embed Frameworks */,
			);
			name = "Embed Frameworks";
			runOnlyForDeploymentPostprocessing = 0;
		};
/* End PBXCopyFilesBuildPhase section */

/* Begin PBXFileReference section */
		098173DEDC6206384A3832D5 /* Pods-Castcle-iOS.release (development).xcconfig */ = {isa = PBXFileReference; includeInIndex = 1; lastKnownFileType = text.xcconfig; name = "Pods-Castcle-iOS.release (development).xcconfig"; path = "Target Support Files/Pods-Castcle-iOS/Pods-Castcle-iOS.release (development).xcconfig"; sourceTree = "<group>"; };
		7F2A958BDBB0E6DE866E118D /* Pods-Castcle-iOS.release (production).xcconfig */ = {isa = PBXFileReference; includeInIndex = 1; lastKnownFileType = text.xcconfig; name = "Pods-Castcle-iOS.release (production).xcconfig"; path = "Target Support Files/Pods-Castcle-iOS/Pods-Castcle-iOS.release (production).xcconfig"; sourceTree = "<group>"; };
		8EBDEA5622E4EB149926831E /* Pods_Castcle_iOS.framework */ = {isa = PBXFileReference; explicitFileType = wrapper.framework; includeInIndex = 0; path = Pods_Castcle_iOS.framework; sourceTree = BUILT_PRODUCTS_DIR; };
		A1EDBFDF508C4588DB04DA2B /* Pods-Castcle-iOS.debug (development).xcconfig */ = {isa = PBXFileReference; includeInIndex = 1; lastKnownFileType = text.xcconfig; name = "Pods-Castcle-iOS.debug (development).xcconfig"; path = "Target Support Files/Pods-Castcle-iOS/Pods-Castcle-iOS.debug (development).xcconfig"; sourceTree = "<group>"; };
		A282ED21286BB6639EE09CA5 /* Pods-Castcle-iOS.debug (staging).xcconfig */ = {isa = PBXFileReference; includeInIndex = 1; lastKnownFileType = text.xcconfig; name = "Pods-Castcle-iOS.debug (staging).xcconfig"; path = "Target Support Files/Pods-Castcle-iOS/Pods-Castcle-iOS.debug (staging).xcconfig"; sourceTree = "<group>"; };
		B74CEF1E26C50760006B1F2C /* Networking.framework */ = {isa = PBXFileReference; explicitFileType = wrapper.framework; path = Networking.framework; sourceTree = BUILT_PRODUCTS_DIR; };
		B7552901269C0E63005D5EB5 /* GoogleService-Info.plist */ = {isa = PBXFileReference; fileEncoding = 4; lastKnownFileType = text.plist.xml; path = "GoogleService-Info.plist"; sourceTree = "<group>"; };
		B7552902269C0E63005D5EB5 /* README.md */ = {isa = PBXFileReference; fileEncoding = 4; lastKnownFileType = net.daringfireball.markdown; path = README.md; sourceTree = "<group>"; };
		B7552914269C1E8A005D5EB5 /* GoogleService-Info-Dev.plist */ = {isa = PBXFileReference; fileEncoding = 4; lastKnownFileType = text.plist.xml; path = "GoogleService-Info-Dev.plist"; sourceTree = "<group>"; };
		B7552916269C1F38005D5EB5 /* GoogleService-Info-Stg.plist */ = {isa = PBXFileReference; fileEncoding = 4; lastKnownFileType = text.plist.xml; path = "GoogleService-Info-Stg.plist"; sourceTree = "<group>"; };
		B75E628626969B04003E1ADA /* Component.framework */ = {isa = PBXFileReference; explicitFileType = wrapper.framework; path = Component.framework; sourceTree = BUILT_PRODUCTS_DIR; };
		B75E629A2696A003003E1ADA /* BouncesContentView.swift */ = {isa = PBXFileReference; fileEncoding = 4; lastKnownFileType = sourcecode.swift; path = BouncesContentView.swift; sourceTree = "<group>"; };
		B75E629C2696A062003E1ADA /* BasicContentView.swift */ = {isa = PBXFileReference; fileEncoding = 4; lastKnownFileType = sourcecode.swift; path = BasicContentView.swift; sourceTree = "<group>"; };
		B75E629E2696ADB5003E1ADA /* IrregularityContentView.swift */ = {isa = PBXFileReference; lastKnownFileType = sourcecode.swift; path = IrregularityContentView.swift; sourceTree = "<group>"; };
		B75E62EE269978CA003E1ADA /* Development.xcconfig */ = {isa = PBXFileReference; lastKnownFileType = text.xcconfig; path = Development.xcconfig; sourceTree = "<group>"; };
		B75E62EF269978DA003E1ADA /* Staging.xcconfig */ = {isa = PBXFileReference; lastKnownFileType = text.xcconfig; path = Staging.xcconfig; sourceTree = "<group>"; };
		B75E62F0269978ED003E1ADA /* Production.xcconfig */ = {isa = PBXFileReference; lastKnownFileType = text.xcconfig; path = Production.xcconfig; sourceTree = "<group>"; };
		B7910E0D26B12FE60097C94E /* Authen.framework */ = {isa = PBXFileReference; explicitFileType = wrapper.framework; path = Authen.framework; sourceTree = BUILT_PRODUCTS_DIR; };
		B7910E1026B12FEF0097C94E /* Profile.framework */ = {isa = PBXFileReference; explicitFileType = wrapper.framework; path = Profile.framework; sourceTree = BUILT_PRODUCTS_DIR; };
		B792811B268EC784000ED84A /* Core.framework */ = {isa = PBXFileReference; explicitFileType = wrapper.framework; path = Core.framework; sourceTree = BUILT_PRODUCTS_DIR; };
		B79281B2269455D1000ED84A /* Feed.framework */ = {isa = PBXFileReference; explicitFileType = wrapper.framework; path = Feed.framework; sourceTree = BUILT_PRODUCTS_DIR; };
		B79281B3269455D1000ED84A /* Search.framework */ = {isa = PBXFileReference; explicitFileType = wrapper.framework; path = Search.framework; sourceTree = BUILT_PRODUCTS_DIR; };
		B7C2524A26C84B8700ACBB84 /* Post.framework */ = {isa = PBXFileReference; explicitFileType = wrapper.framework; path = Post.framework; sourceTree = BUILT_PRODUCTS_DIR; };
		B7C252D826D3964D00ACBB84 /* Setting.framework */ = {isa = PBXFileReference; explicitFileType = wrapper.framework; path = Setting.framework; sourceTree = BUILT_PRODUCTS_DIR; };
		B7F69CA4268EB21E00B01223 /* Castcle.app */ = {isa = PBXFileReference; explicitFileType = wrapper.application; includeInIndex = 0; path = Castcle.app; sourceTree = BUILT_PRODUCTS_DIR; };
		B7F69CA7268EB21E00B01223 /* AppDelegate.swift */ = {isa = PBXFileReference; lastKnownFileType = sourcecode.swift; path = AppDelegate.swift; sourceTree = "<group>"; };
		B7F69CB0268EB22000B01223 /* Assets.xcassets */ = {isa = PBXFileReference; lastKnownFileType = folder.assetcatalog; path = Assets.xcassets; sourceTree = "<group>"; };
		B7F69CB3268EB22000B01223 /* Base */ = {isa = PBXFileReference; lastKnownFileType = file.storyboard; name = Base; path = Base.lproj/LaunchScreen.storyboard; sourceTree = "<group>"; };
		B7F69CB5268EB22000B01223 /* Info.plist */ = {isa = PBXFileReference; lastKnownFileType = text.plist.xml; path = Info.plist; sourceTree = "<group>"; };
		BB093B70161FB20D04EF541D /* Pods-Castcle-iOS.debug (production).xcconfig */ = {isa = PBXFileReference; includeInIndex = 1; lastKnownFileType = text.xcconfig; name = "Pods-Castcle-iOS.debug (production).xcconfig"; path = "Target Support Files/Pods-Castcle-iOS/Pods-Castcle-iOS.debug (production).xcconfig"; sourceTree = "<group>"; };
		E4F24D61C9ACC74BC15EEB3C /* Pods-Castcle-iOS.release (staging).xcconfig */ = {isa = PBXFileReference; includeInIndex = 1; lastKnownFileType = text.xcconfig; name = "Pods-Castcle-iOS.release (staging).xcconfig"; path = "Target Support Files/Pods-Castcle-iOS/Pods-Castcle-iOS.release (staging).xcconfig"; sourceTree = "<group>"; };
/* End PBXFileReference section */

/* Begin PBXFrameworksBuildPhase section */
		B7F69CA1268EB21E00B01223 /* Frameworks */ = {
			isa = PBXFrameworksBuildPhase;
			buildActionMask = 2147483647;
			files = (
				B74CEF1F26C50760006B1F2C /* Networking.framework in Frameworks */,
				B7910E1126B12FEF0097C94E /* Profile.framework in Frameworks */,
				B79281B4269455D1000ED84A /* Feed.framework in Frameworks */,
				B792811C268EC784000ED84A /* Core.framework in Frameworks */,
				B7C2524B26C84B8700ACBB84 /* Post.framework in Frameworks */,
				B79281B6269455D1000ED84A /* Search.framework in Frameworks */,
				B75E628726969B04003E1ADA /* Component.framework in Frameworks */,
				B7C252D926D3964D00ACBB84 /* Setting.framework in Frameworks */,
				1A3307605E4BDA7A70ACB166 /* Pods_Castcle_iOS.framework in Frameworks */,
				B7910E0E26B12FE60097C94E /* Authen.framework in Frameworks */,
			);
			runOnlyForDeploymentPostprocessing = 0;
		};
/* End PBXFrameworksBuildPhase section */

/* Begin PBXGroup section */
		7F3A3F40D4655699A46A2DB0 /* Frameworks */ = {
			isa = PBXGroup;
			children = (
				B7C252D826D3964D00ACBB84 /* Setting.framework */,
				B7C2524A26C84B8700ACBB84 /* Post.framework */,
				B74CEF1E26C50760006B1F2C /* Networking.framework */,
				B7910E1026B12FEF0097C94E /* Profile.framework */,
				B7910E0D26B12FE60097C94E /* Authen.framework */,
				B75E628626969B04003E1ADA /* Component.framework */,
				B79281B2269455D1000ED84A /* Feed.framework */,
				B79281B3269455D1000ED84A /* Search.framework */,
				B792811B268EC784000ED84A /* Core.framework */,
				8EBDEA5622E4EB149926831E /* Pods_Castcle_iOS.framework */,
			);
			name = Frameworks;
			sourceTree = "<group>";
		};
		B7552900269C0E63005D5EB5 /* Config */ = {
			isa = PBXGroup;
			children = (
				B7552902269C0E63005D5EB5 /* README.md */,
				B7552914269C1E8A005D5EB5 /* GoogleService-Info-Dev.plist */,
				B7552916269C1F38005D5EB5 /* GoogleService-Info-Stg.plist */,
				B7552901269C0E63005D5EB5 /* GoogleService-Info.plist */,
			);
			path = Config;
			sourceTree = SOURCE_ROOT;
		};
		B75E629726969DFB003E1ADA /* Tab Bar */ = {
			isa = PBXGroup;
			children = (
				B75E629A2696A003003E1ADA /* BouncesContentView.swift */,
				B75E629C2696A062003E1ADA /* BasicContentView.swift */,
				B75E629E2696ADB5003E1ADA /* IrregularityContentView.swift */,
			);
			path = "Tab Bar";
			sourceTree = "<group>";
		};
		B75E62ED269978A7003E1ADA /* Environment Config */ = {
			isa = PBXGroup;
			children = (
				B75E62EE269978CA003E1ADA /* Development.xcconfig */,
				B75E62EF269978DA003E1ADA /* Staging.xcconfig */,
				B75E62F0269978ED003E1ADA /* Production.xcconfig */,
			);
			path = "Environment Config";
			sourceTree = "<group>";
		};
		B7F69C9B268EB21E00B01223 = {
			isa = PBXGroup;
			children = (
				B7F69CA6268EB21E00B01223 /* Castcle-iOS */,
				B7F69CA5268EB21E00B01223 /* Products */,
				F093F7C16BC95A49994F6E0B /* Pods */,
				7F3A3F40D4655699A46A2DB0 /* Frameworks */,
			);
			sourceTree = "<group>";
		};
		B7F69CA5268EB21E00B01223 /* Products */ = {
			isa = PBXGroup;
			children = (
				B7F69CA4268EB21E00B01223 /* Castcle.app */,
			);
			name = Products;
			sourceTree = "<group>";
		};
		B7F69CA6268EB21E00B01223 /* Castcle-iOS */ = {
			isa = PBXGroup;
			children = (
				B7F69CA7268EB21E00B01223 /* AppDelegate.swift */,
				B75E629726969DFB003E1ADA /* Tab Bar */,
				B7F69CB0268EB22000B01223 /* Assets.xcassets */,
				B7F69CB2268EB22000B01223 /* LaunchScreen.storyboard */,
				B7F69CB5268EB22000B01223 /* Info.plist */,
				B7552900269C0E63005D5EB5 /* Config */,
				B75E62ED269978A7003E1ADA /* Environment Config */,
			);
			path = "Castcle-iOS";
			sourceTree = "<group>";
		};
		F093F7C16BC95A49994F6E0B /* Pods */ = {
			isa = PBXGroup;
			children = (
				BB093B70161FB20D04EF541D /* Pods-Castcle-iOS.debug (production).xcconfig */,
				A282ED21286BB6639EE09CA5 /* Pods-Castcle-iOS.debug (staging).xcconfig */,
				A1EDBFDF508C4588DB04DA2B /* Pods-Castcle-iOS.debug (development).xcconfig */,
				7F2A958BDBB0E6DE866E118D /* Pods-Castcle-iOS.release (production).xcconfig */,
				E4F24D61C9ACC74BC15EEB3C /* Pods-Castcle-iOS.release (staging).xcconfig */,
				098173DEDC6206384A3832D5 /* Pods-Castcle-iOS.release (development).xcconfig */,
			);
			path = Pods;
			sourceTree = "<group>";
		};
/* End PBXGroup section */

/* Begin PBXNativeTarget section */
		B7F69CA3268EB21E00B01223 /* Castcle-iOS */ = {
			isa = PBXNativeTarget;
			buildConfigurationList = B7F69CB8268EB22000B01223 /* Build configuration list for PBXNativeTarget "Castcle-iOS" */;
			buildPhases = (
				CD8FF22605758C87BAF1F859 /* [CP] Check Pods Manifest.lock */,
				B7F69CA0268EB21E00B01223 /* Sources */,
				B7F69CA1268EB21E00B01223 /* Frameworks */,
				B7F69CA2268EB21E00B01223 /* Resources */,
				B792811E268EC784000ED84A /* Embed Frameworks */,
				B7552944269C5179005D5EB5 /* ShellScript */,
				F71D68287B99955E4E64E54A /* [CP] Embed Pods Frameworks */,
			);
			buildRules = (
			);
			dependencies = (
			);
			name = "Castcle-iOS";
			packageProductDependencies = (
			);
			productName = "Castcle-iOS";
			productReference = B7F69CA4268EB21E00B01223 /* Castcle.app */;
			productType = "com.apple.product-type.application";
		};
/* End PBXNativeTarget section */

/* Begin PBXProject section */
		B7F69C9C268EB21E00B01223 /* Project object */ = {
			isa = PBXProject;
			attributes = {
				LastSwiftUpdateCheck = 1250;
				LastUpgradeCheck = 1250;
				TargetAttributes = {
					B7F69CA3268EB21E00B01223 = {
						CreatedOnToolsVersion = 12.5.1;
					};
				};
			};
			buildConfigurationList = B7F69C9F268EB21E00B01223 /* Build configuration list for PBXProject "Castcle-iOS" */;
			compatibilityVersion = "Xcode 9.3";
			developmentRegion = en;
			hasScannedForEncodings = 0;
			knownRegions = (
				en,
				Base,
			);
			mainGroup = B7F69C9B268EB21E00B01223;
			packageReferences = (
			);
			productRefGroup = B7F69CA5268EB21E00B01223 /* Products */;
			projectDirPath = "";
			projectRoot = "";
			targets = (
				B7F69CA3268EB21E00B01223 /* Castcle-iOS */,
			);
		};
/* End PBXProject section */

/* Begin PBXResourcesBuildPhase section */
		B7F69CA2268EB21E00B01223 /* Resources */ = {
			isa = PBXResourcesBuildPhase;
			buildActionMask = 2147483647;
			files = (
				B7B1E39A26A141C8006E2FF6 /* GoogleService-Info-Dev.plist in Resources */,
				B7B1E39B26A141C8006E2FF6 /* GoogleService-Info-Stg.plist in Resources */,
				B7B1E39C26A141C8006E2FF6 /* GoogleService-Info.plist in Resources */,
				B7F69CB4268EB22000B01223 /* LaunchScreen.storyboard in Resources */,
				B7F69CB1268EB22000B01223 /* Assets.xcassets in Resources */,
				B7552904269C0E63005D5EB5 /* README.md in Resources */,
			);
			runOnlyForDeploymentPostprocessing = 0;
		};
/* End PBXResourcesBuildPhase section */

/* Begin PBXShellScriptBuildPhase section */
		B7552944269C5179005D5EB5 /* ShellScript */ = {
			isa = PBXShellScriptBuildPhase;
			buildActionMask = 2147483647;
			files = (
			);
			inputFileListPaths = (
			);
			inputPaths = (
				"$(SRCROOT)/$(BUILT_PRODUCTS_DIR)/$(INFOPLIST_PATH)",
				"${DWARF_DSYM_FOLDER_PATH}/${DWARF_DSYM_FILE_NAME}/Contents/Resources/DWARF/${TARGET_NAME}",
			);
			outputFileListPaths = (
			);
			outputPaths = (
			);
			runOnlyForDeploymentPostprocessing = 0;
			shellPath = /bin/sh;
			shellScript = "buildNumber=$(date +%Y%m%d%H%M)\n/usr/libexec/PlistBuddy -c \"Set :CFBundleVersion $buildNumber\" \"${PROJECT_DIR}/${INFOPLIST_FILE}\"\n\"${PODS_ROOT}/FirebaseCrashlytics/run\" -gsp \"${PROJECT_DIR}/Config/${FIREBASR_CONFIG_FILE}.plist\"\n";
		};
		CD8FF22605758C87BAF1F859 /* [CP] Check Pods Manifest.lock */ = {
			isa = PBXShellScriptBuildPhase;
			buildActionMask = 2147483647;
			files = (
			);
			inputFileListPaths = (
			);
			inputPaths = (
				"${PODS_PODFILE_DIR_PATH}/Podfile.lock",
				"${PODS_ROOT}/Manifest.lock",
			);
			name = "[CP] Check Pods Manifest.lock";
			outputFileListPaths = (
			);
			outputPaths = (
				"$(DERIVED_FILE_DIR)/Pods-Castcle-iOS-checkManifestLockResult.txt",
			);
			runOnlyForDeploymentPostprocessing = 0;
			shellPath = /bin/sh;
			shellScript = "diff \"${PODS_PODFILE_DIR_PATH}/Podfile.lock\" \"${PODS_ROOT}/Manifest.lock\" > /dev/null\nif [ $? != 0 ] ; then\n    # print error to STDERR\n    echo \"error: The sandbox is not in sync with the Podfile.lock. Run 'pod install' or update your CocoaPods installation.\" >&2\n    exit 1\nfi\n# This output is used by Xcode 'outputs' to avoid re-running this script phase.\necho \"SUCCESS\" > \"${SCRIPT_OUTPUT_FILE_0}\"\n";
			showEnvVarsInLog = 0;
		};
		F71D68287B99955E4E64E54A /* [CP] Embed Pods Frameworks */ = {
			isa = PBXShellScriptBuildPhase;
			buildActionMask = 2147483647;
			files = (
			);
			inputFileListPaths = (
				"${PODS_ROOT}/Target Support Files/Pods-Castcle-iOS/Pods-Castcle-iOS-frameworks-${CONFIGURATION}-input-files.xcfilelist",
			);
			name = "[CP] Embed Pods Frameworks";
			outputFileListPaths = (
				"${PODS_ROOT}/Target Support Files/Pods-Castcle-iOS/Pods-Castcle-iOS-frameworks-${CONFIGURATION}-output-files.xcfilelist",
			);
			runOnlyForDeploymentPostprocessing = 0;
			shellPath = /bin/sh;
			shellScript = "\"${PODS_ROOT}/Target Support Files/Pods-Castcle-iOS/Pods-Castcle-iOS-frameworks.sh\"\n";
			showEnvVarsInLog = 0;
		};
/* End PBXShellScriptBuildPhase section */

/* Begin PBXSourcesBuildPhase section */
		B7F69CA0268EB21E00B01223 /* Sources */ = {
			isa = PBXSourcesBuildPhase;
			buildActionMask = 2147483647;
			files = (
				B75E629B2696A003003E1ADA /* BouncesContentView.swift in Sources */,
				B75E629F2696ADB6003E1ADA /* IrregularityContentView.swift in Sources */,
				B7F69CA8268EB21E00B01223 /* AppDelegate.swift in Sources */,
				B75E629D2696A062003E1ADA /* BasicContentView.swift in Sources */,
			);
			runOnlyForDeploymentPostprocessing = 0;
		};
/* End PBXSourcesBuildPhase section */

/* Begin PBXVariantGroup section */
		B7F69CB2268EB22000B01223 /* LaunchScreen.storyboard */ = {
			isa = PBXVariantGroup;
			children = (
				B7F69CB3268EB22000B01223 /* Base */,
			);
			name = LaunchScreen.storyboard;
			sourceTree = "<group>";
		};
/* End PBXVariantGroup section */

/* Begin XCBuildConfiguration section */
		B75E62E526997702003E1ADA /* Debug (Staging) */ = {
			isa = XCBuildConfiguration;
			baseConfigurationReference = B75E62EF269978DA003E1ADA /* Staging.xcconfig */;
			buildSettings = {
				ALWAYS_SEARCH_USER_PATHS = NO;
				CLANG_ANALYZER_NONNULL = YES;
				CLANG_ANALYZER_NUMBER_OBJECT_CONVERSION = YES_AGGRESSIVE;
				CLANG_CXX_LANGUAGE_STANDARD = "gnu++14";
				CLANG_CXX_LIBRARY = "libc++";
				CLANG_ENABLE_MODULES = YES;
				CLANG_ENABLE_OBJC_ARC = YES;
				CLANG_ENABLE_OBJC_WEAK = YES;
				CLANG_WARN_BLOCK_CAPTURE_AUTORELEASING = YES;
				CLANG_WARN_BOOL_CONVERSION = YES;
				CLANG_WARN_COMMA = YES;
				CLANG_WARN_CONSTANT_CONVERSION = YES;
				CLANG_WARN_DEPRECATED_OBJC_IMPLEMENTATIONS = YES;
				CLANG_WARN_DIRECT_OBJC_ISA_USAGE = YES_ERROR;
				CLANG_WARN_DOCUMENTATION_COMMENTS = YES;
				CLANG_WARN_EMPTY_BODY = YES;
				CLANG_WARN_ENUM_CONVERSION = YES;
				CLANG_WARN_INFINITE_RECURSION = YES;
				CLANG_WARN_INT_CONVERSION = YES;
				CLANG_WARN_NON_LITERAL_NULL_CONVERSION = YES;
				CLANG_WARN_OBJC_IMPLICIT_RETAIN_SELF = YES;
				CLANG_WARN_OBJC_LITERAL_CONVERSION = YES;
				CLANG_WARN_OBJC_ROOT_CLASS = YES_ERROR;
				CLANG_WARN_QUOTED_INCLUDE_IN_FRAMEWORK_HEADER = YES;
				CLANG_WARN_RANGE_LOOP_ANALYSIS = YES;
				CLANG_WARN_STRICT_PROTOTYPES = YES;
				CLANG_WARN_SUSPICIOUS_MOVE = YES;
				CLANG_WARN_UNGUARDED_AVAILABILITY = YES_AGGRESSIVE;
				CLANG_WARN_UNREACHABLE_CODE = YES;
				CLANG_WARN__DUPLICATE_METHOD_MATCH = YES;
				COPY_PHASE_STRIP = NO;
				DEBUG_INFORMATION_FORMAT = "dwarf-with-dsym";
				ENABLE_BITCODE = NO;
				ENABLE_STRICT_OBJC_MSGSEND = YES;
				ENABLE_TESTABILITY = YES;
				GCC_C_LANGUAGE_STANDARD = gnu11;
				GCC_DYNAMIC_NO_PIC = NO;
				GCC_NO_COMMON_BLOCKS = YES;
				GCC_OPTIMIZATION_LEVEL = 0;
				GCC_PREPROCESSOR_DEFINITIONS = (
					"DEBUG=1",
					"$(inherited)",
				);
				GCC_WARN_64_TO_32_BIT_CONVERSION = YES;
				GCC_WARN_ABOUT_RETURN_TYPE = YES_ERROR;
				GCC_WARN_UNDECLARED_SELECTOR = YES;
				GCC_WARN_UNINITIALIZED_AUTOS = YES_AGGRESSIVE;
				GCC_WARN_UNUSED_FUNCTION = YES;
				GCC_WARN_UNUSED_VARIABLE = YES;
				IPHONEOS_DEPLOYMENT_TARGET = 13.0;
				MTL_ENABLE_DEBUG_INFO = INCLUDE_SOURCE;
				MTL_FAST_MATH = YES;
				ONLY_ACTIVE_ARCH = YES;
				SDKROOT = iphoneos;
				SWIFT_ACTIVE_COMPILATION_CONDITIONS = DEBUG;
				SWIFT_OPTIMIZATION_LEVEL = "-Onone";
			};
			name = "Debug (Staging)";
		};
		B75E62E626997702003E1ADA /* Debug (Staging) */ = {
			isa = XCBuildConfiguration;
			baseConfigurationReference = B75E62EF269978DA003E1ADA /* Staging.xcconfig */;
			buildSettings = {
				ASSETCATALOG_COMPILER_APPICON_NAME = "AppIcon-Stg";
				ASSETCATALOG_COMPILER_GLOBAL_ACCENT_COLOR_NAME = AccentColor;
				CODE_SIGN_IDENTITY = "iPhone Developer";
				CODE_SIGN_STYLE = Manual;
				CURRENT_PROJECT_VERSION = 1;
				DEBUG_INFORMATION_FORMAT = "dwarf-with-dsym";
				DEVELOPMENT_TEAM = LT4X78Q64A;
				ENABLE_BITCODE = NO;
				EXCLUDED_ARCHS = "";
				INFOPLIST_FILE = "Castcle-iOS/Info.plist";
				IPHONEOS_DEPLOYMENT_TARGET = 13.0;
				LD_RUNPATH_SEARCH_PATHS = (
					"$(inherited)",
					"@executable_path/Frameworks",
				);
				MARKETING_VERSION = "$(APP_VERSION)";
				OTHER_LDFLAGS = (
					"$(inherited)",
					"-l\"c++\"",
					"-l\"sqlite3\"",
					"-l\"z\"",
					"-framework",
					"\"AppCenter\"",
					"-framework",
					"\"AppCenterAnalytics\"",
					"-framework",
					"\"AppCenterCrashes\"",
					"-framework",
					"\"CoreTelephony\"",
					"-framework",
					"\"Foundation\"",
					"-framework",
					"\"IGListDiffKit\"",
					"-framework",
					"\"IGListKit\"",
					"-framework",
					"\"SystemConfiguration\"",
					"-framework",
					"\"UIKit\"",
					"-ObjC",
				);
				PRODUCT_BUNDLE_IDENTIFIER = "$(APP_BUNDLE_ID)";
				PRODUCT_NAME = "$(APP_NAME)";
				PROVISIONING_PROFILE_SPECIFIER = Wildcard;
				SWIFT_VERSION = 5.0;
				TARGETED_DEVICE_FAMILY = 1;
			};
			name = "Debug (Staging)";
		};
		B75E62E726997707003E1ADA /* Debug (Development) */ = {
			isa = XCBuildConfiguration;
			baseConfigurationReference = B75E62EE269978CA003E1ADA /* Development.xcconfig */;
			buildSettings = {
				ALWAYS_SEARCH_USER_PATHS = NO;
				CLANG_ANALYZER_NONNULL = YES;
				CLANG_ANALYZER_NUMBER_OBJECT_CONVERSION = YES_AGGRESSIVE;
				CLANG_CXX_LANGUAGE_STANDARD = "gnu++14";
				CLANG_CXX_LIBRARY = "libc++";
				CLANG_ENABLE_MODULES = YES;
				CLANG_ENABLE_OBJC_ARC = YES;
				CLANG_ENABLE_OBJC_WEAK = YES;
				CLANG_WARN_BLOCK_CAPTURE_AUTORELEASING = YES;
				CLANG_WARN_BOOL_CONVERSION = YES;
				CLANG_WARN_COMMA = YES;
				CLANG_WARN_CONSTANT_CONVERSION = YES;
				CLANG_WARN_DEPRECATED_OBJC_IMPLEMENTATIONS = YES;
				CLANG_WARN_DIRECT_OBJC_ISA_USAGE = YES_ERROR;
				CLANG_WARN_DOCUMENTATION_COMMENTS = YES;
				CLANG_WARN_EMPTY_BODY = YES;
				CLANG_WARN_ENUM_CONVERSION = YES;
				CLANG_WARN_INFINITE_RECURSION = YES;
				CLANG_WARN_INT_CONVERSION = YES;
				CLANG_WARN_NON_LITERAL_NULL_CONVERSION = YES;
				CLANG_WARN_OBJC_IMPLICIT_RETAIN_SELF = YES;
				CLANG_WARN_OBJC_LITERAL_CONVERSION = YES;
				CLANG_WARN_OBJC_ROOT_CLASS = YES_ERROR;
				CLANG_WARN_QUOTED_INCLUDE_IN_FRAMEWORK_HEADER = YES;
				CLANG_WARN_RANGE_LOOP_ANALYSIS = YES;
				CLANG_WARN_STRICT_PROTOTYPES = YES;
				CLANG_WARN_SUSPICIOUS_MOVE = YES;
				CLANG_WARN_UNGUARDED_AVAILABILITY = YES_AGGRESSIVE;
				CLANG_WARN_UNREACHABLE_CODE = YES;
				CLANG_WARN__DUPLICATE_METHOD_MATCH = YES;
				COPY_PHASE_STRIP = NO;
				DEBUG_INFORMATION_FORMAT = "dwarf-with-dsym";
				ENABLE_BITCODE = NO;
				ENABLE_STRICT_OBJC_MSGSEND = YES;
				ENABLE_TESTABILITY = YES;
				GCC_C_LANGUAGE_STANDARD = gnu11;
				GCC_DYNAMIC_NO_PIC = NO;
				GCC_NO_COMMON_BLOCKS = YES;
				GCC_OPTIMIZATION_LEVEL = 0;
				GCC_PREPROCESSOR_DEFINITIONS = (
					"DEBUG=1",
					"$(inherited)",
				);
				GCC_WARN_64_TO_32_BIT_CONVERSION = YES;
				GCC_WARN_ABOUT_RETURN_TYPE = YES_ERROR;
				GCC_WARN_UNDECLARED_SELECTOR = YES;
				GCC_WARN_UNINITIALIZED_AUTOS = YES_AGGRESSIVE;
				GCC_WARN_UNUSED_FUNCTION = YES;
				GCC_WARN_UNUSED_VARIABLE = YES;
				IPHONEOS_DEPLOYMENT_TARGET = 13.0;
				MTL_ENABLE_DEBUG_INFO = INCLUDE_SOURCE;
				MTL_FAST_MATH = YES;
				ONLY_ACTIVE_ARCH = YES;
				SDKROOT = iphoneos;
				SWIFT_ACTIVE_COMPILATION_CONDITIONS = DEBUG;
				SWIFT_OPTIMIZATION_LEVEL = "-Onone";
			};
			name = "Debug (Development)";
		};
		B75E62E826997707003E1ADA /* Debug (Development) */ = {
			isa = XCBuildConfiguration;
			baseConfigurationReference = B75E62EE269978CA003E1ADA /* Development.xcconfig */;
			buildSettings = {
				ASSETCATALOG_COMPILER_APPICON_NAME = "AppIcon-Dev";
				ASSETCATALOG_COMPILER_GLOBAL_ACCENT_COLOR_NAME = AccentColor;
				CODE_SIGN_IDENTITY = "iPhone Developer";
				CODE_SIGN_STYLE = Manual;
				CURRENT_PROJECT_VERSION = 1;
				DEBUG_INFORMATION_FORMAT = "dwarf-with-dsym";
				DEVELOPMENT_TEAM = LT4X78Q64A;
				ENABLE_BITCODE = NO;
				EXCLUDED_ARCHS = "";
				INFOPLIST_FILE = "Castcle-iOS/Info.plist";
				IPHONEOS_DEPLOYMENT_TARGET = 13.0;
				LD_RUNPATH_SEARCH_PATHS = (
					"$(inherited)",
					"@executable_path/Frameworks",
				);
				MARKETING_VERSION = "$(APP_VERSION)";
				OTHER_LDFLAGS = (
					"$(inherited)",
					"-l\"c++\"",
					"-l\"sqlite3\"",
					"-l\"z\"",
					"-framework",
					"\"AppCenter\"",
					"-framework",
					"\"AppCenterAnalytics\"",
					"-framework",
					"\"AppCenterCrashes\"",
					"-framework",
					"\"CoreTelephony\"",
					"-framework",
					"\"Foundation\"",
					"-framework",
					"\"IGListDiffKit\"",
					"-framework",
					"\"IGListKit\"",
					"-framework",
					"\"SystemConfiguration\"",
					"-framework",
					"\"UIKit\"",
					"-ObjC",
				);
				PRODUCT_BUNDLE_IDENTIFIER = "$(APP_BUNDLE_ID)";
				PRODUCT_NAME = "$(APP_NAME)";
				PROVISIONING_PROFILE_SPECIFIER = "CC Dev";
				SWIFT_VERSION = 5.0;
				TARGETED_DEVICE_FAMILY = 1;
			};
			name = "Debug (Development)";
		};
		B75E62E92699770B003E1ADA /* Release (Staging) */ = {
			isa = XCBuildConfiguration;
			baseConfigurationReference = B75E62EF269978DA003E1ADA /* Staging.xcconfig */;
			buildSettings = {
				ALWAYS_SEARCH_USER_PATHS = NO;
				CLANG_ANALYZER_NONNULL = YES;
				CLANG_ANALYZER_NUMBER_OBJECT_CONVERSION = YES_AGGRESSIVE;
				CLANG_CXX_LANGUAGE_STANDARD = "gnu++14";
				CLANG_CXX_LIBRARY = "libc++";
				CLANG_ENABLE_MODULES = YES;
				CLANG_ENABLE_OBJC_ARC = YES;
				CLANG_ENABLE_OBJC_WEAK = YES;
				CLANG_WARN_BLOCK_CAPTURE_AUTORELEASING = YES;
				CLANG_WARN_BOOL_CONVERSION = YES;
				CLANG_WARN_COMMA = YES;
				CLANG_WARN_CONSTANT_CONVERSION = YES;
				CLANG_WARN_DEPRECATED_OBJC_IMPLEMENTATIONS = YES;
				CLANG_WARN_DIRECT_OBJC_ISA_USAGE = YES_ERROR;
				CLANG_WARN_DOCUMENTATION_COMMENTS = YES;
				CLANG_WARN_EMPTY_BODY = YES;
				CLANG_WARN_ENUM_CONVERSION = YES;
				CLANG_WARN_INFINITE_RECURSION = YES;
				CLANG_WARN_INT_CONVERSION = YES;
				CLANG_WARN_NON_LITERAL_NULL_CONVERSION = YES;
				CLANG_WARN_OBJC_IMPLICIT_RETAIN_SELF = YES;
				CLANG_WARN_OBJC_LITERAL_CONVERSION = YES;
				CLANG_WARN_OBJC_ROOT_CLASS = YES_ERROR;
				CLANG_WARN_QUOTED_INCLUDE_IN_FRAMEWORK_HEADER = YES;
				CLANG_WARN_RANGE_LOOP_ANALYSIS = YES;
				CLANG_WARN_STRICT_PROTOTYPES = YES;
				CLANG_WARN_SUSPICIOUS_MOVE = YES;
				CLANG_WARN_UNGUARDED_AVAILABILITY = YES_AGGRESSIVE;
				CLANG_WARN_UNREACHABLE_CODE = YES;
				CLANG_WARN__DUPLICATE_METHOD_MATCH = YES;
				COPY_PHASE_STRIP = NO;
				DEBUG_INFORMATION_FORMAT = "dwarf-with-dsym";
				ENABLE_BITCODE = NO;
				ENABLE_NS_ASSERTIONS = NO;
				ENABLE_STRICT_OBJC_MSGSEND = YES;
				GCC_C_LANGUAGE_STANDARD = gnu11;
				GCC_NO_COMMON_BLOCKS = YES;
				GCC_WARN_64_TO_32_BIT_CONVERSION = YES;
				GCC_WARN_ABOUT_RETURN_TYPE = YES_ERROR;
				GCC_WARN_UNDECLARED_SELECTOR = YES;
				GCC_WARN_UNINITIALIZED_AUTOS = YES_AGGRESSIVE;
				GCC_WARN_UNUSED_FUNCTION = YES;
				GCC_WARN_UNUSED_VARIABLE = YES;
				IPHONEOS_DEPLOYMENT_TARGET = 13.0;
				MTL_ENABLE_DEBUG_INFO = NO;
				MTL_FAST_MATH = YES;
				SDKROOT = iphoneos;
				SWIFT_COMPILATION_MODE = wholemodule;
				SWIFT_OPTIMIZATION_LEVEL = "-O";
				VALIDATE_PRODUCT = YES;
			};
			name = "Release (Staging)";
		};
		B75E62EA2699770B003E1ADA /* Release (Staging) */ = {
			isa = XCBuildConfiguration;
			baseConfigurationReference = B75E62EF269978DA003E1ADA /* Staging.xcconfig */;
			buildSettings = {
				ASSETCATALOG_COMPILER_APPICON_NAME = "AppIcon-Stg";
				ASSETCATALOG_COMPILER_GLOBAL_ACCENT_COLOR_NAME = AccentColor;
				CODE_SIGN_IDENTITY = "iPhone Developer";
				CODE_SIGN_STYLE = Manual;
				CURRENT_PROJECT_VERSION = 1;
				DEVELOPMENT_TEAM = LT4X78Q64A;
				ENABLE_BITCODE = NO;
				EXCLUDED_ARCHS = "";
				INFOPLIST_FILE = "Castcle-iOS/Info.plist";
				IPHONEOS_DEPLOYMENT_TARGET = 13.0;
				LD_RUNPATH_SEARCH_PATHS = (
					"$(inherited)",
					"@executable_path/Frameworks",
				);
				MARKETING_VERSION = "$(APP_VERSION)";
				OTHER_LDFLAGS = (
					"$(inherited)",
					"-l\"c++\"",
					"-l\"sqlite3\"",
					"-l\"z\"",
					"-framework",
					"\"AppCenter\"",
					"-framework",
					"\"AppCenterAnalytics\"",
					"-framework",
					"\"AppCenterCrashes\"",
					"-framework",
					"\"CoreTelephony\"",
					"-framework",
					"\"Foundation\"",
					"-framework",
					"\"IGListDiffKit\"",
					"-framework",
					"\"IGListKit\"",
					"-framework",
					"\"SystemConfiguration\"",
					"-framework",
					"\"UIKit\"",
					"-ObjC",
				);
				PRODUCT_BUNDLE_IDENTIFIER = "$(APP_BUNDLE_ID)";
				PRODUCT_NAME = "$(APP_NAME)";
				PROVISIONING_PROFILE_SPECIFIER = Wildcard;
				SWIFT_VERSION = 5.0;
				TARGETED_DEVICE_FAMILY = 1;
			};
			name = "Release (Staging)";
		};
		B75E62EB2699770E003E1ADA /* Release (Development) */ = {
			isa = XCBuildConfiguration;
			baseConfigurationReference = B75E62EE269978CA003E1ADA /* Development.xcconfig */;
			buildSettings = {
				ALWAYS_SEARCH_USER_PATHS = NO;
				CLANG_ANALYZER_NONNULL = YES;
				CLANG_ANALYZER_NUMBER_OBJECT_CONVERSION = YES_AGGRESSIVE;
				CLANG_CXX_LANGUAGE_STANDARD = "gnu++14";
				CLANG_CXX_LIBRARY = "libc++";
				CLANG_ENABLE_MODULES = YES;
				CLANG_ENABLE_OBJC_ARC = YES;
				CLANG_ENABLE_OBJC_WEAK = YES;
				CLANG_WARN_BLOCK_CAPTURE_AUTORELEASING = YES;
				CLANG_WARN_BOOL_CONVERSION = YES;
				CLANG_WARN_COMMA = YES;
				CLANG_WARN_CONSTANT_CONVERSION = YES;
				CLANG_WARN_DEPRECATED_OBJC_IMPLEMENTATIONS = YES;
				CLANG_WARN_DIRECT_OBJC_ISA_USAGE = YES_ERROR;
				CLANG_WARN_DOCUMENTATION_COMMENTS = YES;
				CLANG_WARN_EMPTY_BODY = YES;
				CLANG_WARN_ENUM_CONVERSION = YES;
				CLANG_WARN_INFINITE_RECURSION = YES;
				CLANG_WARN_INT_CONVERSION = YES;
				CLANG_WARN_NON_LITERAL_NULL_CONVERSION = YES;
				CLANG_WARN_OBJC_IMPLICIT_RETAIN_SELF = YES;
				CLANG_WARN_OBJC_LITERAL_CONVERSION = YES;
				CLANG_WARN_OBJC_ROOT_CLASS = YES_ERROR;
				CLANG_WARN_QUOTED_INCLUDE_IN_FRAMEWORK_HEADER = YES;
				CLANG_WARN_RANGE_LOOP_ANALYSIS = YES;
				CLANG_WARN_STRICT_PROTOTYPES = YES;
				CLANG_WARN_SUSPICIOUS_MOVE = YES;
				CLANG_WARN_UNGUARDED_AVAILABILITY = YES_AGGRESSIVE;
				CLANG_WARN_UNREACHABLE_CODE = YES;
				CLANG_WARN__DUPLICATE_METHOD_MATCH = YES;
				COPY_PHASE_STRIP = NO;
				DEBUG_INFORMATION_FORMAT = "dwarf-with-dsym";
				ENABLE_BITCODE = NO;
				ENABLE_NS_ASSERTIONS = NO;
				ENABLE_STRICT_OBJC_MSGSEND = YES;
				GCC_C_LANGUAGE_STANDARD = gnu11;
				GCC_NO_COMMON_BLOCKS = YES;
				GCC_WARN_64_TO_32_BIT_CONVERSION = YES;
				GCC_WARN_ABOUT_RETURN_TYPE = YES_ERROR;
				GCC_WARN_UNDECLARED_SELECTOR = YES;
				GCC_WARN_UNINITIALIZED_AUTOS = YES_AGGRESSIVE;
				GCC_WARN_UNUSED_FUNCTION = YES;
				GCC_WARN_UNUSED_VARIABLE = YES;
				IPHONEOS_DEPLOYMENT_TARGET = 13.0;
				MTL_ENABLE_DEBUG_INFO = NO;
				MTL_FAST_MATH = YES;
				SDKROOT = iphoneos;
				SWIFT_COMPILATION_MODE = wholemodule;
				SWIFT_OPTIMIZATION_LEVEL = "-O";
				VALIDATE_PRODUCT = YES;
			};
			name = "Release (Development)";
		};
		B75E62EC2699770E003E1ADA /* Release (Development) */ = {
			isa = XCBuildConfiguration;
			baseConfigurationReference = B75E62EE269978CA003E1ADA /* Development.xcconfig */;
			buildSettings = {
				ASSETCATALOG_COMPILER_APPICON_NAME = "AppIcon-Dev";
				ASSETCATALOG_COMPILER_GLOBAL_ACCENT_COLOR_NAME = AccentColor;
				CODE_SIGN_IDENTITY = "iPhone Developer";
				CODE_SIGN_STYLE = Manual;
				CURRENT_PROJECT_VERSION = 1;
				DEVELOPMENT_TEAM = LT4X78Q64A;
				ENABLE_BITCODE = NO;
				EXCLUDED_ARCHS = "";
				INFOPLIST_FILE = "Castcle-iOS/Info.plist";
				IPHONEOS_DEPLOYMENT_TARGET = 13.0;
				LD_RUNPATH_SEARCH_PATHS = (
					"$(inherited)",
					"@executable_path/Frameworks",
				);
				MARKETING_VERSION = "$(APP_VERSION)";
				OTHER_LDFLAGS = (
					"$(inherited)",
					"-l\"c++\"",
					"-l\"sqlite3\"",
					"-l\"z\"",
					"-framework",
					"\"AppCenter\"",
					"-framework",
					"\"AppCenterAnalytics\"",
					"-framework",
					"\"AppCenterCrashes\"",
					"-framework",
					"\"CoreTelephony\"",
					"-framework",
					"\"Foundation\"",
					"-framework",
					"\"IGListDiffKit\"",
					"-framework",
					"\"IGListKit\"",
					"-framework",
					"\"SystemConfiguration\"",
					"-framework",
					"\"UIKit\"",
					"-ObjC",
				);
				PRODUCT_BUNDLE_IDENTIFIER = "$(APP_BUNDLE_ID)";
				PRODUCT_NAME = "$(APP_NAME)";
				PROVISIONING_PROFILE_SPECIFIER = "CC Dev";
				SWIFT_VERSION = 5.0;
				TARGETED_DEVICE_FAMILY = 1;
			};
			name = "Release (Development)";
		};
		B7F69CB6268EB22000B01223 /* Debug (Production) */ = {
			isa = XCBuildConfiguration;
			baseConfigurationReference = B75E62F0269978ED003E1ADA /* Production.xcconfig */;
			buildSettings = {
				ALWAYS_SEARCH_USER_PATHS = NO;
				CLANG_ANALYZER_NONNULL = YES;
				CLANG_ANALYZER_NUMBER_OBJECT_CONVERSION = YES_AGGRESSIVE;
				CLANG_CXX_LANGUAGE_STANDARD = "gnu++14";
				CLANG_CXX_LIBRARY = "libc++";
				CLANG_ENABLE_MODULES = YES;
				CLANG_ENABLE_OBJC_ARC = YES;
				CLANG_ENABLE_OBJC_WEAK = YES;
				CLANG_WARN_BLOCK_CAPTURE_AUTORELEASING = YES;
				CLANG_WARN_BOOL_CONVERSION = YES;
				CLANG_WARN_COMMA = YES;
				CLANG_WARN_CONSTANT_CONVERSION = YES;
				CLANG_WARN_DEPRECATED_OBJC_IMPLEMENTATIONS = YES;
				CLANG_WARN_DIRECT_OBJC_ISA_USAGE = YES_ERROR;
				CLANG_WARN_DOCUMENTATION_COMMENTS = YES;
				CLANG_WARN_EMPTY_BODY = YES;
				CLANG_WARN_ENUM_CONVERSION = YES;
				CLANG_WARN_INFINITE_RECURSION = YES;
				CLANG_WARN_INT_CONVERSION = YES;
				CLANG_WARN_NON_LITERAL_NULL_CONVERSION = YES;
				CLANG_WARN_OBJC_IMPLICIT_RETAIN_SELF = YES;
				CLANG_WARN_OBJC_LITERAL_CONVERSION = YES;
				CLANG_WARN_OBJC_ROOT_CLASS = YES_ERROR;
				CLANG_WARN_QUOTED_INCLUDE_IN_FRAMEWORK_HEADER = YES;
				CLANG_WARN_RANGE_LOOP_ANALYSIS = YES;
				CLANG_WARN_STRICT_PROTOTYPES = YES;
				CLANG_WARN_SUSPICIOUS_MOVE = YES;
				CLANG_WARN_UNGUARDED_AVAILABILITY = YES_AGGRESSIVE;
				CLANG_WARN_UNREACHABLE_CODE = YES;
				CLANG_WARN__DUPLICATE_METHOD_MATCH = YES;
				COPY_PHASE_STRIP = NO;
				DEBUG_INFORMATION_FORMAT = "dwarf-with-dsym";
				ENABLE_BITCODE = NO;
				ENABLE_STRICT_OBJC_MSGSEND = YES;
				ENABLE_TESTABILITY = YES;
				GCC_C_LANGUAGE_STANDARD = gnu11;
				GCC_DYNAMIC_NO_PIC = NO;
				GCC_NO_COMMON_BLOCKS = YES;
				GCC_OPTIMIZATION_LEVEL = 0;
				GCC_PREPROCESSOR_DEFINITIONS = (
					"DEBUG=1",
					"$(inherited)",
				);
				GCC_WARN_64_TO_32_BIT_CONVERSION = YES;
				GCC_WARN_ABOUT_RETURN_TYPE = YES_ERROR;
				GCC_WARN_UNDECLARED_SELECTOR = YES;
				GCC_WARN_UNINITIALIZED_AUTOS = YES_AGGRESSIVE;
				GCC_WARN_UNUSED_FUNCTION = YES;
				GCC_WARN_UNUSED_VARIABLE = YES;
				IPHONEOS_DEPLOYMENT_TARGET = 13.0;
				MTL_ENABLE_DEBUG_INFO = INCLUDE_SOURCE;
				MTL_FAST_MATH = YES;
				ONLY_ACTIVE_ARCH = YES;
				SDKROOT = iphoneos;
				SWIFT_ACTIVE_COMPILATION_CONDITIONS = DEBUG;
				SWIFT_OPTIMIZATION_LEVEL = "-Onone";
			};
			name = "Debug (Production)";
		};
		B7F69CB7268EB22000B01223 /* Release (Production) */ = {
			isa = XCBuildConfiguration;
			baseConfigurationReference = B75E62F0269978ED003E1ADA /* Production.xcconfig */;
			buildSettings = {
				ALWAYS_SEARCH_USER_PATHS = NO;
				CLANG_ANALYZER_NONNULL = YES;
				CLANG_ANALYZER_NUMBER_OBJECT_CONVERSION = YES_AGGRESSIVE;
				CLANG_CXX_LANGUAGE_STANDARD = "gnu++14";
				CLANG_CXX_LIBRARY = "libc++";
				CLANG_ENABLE_MODULES = YES;
				CLANG_ENABLE_OBJC_ARC = YES;
				CLANG_ENABLE_OBJC_WEAK = YES;
				CLANG_WARN_BLOCK_CAPTURE_AUTORELEASING = YES;
				CLANG_WARN_BOOL_CONVERSION = YES;
				CLANG_WARN_COMMA = YES;
				CLANG_WARN_CONSTANT_CONVERSION = YES;
				CLANG_WARN_DEPRECATED_OBJC_IMPLEMENTATIONS = YES;
				CLANG_WARN_DIRECT_OBJC_ISA_USAGE = YES_ERROR;
				CLANG_WARN_DOCUMENTATION_COMMENTS = YES;
				CLANG_WARN_EMPTY_BODY = YES;
				CLANG_WARN_ENUM_CONVERSION = YES;
				CLANG_WARN_INFINITE_RECURSION = YES;
				CLANG_WARN_INT_CONVERSION = YES;
				CLANG_WARN_NON_LITERAL_NULL_CONVERSION = YES;
				CLANG_WARN_OBJC_IMPLICIT_RETAIN_SELF = YES;
				CLANG_WARN_OBJC_LITERAL_CONVERSION = YES;
				CLANG_WARN_OBJC_ROOT_CLASS = YES_ERROR;
				CLANG_WARN_QUOTED_INCLUDE_IN_FRAMEWORK_HEADER = YES;
				CLANG_WARN_RANGE_LOOP_ANALYSIS = YES;
				CLANG_WARN_STRICT_PROTOTYPES = YES;
				CLANG_WARN_SUSPICIOUS_MOVE = YES;
				CLANG_WARN_UNGUARDED_AVAILABILITY = YES_AGGRESSIVE;
				CLANG_WARN_UNREACHABLE_CODE = YES;
				CLANG_WARN__DUPLICATE_METHOD_MATCH = YES;
				COPY_PHASE_STRIP = NO;
				DEBUG_INFORMATION_FORMAT = "dwarf-with-dsym";
				ENABLE_BITCODE = NO;
				ENABLE_NS_ASSERTIONS = NO;
				ENABLE_STRICT_OBJC_MSGSEND = YES;
				GCC_C_LANGUAGE_STANDARD = gnu11;
				GCC_NO_COMMON_BLOCKS = YES;
				GCC_WARN_64_TO_32_BIT_CONVERSION = YES;
				GCC_WARN_ABOUT_RETURN_TYPE = YES_ERROR;
				GCC_WARN_UNDECLARED_SELECTOR = YES;
				GCC_WARN_UNINITIALIZED_AUTOS = YES_AGGRESSIVE;
				GCC_WARN_UNUSED_FUNCTION = YES;
				GCC_WARN_UNUSED_VARIABLE = YES;
				IPHONEOS_DEPLOYMENT_TARGET = 13.0;
				MTL_ENABLE_DEBUG_INFO = NO;
				MTL_FAST_MATH = YES;
				SDKROOT = iphoneos;
				SWIFT_COMPILATION_MODE = wholemodule;
				SWIFT_OPTIMIZATION_LEVEL = "-O";
				VALIDATE_PRODUCT = YES;
			};
			name = "Release (Production)";
		};
		B7F69CB9268EB22000B01223 /* Debug (Production) */ = {
			isa = XCBuildConfiguration;
			baseConfigurationReference = B75E62F0269978ED003E1ADA /* Production.xcconfig */;
			buildSettings = {
				ASSETCATALOG_COMPILER_APPICON_NAME = AppIcon;
				ASSETCATALOG_COMPILER_GLOBAL_ACCENT_COLOR_NAME = AccentColor;
				CODE_SIGN_IDENTITY = "iPhone Developer";
				CODE_SIGN_STYLE = Manual;
				CURRENT_PROJECT_VERSION = 1;
				DEBUG_INFORMATION_FORMAT = "dwarf-with-dsym";
				DEVELOPMENT_TEAM = LT4X78Q64A;
				ENABLE_BITCODE = NO;
				EXCLUDED_ARCHS = "";
				INFOPLIST_FILE = "Castcle-iOS/Info.plist";
				IPHONEOS_DEPLOYMENT_TARGET = 13.0;
				LD_RUNPATH_SEARCH_PATHS = (
					"$(inherited)",
					"@executable_path/Frameworks",
				);
				MARKETING_VERSION = "$(APP_VERSION)";
				OTHER_LDFLAGS = (
					"$(inherited)",
					"-l\"c++\"",
					"-l\"sqlite3\"",
					"-l\"z\"",
					"-framework",
					"\"AppCenter\"",
					"-framework",
					"\"AppCenterAnalytics\"",
					"-framework",
					"\"AppCenterCrashes\"",
					"-framework",
					"\"CoreTelephony\"",
					"-framework",
					"\"Foundation\"",
					"-framework",
					"\"IGListDiffKit\"",
					"-framework",
					"\"IGListKit\"",
					"-framework",
					"\"SystemConfiguration\"",
					"-framework",
					"\"UIKit\"",
					"-ObjC",
				);
				PRODUCT_BUNDLE_IDENTIFIER = "$(APP_BUNDLE_ID)";
				PRODUCT_NAME = "$(APP_NAME)";
				PROVISIONING_PROFILE_SPECIFIER = Wildcard;
				SWIFT_VERSION = 5.0;
				TARGETED_DEVICE_FAMILY = 1;
			};
			name = "Debug (Production)";
		};
		B7F69CBA268EB22000B01223 /* Release (Production) */ = {
			isa = XCBuildConfiguration;
			baseConfigurationReference = B75E62F0269978ED003E1ADA /* Production.xcconfig */;
			buildSettings = {
				ASSETCATALOG_COMPILER_APPICON_NAME = AppIcon;
				ASSETCATALOG_COMPILER_GLOBAL_ACCENT_COLOR_NAME = AccentColor;
				CODE_SIGN_IDENTITY = "iPhone Developer";
				CODE_SIGN_STYLE = Manual;
				CURRENT_PROJECT_VERSION = 1;
				DEVELOPMENT_TEAM = LT4X78Q64A;
				ENABLE_BITCODE = NO;
				EXCLUDED_ARCHS = "";
				INFOPLIST_FILE = "Castcle-iOS/Info.plist";
				IPHONEOS_DEPLOYMENT_TARGET = 13.0;
				LD_RUNPATH_SEARCH_PATHS = (
					"$(inherited)",
					"@executable_path/Frameworks",
				);
				MARKETING_VERSION = "$(APP_VERSION)";
				OTHER_LDFLAGS = (
					"$(inherited)",
					"-l\"c++\"",
					"-l\"sqlite3\"",
					"-l\"z\"",
					"-framework",
					"\"AppCenter\"",
					"-framework",
					"\"AppCenterAnalytics\"",
					"-framework",
					"\"AppCenterCrashes\"",
					"-framework",
					"\"CoreTelephony\"",
					"-framework",
					"\"Foundation\"",
					"-framework",
					"\"IGListDiffKit\"",
					"-framework",
					"\"IGListKit\"",
					"-framework",
					"\"SystemConfiguration\"",
					"-framework",
					"\"UIKit\"",
					"-ObjC",
				);
				PRODUCT_BUNDLE_IDENTIFIER = "$(APP_BUNDLE_ID)";
				PRODUCT_NAME = "$(APP_NAME)";
				PROVISIONING_PROFILE_SPECIFIER = Wildcard;
				SWIFT_VERSION = 5.0;
				TARGETED_DEVICE_FAMILY = 1;
			};
			name = "Release (Production)";
		};
/* End XCBuildConfiguration section */

/* Begin XCConfigurationList section */
		B7F69C9F268EB21E00B01223 /* Build configuration list for PBXProject "Castcle-iOS" */ = {
			isa = XCConfigurationList;
			buildConfigurations = (
				B7F69CB6268EB22000B01223 /* Debug (Production) */,
				B75E62E526997702003E1ADA /* Debug (Staging) */,
				B75E62E726997707003E1ADA /* Debug (Development) */,
				B7F69CB7268EB22000B01223 /* Release (Production) */,
				B75E62E92699770B003E1ADA /* Release (Staging) */,
				B75E62EB2699770E003E1ADA /* Release (Development) */,
			);
			defaultConfigurationIsVisible = 0;
			defaultConfigurationName = "Release (Production)";
		};
		B7F69CB8268EB22000B01223 /* Build configuration list for PBXNativeTarget "Castcle-iOS" */ = {
			isa = XCConfigurationList;
			buildConfigurations = (
				B7F69CB9268EB22000B01223 /* Debug (Production) */,
				B75E62E626997702003E1ADA /* Debug (Staging) */,
				B75E62E826997707003E1ADA /* Debug (Development) */,
				B7F69CBA268EB22000B01223 /* Release (Production) */,
				B75E62EA2699770B003E1ADA /* Release (Staging) */,
				B75E62EC2699770E003E1ADA /* Release (Development) */,
			);
			defaultConfigurationIsVisible = 0;
			defaultConfigurationName = "Release (Production)";
		};
/* End XCConfigurationList section */
	};
	rootObject = B7F69C9C268EB21E00B01223 /* Project object */;
}
