// !$*UTF8*$!
{
	archiveVersion = 1;
	classes = {
	};
	objectVersion = 52;
	objects = {

/* Begin PBXBuildFile section */
		4672E34664E63E4F9451D2DC /* Pods_Castcle_iOS.framework in Frameworks */ = {isa = PBXBuildFile; fileRef = 7B82A807214B15A7C5220ED7 /* Pods_Castcle_iOS.framework */; };
		B71B666B27210CEF00191A62 /* AppDelegateViewModel.swift in Sources */ = {isa = PBXBuildFile; fileRef = B71B666A27210CEF00191A62 /* AppDelegateViewModel.swift */; };
		B72FDEC528339ED400748D13 /* Wallet.framework in Frameworks */ = {isa = PBXBuildFile; fileRef = B72FDEC428339ED400748D13 /* Wallet.framework */; };
		B72FDEC628339ED400748D13 /* Wallet.framework in Embed Frameworks */ = {isa = PBXBuildFile; fileRef = B72FDEC428339ED400748D13 /* Wallet.framework */; settings = {ATTRIBUTES = (CodeSignOnCopy, RemoveHeadersOnCopy, ); }; };
		B754FCAB28744CA800986C73 /* AdjustSigComIosProdSdk.xcframework in Frameworks */ = {isa = PBXBuildFile; fileRef = B754FCAA28744CA800986C73 /* AdjustSigComIosProdSdk.xcframework */; };
		B754FCAC28744CA800986C73 /* AdjustSigComIosProdSdk.xcframework in Embed Frameworks */ = {isa = PBXBuildFile; fileRef = B754FCAA28744CA800986C73 /* AdjustSigComIosProdSdk.xcframework */; settings = {ATTRIBUTES = (CodeSignOnCopy, RemoveHeadersOnCopy, ); }; };
		B7927DB927A80228005DB48A /* Ads.framework in Frameworks */ = {isa = PBXBuildFile; fileRef = B7927DB827A80228005DB48A /* Ads.framework */; };
		B7927DBA27A80228005DB48A /* Ads.framework in Embed Frameworks */ = {isa = PBXBuildFile; fileRef = B7927DB827A80228005DB48A /* Ads.framework */; settings = {ATTRIBUTES = (CodeSignOnCopy, RemoveHeadersOnCopy, ); }; };
		B792AA1827955D9800364F7C /* GoogleService-Info-Dev.plist in Resources */ = {isa = PBXBuildFile; fileRef = B792AA1527955D9700364F7C /* GoogleService-Info-Dev.plist */; };
		B792AA1927955D9800364F7C /* GoogleService-Info-Stg.plist in Resources */ = {isa = PBXBuildFile; fileRef = B792AA1627955D9700364F7C /* GoogleService-Info-Stg.plist */; };
		B792AA1A27955D9800364F7C /* GoogleService-Info.plist in Resources */ = {isa = PBXBuildFile; fileRef = B792AA1727955D9800364F7C /* GoogleService-Info.plist */; };
		B79723F527F1A66A00111F24 /* Farming.framework in Frameworks */ = {isa = PBXBuildFile; fileRef = B79723F427F1A66A00111F24 /* Farming.framework */; };
		B79723F627F1A66A00111F24 /* Farming.framework in Embed Frameworks */ = {isa = PBXBuildFile; fileRef = B79723F427F1A66A00111F24 /* Farming.framework */; settings = {ATTRIBUTES = (CodeSignOnCopy, RemoveHeadersOnCopy, ); }; };
		B7B4A53426F89D97001C4737 /* Authen.framework in Frameworks */ = {isa = PBXBuildFile; fileRef = B7910E0D26B12FE60097C94E /* Authen.framework */; };
		B7B4A53526F89D97001C4737 /* Authen.framework in Embed Frameworks */ = {isa = PBXBuildFile; fileRef = B7910E0D26B12FE60097C94E /* Authen.framework */; settings = {ATTRIBUTES = (CodeSignOnCopy, RemoveHeadersOnCopy, ); }; };
		B7B4A53726F89D9E001C4737 /* Component.framework in Frameworks */ = {isa = PBXBuildFile; fileRef = B75E628626969B04003E1ADA /* Component.framework */; };
		B7B4A53826F89D9E001C4737 /* Component.framework in Embed Frameworks */ = {isa = PBXBuildFile; fileRef = B75E628626969B04003E1ADA /* Component.framework */; settings = {ATTRIBUTES = (CodeSignOnCopy, RemoveHeadersOnCopy, ); }; };
		B7B4A53926F89DA0001C4737 /* Core.framework in Frameworks */ = {isa = PBXBuildFile; fileRef = B792811B268EC784000ED84A /* Core.framework */; };
		B7B4A53A26F89DA0001C4737 /* Core.framework in Embed Frameworks */ = {isa = PBXBuildFile; fileRef = B792811B268EC784000ED84A /* Core.framework */; settings = {ATTRIBUTES = (CodeSignOnCopy, RemoveHeadersOnCopy, ); }; };
		B7B4A53B26F89DA3001C4737 /* Feed.framework in Frameworks */ = {isa = PBXBuildFile; fileRef = B79281B2269455D1000ED84A /* Feed.framework */; };
		B7B4A53C26F89DA3001C4737 /* Feed.framework in Embed Frameworks */ = {isa = PBXBuildFile; fileRef = B79281B2269455D1000ED84A /* Feed.framework */; settings = {ATTRIBUTES = (CodeSignOnCopy, RemoveHeadersOnCopy, ); }; };
		B7B4A53D26F89DA5001C4737 /* Networking.framework in Frameworks */ = {isa = PBXBuildFile; fileRef = B74CEF1E26C50760006B1F2C /* Networking.framework */; };
		B7B4A53E26F89DA5001C4737 /* Networking.framework in Embed Frameworks */ = {isa = PBXBuildFile; fileRef = B74CEF1E26C50760006B1F2C /* Networking.framework */; settings = {ATTRIBUTES = (CodeSignOnCopy, RemoveHeadersOnCopy, ); }; };
		B7B4A53F26F89DA7001C4737 /* Notification.framework in Frameworks */ = {isa = PBXBuildFile; fileRef = B758AC5426F4396A00A4A5FB /* Notification.framework */; };
		B7B4A54026F89DA7001C4737 /* Notification.framework in Embed Frameworks */ = {isa = PBXBuildFile; fileRef = B758AC5426F4396A00A4A5FB /* Notification.framework */; settings = {ATTRIBUTES = (CodeSignOnCopy, RemoveHeadersOnCopy, ); }; };
		B7B4A54326F89DAE001C4737 /* Profile.framework in Frameworks */ = {isa = PBXBuildFile; fileRef = B7910E1026B12FEF0097C94E /* Profile.framework */; };
		B7B4A54426F89DAE001C4737 /* Profile.framework in Embed Frameworks */ = {isa = PBXBuildFile; fileRef = B7910E1026B12FEF0097C94E /* Profile.framework */; settings = {ATTRIBUTES = (CodeSignOnCopy, RemoveHeadersOnCopy, ); }; };
		B7B4A54526F89DB0001C4737 /* Search.framework in Frameworks */ = {isa = PBXBuildFile; fileRef = B79281B3269455D1000ED84A /* Search.framework */; };
		B7B4A54626F89DB0001C4737 /* Search.framework in Embed Frameworks */ = {isa = PBXBuildFile; fileRef = B79281B3269455D1000ED84A /* Search.framework */; settings = {ATTRIBUTES = (CodeSignOnCopy, RemoveHeadersOnCopy, ); }; };
		B7B4A54726F89DB2001C4737 /* Setting.framework in Frameworks */ = {isa = PBXBuildFile; fileRef = B7C252D826D3964D00ACBB84 /* Setting.framework */; };
		B7B4A54826F89DB2001C4737 /* Setting.framework in Embed Frameworks */ = {isa = PBXBuildFile; fileRef = B7C252D826D3964D00ACBB84 /* Setting.framework */; settings = {ATTRIBUTES = (CodeSignOnCopy, RemoveHeadersOnCopy, ); }; };
		B7BE8086289D310E0066ADF9 /* Report.framework in Frameworks */ = {isa = PBXBuildFile; fileRef = B7BE8085289D310E0066ADF9 /* Report.framework */; };
		B7BE8087289D310E0066ADF9 /* Report.framework in Embed Frameworks */ = {isa = PBXBuildFile; fileRef = B7BE8085289D310E0066ADF9 /* Report.framework */; settings = {ATTRIBUTES = (CodeSignOnCopy, RemoveHeadersOnCopy, ); }; };
		B7F69CA8268EB21E00B01223 /* AppDelegate.swift in Sources */ = {isa = PBXBuildFile; fileRef = B7F69CA7268EB21E00B01223 /* AppDelegate.swift */; };
		B7F69CB1268EB22000B01223 /* Assets.xcassets in Resources */ = {isa = PBXBuildFile; fileRef = B7F69CB0268EB22000B01223 /* Assets.xcassets */; };
		B7F69CB4268EB22000B01223 /* LaunchScreen.storyboard in Resources */ = {isa = PBXBuildFile; fileRef = B7F69CB2268EB22000B01223 /* LaunchScreen.storyboard */; };
		B7F814EA28635672002C3F50 /* AdSupport.framework in Frameworks */ = {isa = PBXBuildFile; fileRef = B7F814E928635671002C3F50 /* AdSupport.framework */; };
		B7F814EC28635679002C3F50 /* iAd.framework in Frameworks */ = {isa = PBXBuildFile; fileRef = B7F814EB28635679002C3F50 /* iAd.framework */; };
		B7F814EE2863568B002C3F50 /* AdServices.framework in Frameworks */ = {isa = PBXBuildFile; fileRef = B7F814ED2863568B002C3F50 /* AdServices.framework */; };
		B7F814F028635696002C3F50 /* StoreKit.framework in Frameworks */ = {isa = PBXBuildFile; fileRef = B7F814EF28635696002C3F50 /* StoreKit.framework */; };
		B7F814F2286356A2002C3F50 /* AppTrackingTransparency.framework in Frameworks */ = {isa = PBXBuildFile; fileRef = B7F814F1286356A2002C3F50 /* AppTrackingTransparency.framework */; };
		B7F814F4286356AA002C3F50 /* WebKit.framework in Frameworks */ = {isa = PBXBuildFile; fileRef = B7F814F3286356AA002C3F50 /* WebKit.framework */; };
/* End PBXBuildFile section */

/* Begin PBXCopyFilesBuildPhase section */
		B7B4A53626F89D97001C4737 /* Embed Frameworks */ = {
			isa = PBXCopyFilesBuildPhase;
			buildActionMask = 2147483647;
			dstPath = "";
			dstSubfolderSpec = 10;
			files = (
				B7BE8087289D310E0066ADF9 /* Report.framework in Embed Frameworks */,
				B7B4A53826F89D9E001C4737 /* Component.framework in Embed Frameworks */,
				B72FDEC628339ED400748D13 /* Wallet.framework in Embed Frameworks */,
				B79723F627F1A66A00111F24 /* Farming.framework in Embed Frameworks */,
				B7B4A53A26F89DA0001C4737 /* Core.framework in Embed Frameworks */,
				B7B4A53C26F89DA3001C4737 /* Feed.framework in Embed Frameworks */,
				B7B4A54626F89DB0001C4737 /* Search.framework in Embed Frameworks */,
				B7B4A53E26F89DA5001C4737 /* Networking.framework in Embed Frameworks */,
				B7B4A53526F89D97001C4737 /* Authen.framework in Embed Frameworks */,
				B754FCAC28744CA800986C73 /* AdjustSigComIosProdSdk.xcframework in Embed Frameworks */,
				B7927DBA27A80228005DB48A /* Ads.framework in Embed Frameworks */,
				B7B4A54826F89DB2001C4737 /* Setting.framework in Embed Frameworks */,
				B7B4A54426F89DAE001C4737 /* Profile.framework in Embed Frameworks */,
				B7B4A54026F89DA7001C4737 /* Notification.framework in Embed Frameworks */,
			);
			name = "Embed Frameworks";
			runOnlyForDeploymentPostprocessing = 0;
		};
/* End PBXCopyFilesBuildPhase section */

/* Begin PBXFileReference section */
		04B407A1A44B21AE1A719DD3 /* Pods-Castcle-iOS.release (development).xcconfig */ = {isa = PBXFileReference; includeInIndex = 1; lastKnownFileType = text.xcconfig; name = "Pods-Castcle-iOS.release (development).xcconfig"; path = "Target Support Files/Pods-Castcle-iOS/Pods-Castcle-iOS.release (development).xcconfig"; sourceTree = "<group>"; };
		1B2657371EE215ED84817538 /* Pods-Castcle-iOS.debug (production).xcconfig */ = {isa = PBXFileReference; includeInIndex = 1; lastKnownFileType = text.xcconfig; name = "Pods-Castcle-iOS.debug (production).xcconfig"; path = "Target Support Files/Pods-Castcle-iOS/Pods-Castcle-iOS.debug (production).xcconfig"; sourceTree = "<group>"; };
		1D8E24AF82853A294C2C9035 /* Pods-Castcle-iOS.debug (staging).xcconfig */ = {isa = PBXFileReference; includeInIndex = 1; lastKnownFileType = text.xcconfig; name = "Pods-Castcle-iOS.debug (staging).xcconfig"; path = "Target Support Files/Pods-Castcle-iOS/Pods-Castcle-iOS.debug (staging).xcconfig"; sourceTree = "<group>"; };
		5329F7E841524DD38F69139D /* Pods-Castcle-iOS.release (production).xcconfig */ = {isa = PBXFileReference; includeInIndex = 1; lastKnownFileType = text.xcconfig; name = "Pods-Castcle-iOS.release (production).xcconfig"; path = "Target Support Files/Pods-Castcle-iOS/Pods-Castcle-iOS.release (production).xcconfig"; sourceTree = "<group>"; };
		7B82A807214B15A7C5220ED7 /* Pods_Castcle_iOS.framework */ = {isa = PBXFileReference; explicitFileType = wrapper.framework; includeInIndex = 0; path = Pods_Castcle_iOS.framework; sourceTree = BUILT_PRODUCTS_DIR; };
		B70748EF27955CC600F01CB4 /* Development.xcconfig */ = {isa = PBXFileReference; fileEncoding = 4; lastKnownFileType = text.xcconfig; path = Development.xcconfig; sourceTree = "<group>"; };
		B70748F127955CC600F01CB4 /* Staging.xcconfig */ = {isa = PBXFileReference; fileEncoding = 4; lastKnownFileType = text.xcconfig; path = Staging.xcconfig; sourceTree = "<group>"; };
		B70748F227955CC600F01CB4 /* Production.xcconfig */ = {isa = PBXFileReference; fileEncoding = 4; lastKnownFileType = text.xcconfig; path = Production.xcconfig; sourceTree = "<group>"; };
		B71B666A27210CEF00191A62 /* AppDelegateViewModel.swift */ = {isa = PBXFileReference; lastKnownFileType = sourcecode.swift; path = AppDelegateViewModel.swift; sourceTree = "<group>"; };
		B72FDEC428339ED400748D13 /* Wallet.framework */ = {isa = PBXFileReference; explicitFileType = wrapper.framework; path = Wallet.framework; sourceTree = BUILT_PRODUCTS_DIR; };
		B74CEF1E26C50760006B1F2C /* Networking.framework */ = {isa = PBXFileReference; explicitFileType = wrapper.framework; path = Networking.framework; sourceTree = BUILT_PRODUCTS_DIR; };
		B754FCA428744BD600986C73 /* AdjustSigComIosProdSdk.framework */ = {isa = PBXFileReference; lastKnownFileType = wrapper.framework; name = AdjustSigComIosProdSdk.framework; path = "../../../Downloads/comcastcleiosprod-adjust-ios-signaturev2-v2.15.6-s3/dynamic/AdjustSigComIosProdSdk.framework"; sourceTree = "<group>"; };
		B754FCA728744C3B00986C73 /* AdjustSigComIosProdSdk.framework */ = {isa = PBXFileReference; lastKnownFileType = wrapper.framework; name = AdjustSigComIosProdSdk.framework; path = Sdk/AdjustSigComIosProdSdk.framework; sourceTree = "<group>"; };
		B754FCAA28744CA800986C73 /* AdjustSigComIosProdSdk.xcframework */ = {isa = PBXFileReference; lastKnownFileType = wrapper.xcframework; name = AdjustSigComIosProdSdk.xcframework; path = Sdk/AdjustSigComIosProdSdk.xcframework; sourceTree = "<group>"; };
		B758AC5426F4396A00A4A5FB /* Notification.framework */ = {isa = PBXFileReference; explicitFileType = wrapper.framework; path = Notification.framework; sourceTree = BUILT_PRODUCTS_DIR; };
		B75E628626969B04003E1ADA /* Component.framework */ = {isa = PBXFileReference; explicitFileType = wrapper.framework; path = Component.framework; sourceTree = BUILT_PRODUCTS_DIR; };
		B7910E0D26B12FE60097C94E /* Authen.framework */ = {isa = PBXFileReference; explicitFileType = wrapper.framework; path = Authen.framework; sourceTree = BUILT_PRODUCTS_DIR; };
		B7910E1026B12FEF0097C94E /* Profile.framework */ = {isa = PBXFileReference; explicitFileType = wrapper.framework; path = Profile.framework; sourceTree = BUILT_PRODUCTS_DIR; };
		B7927DB827A80228005DB48A /* Ads.framework */ = {isa = PBXFileReference; explicitFileType = wrapper.framework; path = Ads.framework; sourceTree = BUILT_PRODUCTS_DIR; };
		B792811B268EC784000ED84A /* Core.framework */ = {isa = PBXFileReference; explicitFileType = wrapper.framework; path = Core.framework; sourceTree = BUILT_PRODUCTS_DIR; };
		B79281B2269455D1000ED84A /* Feed.framework */ = {isa = PBXFileReference; explicitFileType = wrapper.framework; path = Feed.framework; sourceTree = BUILT_PRODUCTS_DIR; };
		B79281B3269455D1000ED84A /* Search.framework */ = {isa = PBXFileReference; explicitFileType = wrapper.framework; path = Search.framework; sourceTree = BUILT_PRODUCTS_DIR; };
		B792AA1527955D9700364F7C /* GoogleService-Info-Dev.plist */ = {isa = PBXFileReference; fileEncoding = 4; lastKnownFileType = text.plist.xml; path = "GoogleService-Info-Dev.plist"; sourceTree = "<group>"; };
		B792AA1627955D9700364F7C /* GoogleService-Info-Stg.plist */ = {isa = PBXFileReference; fileEncoding = 4; lastKnownFileType = text.plist.xml; path = "GoogleService-Info-Stg.plist"; sourceTree = "<group>"; };
		B792AA1727955D9800364F7C /* GoogleService-Info.plist */ = {isa = PBXFileReference; fileEncoding = 4; lastKnownFileType = text.plist.xml; path = "GoogleService-Info.plist"; sourceTree = "<group>"; };
		B79723F427F1A66A00111F24 /* Farming.framework */ = {isa = PBXFileReference; explicitFileType = wrapper.framework; path = Farming.framework; sourceTree = BUILT_PRODUCTS_DIR; };
		B7BE8085289D310E0066ADF9 /* Report.framework */ = {isa = PBXFileReference; explicitFileType = wrapper.framework; path = Report.framework; sourceTree = BUILT_PRODUCTS_DIR; };
		B7C2524A26C84B8700ACBB84 /* Post.framework */ = {isa = PBXFileReference; explicitFileType = wrapper.framework; path = Post.framework; sourceTree = BUILT_PRODUCTS_DIR; };
		B7C252D826D3964D00ACBB84 /* Setting.framework */ = {isa = PBXFileReference; explicitFileType = wrapper.framework; path = Setting.framework; sourceTree = BUILT_PRODUCTS_DIR; };
		B7F69CA4268EB21E00B01223 /* Castcle.app */ = {isa = PBXFileReference; explicitFileType = wrapper.application; includeInIndex = 0; path = Castcle.app; sourceTree = BUILT_PRODUCTS_DIR; };
		B7F69CA7268EB21E00B01223 /* AppDelegate.swift */ = {isa = PBXFileReference; lastKnownFileType = sourcecode.swift; path = AppDelegate.swift; sourceTree = "<group>"; };
		B7F69CB0268EB22000B01223 /* Assets.xcassets */ = {isa = PBXFileReference; lastKnownFileType = folder.assetcatalog; path = Assets.xcassets; sourceTree = "<group>"; };
		B7F69CB3268EB22000B01223 /* Base */ = {isa = PBXFileReference; lastKnownFileType = file.storyboard; name = Base; path = Base.lproj/LaunchScreen.storyboard; sourceTree = "<group>"; };
		B7F69CB5268EB22000B01223 /* Info.plist */ = {isa = PBXFileReference; lastKnownFileType = text.plist.xml; path = Info.plist; sourceTree = "<group>"; };
		B7F814E928635671002C3F50 /* AdSupport.framework */ = {isa = PBXFileReference; lastKnownFileType = wrapper.framework; name = AdSupport.framework; path = System/Library/Frameworks/AdSupport.framework; sourceTree = SDKROOT; };
		B7F814EB28635679002C3F50 /* iAd.framework */ = {isa = PBXFileReference; lastKnownFileType = wrapper.framework; name = iAd.framework; path = System/Library/Frameworks/iAd.framework; sourceTree = SDKROOT; };
		B7F814ED2863568B002C3F50 /* AdServices.framework */ = {isa = PBXFileReference; lastKnownFileType = wrapper.framework; name = AdServices.framework; path = System/Library/Frameworks/AdServices.framework; sourceTree = SDKROOT; };
		B7F814EF28635696002C3F50 /* StoreKit.framework */ = {isa = PBXFileReference; lastKnownFileType = wrapper.framework; name = StoreKit.framework; path = System/Library/Frameworks/StoreKit.framework; sourceTree = SDKROOT; };
		B7F814F1286356A2002C3F50 /* AppTrackingTransparency.framework */ = {isa = PBXFileReference; lastKnownFileType = wrapper.framework; name = AppTrackingTransparency.framework; path = System/Library/Frameworks/AppTrackingTransparency.framework; sourceTree = SDKROOT; };
		B7F814F3286356AA002C3F50 /* WebKit.framework */ = {isa = PBXFileReference; lastKnownFileType = wrapper.framework; name = WebKit.framework; path = System/Library/Frameworks/WebKit.framework; sourceTree = SDKROOT; };
		B7FF592326EB5903002EA174 /* Castcle.entitlements */ = {isa = PBXFileReference; lastKnownFileType = text.plist.entitlements; path = Castcle.entitlements; sourceTree = "<group>"; };
		CDD8E4219FBE98C8BB0C9BD8 /* Pods-Castcle-iOS.debug (development).xcconfig */ = {isa = PBXFileReference; includeInIndex = 1; lastKnownFileType = text.xcconfig; name = "Pods-Castcle-iOS.debug (development).xcconfig"; path = "Target Support Files/Pods-Castcle-iOS/Pods-Castcle-iOS.debug (development).xcconfig"; sourceTree = "<group>"; };
		DA60F14B0EAC8D7BECAF2BE7 /* Pods-Castcle-iOS.release (staging).xcconfig */ = {isa = PBXFileReference; includeInIndex = 1; lastKnownFileType = text.xcconfig; name = "Pods-Castcle-iOS.release (staging).xcconfig"; path = "Target Support Files/Pods-Castcle-iOS/Pods-Castcle-iOS.release (staging).xcconfig"; sourceTree = "<group>"; };
/* End PBXFileReference section */

/* Begin PBXFrameworksBuildPhase section */
		B7F69CA1268EB21E00B01223 /* Frameworks */ = {
			isa = PBXFrameworksBuildPhase;
			buildActionMask = 2147483647;
			files = (
				B7BE8086289D310E0066ADF9 /* Report.framework in Frameworks */,
				B7B4A53D26F89DA5001C4737 /* Networking.framework in Frameworks */,
				B7927DB927A80228005DB48A /* Ads.framework in Frameworks */,
				B7B4A54326F89DAE001C4737 /* Profile.framework in Frameworks */,
				B7F814F2286356A2002C3F50 /* AppTrackingTransparency.framework in Frameworks */,
				B7B4A54726F89DB2001C4737 /* Setting.framework in Frameworks */,
				B7B4A53726F89D9E001C4737 /* Component.framework in Frameworks */,
				B7B4A54526F89DB0001C4737 /* Search.framework in Frameworks */,
				B7F814EC28635679002C3F50 /* iAd.framework in Frameworks */,
				B754FCAB28744CA800986C73 /* AdjustSigComIosProdSdk.xcframework in Frameworks */,
				B7B4A53B26F89DA3001C4737 /* Feed.framework in Frameworks */,
				B79723F527F1A66A00111F24 /* Farming.framework in Frameworks */,
				B7F814EE2863568B002C3F50 /* AdServices.framework in Frameworks */,
				B7B4A53426F89D97001C4737 /* Authen.framework in Frameworks */,
				B7B4A53926F89DA0001C4737 /* Core.framework in Frameworks */,
				B7B4A53F26F89DA7001C4737 /* Notification.framework in Frameworks */,
				B72FDEC528339ED400748D13 /* Wallet.framework in Frameworks */,
				B7F814F028635696002C3F50 /* StoreKit.framework in Frameworks */,
				B7F814F4286356AA002C3F50 /* WebKit.framework in Frameworks */,
				B7F814EA28635672002C3F50 /* AdSupport.framework in Frameworks */,
				4672E34664E63E4F9451D2DC /* Pods_Castcle_iOS.framework in Frameworks */,
			);
			runOnlyForDeploymentPostprocessing = 0;
		};
/* End PBXFrameworksBuildPhase section */

/* Begin PBXGroup section */
		7F3A3F40D4655699A46A2DB0 /* Frameworks */ = {
			isa = PBXGroup;
			children = (
				B7BE8085289D310E0066ADF9 /* Report.framework */,
				B754FCAA28744CA800986C73 /* AdjustSigComIosProdSdk.xcframework */,
				B754FCA428744BD600986C73 /* AdjustSigComIosProdSdk.framework */,
				B754FCA728744C3B00986C73 /* AdjustSigComIosProdSdk.framework */,
				B7F814F3286356AA002C3F50 /* WebKit.framework */,
				B7F814F1286356A2002C3F50 /* AppTrackingTransparency.framework */,
				B7F814EF28635696002C3F50 /* StoreKit.framework */,
				B7F814ED2863568B002C3F50 /* AdServices.framework */,
				B7F814EB28635679002C3F50 /* iAd.framework */,
				B7F814E928635671002C3F50 /* AdSupport.framework */,
				B72FDEC428339ED400748D13 /* Wallet.framework */,
				B79723F427F1A66A00111F24 /* Farming.framework */,
				B7927DB827A80228005DB48A /* Ads.framework */,
				B758AC5426F4396A00A4A5FB /* Notification.framework */,
				B7C252D826D3964D00ACBB84 /* Setting.framework */,
				B7C2524A26C84B8700ACBB84 /* Post.framework */,
				B74CEF1E26C50760006B1F2C /* Networking.framework */,
				B7910E1026B12FEF0097C94E /* Profile.framework */,
				B7910E0D26B12FE60097C94E /* Authen.framework */,
				B75E628626969B04003E1ADA /* Component.framework */,
				B79281B2269455D1000ED84A /* Feed.framework */,
				B79281B3269455D1000ED84A /* Search.framework */,
				B792811B268EC784000ED84A /* Core.framework */,
				7B82A807214B15A7C5220ED7 /* Pods_Castcle_iOS.framework */,
			);
			name = Frameworks;
			sourceTree = "<group>";
		};
		B70748EE27955CC600F01CB4 /* Main Config */ = {
			isa = PBXGroup;
			children = (
				B70748EF27955CC600F01CB4 /* Development.xcconfig */,
				B70748F127955CC600F01CB4 /* Staging.xcconfig */,
				B70748F227955CC600F01CB4 /* Production.xcconfig */,
				B792AA1527955D9700364F7C /* GoogleService-Info-Dev.plist */,
				B792AA1627955D9700364F7C /* GoogleService-Info-Stg.plist */,
				B792AA1727955D9800364F7C /* GoogleService-Info.plist */,
			);
			name = "Main Config";
			path = "Config/Main Config";
			sourceTree = SOURCE_ROOT;
		};
		B7F69C9B268EB21E00B01223 = {
			isa = PBXGroup;
			children = (
				B7F69CA6268EB21E00B01223 /* Castcle-iOS */,
				B7F69CA5268EB21E00B01223 /* Products */,
				F093F7C16BC95A49994F6E0B /* Pods */,
				7F3A3F40D4655699A46A2DB0 /* Frameworks */,
			);
			sourceTree = "<group>";
		};
		B7F69CA5268EB21E00B01223 /* Products */ = {
			isa = PBXGroup;
			children = (
				B7F69CA4268EB21E00B01223 /* Castcle.app */,
			);
			name = Products;
			sourceTree = "<group>";
		};
		B7F69CA6268EB21E00B01223 /* Castcle-iOS */ = {
			isa = PBXGroup;
			children = (
				B7FF592326EB5903002EA174 /* Castcle.entitlements */,
				B7F69CA7268EB21E00B01223 /* AppDelegate.swift */,
				B71B666A27210CEF00191A62 /* AppDelegateViewModel.swift */,
				B7F69CB0268EB22000B01223 /* Assets.xcassets */,
				B7F69CB2268EB22000B01223 /* LaunchScreen.storyboard */,
				B7F69CB5268EB22000B01223 /* Info.plist */,
				B70748EE27955CC600F01CB4 /* Main Config */,
			);
			path = "Castcle-iOS";
			sourceTree = "<group>";
		};
		F093F7C16BC95A49994F6E0B /* Pods */ = {
			isa = PBXGroup;
			children = (
				1B2657371EE215ED84817538 /* Pods-Castcle-iOS.debug (production).xcconfig */,
				1D8E24AF82853A294C2C9035 /* Pods-Castcle-iOS.debug (staging).xcconfig */,
				CDD8E4219FBE98C8BB0C9BD8 /* Pods-Castcle-iOS.debug (development).xcconfig */,
				5329F7E841524DD38F69139D /* Pods-Castcle-iOS.release (production).xcconfig */,
				DA60F14B0EAC8D7BECAF2BE7 /* Pods-Castcle-iOS.release (staging).xcconfig */,
				04B407A1A44B21AE1A719DD3 /* Pods-Castcle-iOS.release (development).xcconfig */,
			);
			path = Pods;
			sourceTree = "<group>";
		};
/* End PBXGroup section */

/* Begin PBXNativeTarget section */
		B7F69CA3268EB21E00B01223 /* Castcle-iOS */ = {
			isa = PBXNativeTarget;
			buildConfigurationList = B7F69CB8268EB22000B01223 /* Build configuration list for PBXNativeTarget "Castcle-iOS" */;
			buildPhases = (
				DF94125C96A15C2B8390F848 /* [CP] Check Pods Manifest.lock */,
				B7F69CA0268EB21E00B01223 /* Sources */,
				B7F69CA1268EB21E00B01223 /* Frameworks */,
				B7F69CA2268EB21E00B01223 /* Resources */,
				B7552944269C5179005D5EB5 /* ShellScript */,
				B7B4A53626F89D97001C4737 /* Embed Frameworks */,
				EA3D382437CA3465B844AA09 /* [CP] Embed Pods Frameworks */,
			);
			buildRules = (
			);
			dependencies = (
			);
			name = "Castcle-iOS";
			productName = "Castcle-iOS";
			productReference = B7F69CA4268EB21E00B01223 /* Castcle.app */;
			productType = "com.apple.product-type.application";
		};
/* End PBXNativeTarget section */

/* Begin PBXProject section */
		B7F69C9C268EB21E00B01223 /* Project object */ = {
			isa = PBXProject;
			attributes = {
				LastSwiftUpdateCheck = 1250;
				LastUpgradeCheck = 1340;
				TargetAttributes = {
					B7F69CA3268EB21E00B01223 = {
						CreatedOnToolsVersion = 12.5.1;
					};
				};
			};
			buildConfigurationList = B7F69C9F268EB21E00B01223 /* Build configuration list for PBXProject "Castcle-iOS" */;
			compatibilityVersion = "Xcode 9.3";
			developmentRegion = en;
			hasScannedForEncodings = 0;
			knownRegions = (
				en,
				Base,
			);
			mainGroup = B7F69C9B268EB21E00B01223;
			productRefGroup = B7F69CA5268EB21E00B01223 /* Products */;
			projectDirPath = "";
			projectRoot = "";
			targets = (
				B7F69CA3268EB21E00B01223 /* Castcle-iOS */,
			);
		};
/* End PBXProject section */

/* Begin PBXResourcesBuildPhase section */
		B7F69CA2268EB21E00B01223 /* Resources */ = {
			isa = PBXResourcesBuildPhase;
			buildActionMask = 2147483647;
			files = (
				B792AA1927955D9800364F7C /* GoogleService-Info-Stg.plist in Resources */,
				B792AA1A27955D9800364F7C /* GoogleService-Info.plist in Resources */,
				B792AA1827955D9800364F7C /* GoogleService-Info-Dev.plist in Resources */,
				B7F69CB4268EB22000B01223 /* LaunchScreen.storyboard in Resources */,
				B7F69CB1268EB22000B01223 /* Assets.xcassets in Resources */,
			);
			runOnlyForDeploymentPostprocessing = 0;
		};
/* End PBXResourcesBuildPhase section */

/* Begin PBXShellScriptBuildPhase section */
		B7552944269C5179005D5EB5 /* ShellScript */ = {
			isa = PBXShellScriptBuildPhase;
			buildActionMask = 2147483647;
			files = (
			);
			inputFileListPaths = (
			);
			inputPaths = (
				"$(SRCROOT)/$(BUILT_PRODUCTS_DIR)/$(INFOPLIST_PATH)",
				"${DWARF_DSYM_FOLDER_PATH}/${DWARF_DSYM_FILE_NAME}/Contents/Resources/DWARF/${TARGET_NAME}",
			);
			outputFileListPaths = (
			);
			outputPaths = (
			);
			runOnlyForDeploymentPostprocessing = 0;
			shellPath = /bin/sh;
			shellScript = "${BUILD_DIR%Build/*}SourcePackages/checkouts/firebase-ios-sdk/Crashlytics/run\n\"${PODS_ROOT}/SwiftLint/swiftlint\"\n";
		};
		DF94125C96A15C2B8390F848 /* [CP] Check Pods Manifest.lock */ = {
			isa = PBXShellScriptBuildPhase;
			buildActionMask = 2147483647;
			files = (
			);
			inputFileListPaths = (
			);
			inputPaths = (
				"${PODS_PODFILE_DIR_PATH}/Podfile.lock",
				"${PODS_ROOT}/Manifest.lock",
			);
			name = "[CP] Check Pods Manifest.lock";
			outputFileListPaths = (
			);
			outputPaths = (
				"$(DERIVED_FILE_DIR)/Pods-Castcle-iOS-checkManifestLockResult.txt",
			);
			runOnlyForDeploymentPostprocessing = 0;
			shellPath = /bin/sh;
			shellScript = "diff \"${PODS_PODFILE_DIR_PATH}/Podfile.lock\" \"${PODS_ROOT}/Manifest.lock\" > /dev/null\nif [ $? != 0 ] ; then\n    # print error to STDERR\n    echo \"error: The sandbox is not in sync with the Podfile.lock. Run 'pod install' or update your CocoaPods installation.\" >&2\n    exit 1\nfi\n# This output is used by Xcode 'outputs' to avoid re-running this script phase.\necho \"SUCCESS\" > \"${SCRIPT_OUTPUT_FILE_0}\"\n";
			showEnvVarsInLog = 0;
		};
		EA3D382437CA3465B844AA09 /* [CP] Embed Pods Frameworks */ = {
			isa = PBXShellScriptBuildPhase;
			buildActionMask = 2147483647;
			files = (
			);
			inputFileListPaths = (
				"${PODS_ROOT}/Target Support Files/Pods-Castcle-iOS/Pods-Castcle-iOS-frameworks-${CONFIGURATION}-input-files.xcfilelist",
			);
			name = "[CP] Embed Pods Frameworks";
			outputFileListPaths = (
				"${PODS_ROOT}/Target Support Files/Pods-Castcle-iOS/Pods-Castcle-iOS-frameworks-${CONFIGURATION}-output-files.xcfilelist",
			);
			runOnlyForDeploymentPostprocessing = 0;
			shellPath = /bin/sh;
			shellScript = "\"${PODS_ROOT}/Target Support Files/Pods-Castcle-iOS/Pods-Castcle-iOS-frameworks.sh\"\n";
			showEnvVarsInLog = 0;
		};
/* End PBXShellScriptBuildPhase section */

/* Begin PBXSourcesBuildPhase section */
		B7F69CA0268EB21E00B01223 /* Sources */ = {
			isa = PBXSourcesBuildPhase;
			buildActionMask = 2147483647;
			files = (
				B71B666B27210CEF00191A62 /* AppDelegateViewModel.swift in Sources */,
				B7F69CA8268EB21E00B01223 /* AppDelegate.swift in Sources */,
			);
			runOnlyForDeploymentPostprocessing = 0;
		};
/* End PBXSourcesBuildPhase section */

/* Begin PBXVariantGroup section */
		B7F69CB2268EB22000B01223 /* LaunchScreen.storyboard */ = {
			isa = PBXVariantGroup;
			children = (
				B7F69CB3268EB22000B01223 /* Base */,
			);
			name = LaunchScreen.storyboard;
			sourceTree = "<group>";
		};
/* End PBXVariantGroup section */

/* Begin XCBuildConfiguration section */
		B75E62E526997702003E1ADA /* Debug (Staging) */ = {
			isa = XCBuildConfiguration;
			baseConfigurationReference = B70748F127955CC600F01CB4 /* Staging.xcconfig */;
			buildSettings = {
				ALWAYS_SEARCH_USER_PATHS = NO;
				CLANG_ANALYZER_NONNULL = YES;
				CLANG_ANALYZER_NUMBER_OBJECT_CONVERSION = YES_AGGRESSIVE;
				CLANG_CXX_LANGUAGE_STANDARD = "gnu++14";
				CLANG_CXX_LIBRARY = "libc++";
				CLANG_ENABLE_MODULES = YES;
				CLANG_ENABLE_OBJC_ARC = YES;
				CLANG_ENABLE_OBJC_WEAK = YES;
				CLANG_WARN_BLOCK_CAPTURE_AUTORELEASING = YES;
				CLANG_WARN_BOOL_CONVERSION = YES;
				CLANG_WARN_COMMA = YES;
				CLANG_WARN_CONSTANT_CONVERSION = YES;
				CLANG_WARN_DEPRECATED_OBJC_IMPLEMENTATIONS = YES;
				CLANG_WARN_DIRECT_OBJC_ISA_USAGE = YES_ERROR;
				CLANG_WARN_DOCUMENTATION_COMMENTS = YES;
				CLANG_WARN_EMPTY_BODY = YES;
				CLANG_WARN_ENUM_CONVERSION = YES;
				CLANG_WARN_INFINITE_RECURSION = YES;
				CLANG_WARN_INT_CONVERSION = YES;
				CLANG_WARN_NON_LITERAL_NULL_CONVERSION = YES;
				CLANG_WARN_OBJC_IMPLICIT_RETAIN_SELF = YES;
				CLANG_WARN_OBJC_LITERAL_CONVERSION = YES;
				CLANG_WARN_OBJC_ROOT_CLASS = YES_ERROR;
				CLANG_WARN_QUOTED_INCLUDE_IN_FRAMEWORK_HEADER = YES;
				CLANG_WARN_RANGE_LOOP_ANALYSIS = YES;
				CLANG_WARN_STRICT_PROTOTYPES = YES;
				CLANG_WARN_SUSPICIOUS_MOVE = YES;
				CLANG_WARN_UNGUARDED_AVAILABILITY = YES_AGGRESSIVE;
				CLANG_WARN_UNREACHABLE_CODE = YES;
				CLANG_WARN__DUPLICATE_METHOD_MATCH = YES;
				COPY_PHASE_STRIP = NO;
				DEBUG_INFORMATION_FORMAT = "dwarf-with-dsym";
				ENABLE_BITCODE = NO;
				ENABLE_STRICT_OBJC_MSGSEND = YES;
				ENABLE_TESTABILITY = YES;
				GCC_C_LANGUAGE_STANDARD = gnu11;
				GCC_DYNAMIC_NO_PIC = NO;
				GCC_NO_COMMON_BLOCKS = YES;
				GCC_OPTIMIZATION_LEVEL = 0;
				GCC_PREPROCESSOR_DEFINITIONS = (
					"DEBUG=1",
					"$(inherited)",
				);
				GCC_WARN_64_TO_32_BIT_CONVERSION = YES;
				GCC_WARN_ABOUT_RETURN_TYPE = YES_ERROR;
				GCC_WARN_UNDECLARED_SELECTOR = YES;
				GCC_WARN_UNINITIALIZED_AUTOS = YES_AGGRESSIVE;
				GCC_WARN_UNUSED_FUNCTION = YES;
				GCC_WARN_UNUSED_VARIABLE = YES;
				IPHONEOS_DEPLOYMENT_TARGET = 13.0;
				MTL_ENABLE_DEBUG_INFO = INCLUDE_SOURCE;
				MTL_FAST_MATH = YES;
				ONLY_ACTIVE_ARCH = YES;
				SDKROOT = iphoneos;
				SWIFT_ACTIVE_COMPILATION_CONDITIONS = DEBUG;
				SWIFT_OPTIMIZATION_LEVEL = "-Onone";
			};
			name = "Debug (Staging)";
		};
		B75E62E626997702003E1ADA /* Debug (Staging) */ = {
			isa = XCBuildConfiguration;
			baseConfigurationReference = B70748F127955CC600F01CB4 /* Staging.xcconfig */;
			buildSettings = {
				ASSETCATALOG_COMPILER_APPICON_NAME = "AppIcon-Stg";
				ASSETCATALOG_COMPILER_GLOBAL_ACCENT_COLOR_NAME = AccentColor;
				CODE_SIGN_ENTITLEMENTS = "Castcle-iOS/Castcle.entitlements";
				CODE_SIGN_IDENTITY = "iPhone Developer";
				CODE_SIGN_STYLE = Manual;
				CURRENT_PROJECT_VERSION = 288;
				DEBUG_INFORMATION_FORMAT = "dwarf-with-dsym";
				DEVELOPMENT_TEAM = AL7Y45DV5Q;
				ENABLE_BITCODE = NO;
				EXCLUDED_ARCHS = "";
				FRAMEWORK_SEARCH_PATHS = (
					"$(inherited)",
					"$(PROJECT_DIR)/Sdk",
				);
				INFOPLIST_FILE = "Castcle-iOS/Info.plist";
				IPHONEOS_DEPLOYMENT_TARGET = 13.0;
				LD_RUNPATH_SEARCH_PATHS = (
					"$(inherited)",
					"@executable_path/Frameworks",
				);
				MARKETING_VERSION = "$(APP_VERSION)";
				OTHER_LDFLAGS = (
					"$(inherited)",
					"-l\"c++\"",
					"-l\"sqlite3\"",
					"-l\"z\"",
					"-framework",
					"\"AppCenter\"",
					"-framework",
					"\"AppCenterAnalytics\"",
					"-framework",
					"\"AppCenterCrashes\"",
					"-framework",
					"\"CoreTelephony\"",
					"-framework",
					"\"Foundation\"",
					"-framework",
					"\"IGListDiffKit\"",
					"-framework",
					"\"IGListKit\"",
					"-framework",
					"\"SystemConfiguration\"",
					"-framework",
					"\"UIKit\"",
					"-ObjC",
				);
				PRODUCT_BUNDLE_IDENTIFIER = "$(APP_BUNDLE_ID)";
				PRODUCT_NAME = "$(APP_NAME)";
				PROVISIONING_PROFILE_SPECIFIER = "Stg Castcle Development";
				SWIFT_VERSION = 5.0;
				TARGETED_DEVICE_FAMILY = 1;
			};
			name = "Debug (Staging)";
		};
		B75E62E726997707003E1ADA /* Debug (Development) */ = {
			isa = XCBuildConfiguration;
			baseConfigurationReference = B70748EF27955CC600F01CB4 /* Development.xcconfig */;
			buildSettings = {
				ALWAYS_SEARCH_USER_PATHS = NO;
				CLANG_ANALYZER_NONNULL = YES;
				CLANG_ANALYZER_NUMBER_OBJECT_CONVERSION = YES_AGGRESSIVE;
				CLANG_CXX_LANGUAGE_STANDARD = "gnu++14";
				CLANG_CXX_LIBRARY = "libc++";
				CLANG_ENABLE_MODULES = YES;
				CLANG_ENABLE_OBJC_ARC = YES;
				CLANG_ENABLE_OBJC_WEAK = YES;
				CLANG_WARN_BLOCK_CAPTURE_AUTORELEASING = YES;
				CLANG_WARN_BOOL_CONVERSION = YES;
				CLANG_WARN_COMMA = YES;
				CLANG_WARN_CONSTANT_CONVERSION = YES;
				CLANG_WARN_DEPRECATED_OBJC_IMPLEMENTATIONS = YES;
				CLANG_WARN_DIRECT_OBJC_ISA_USAGE = YES_ERROR;
				CLANG_WARN_DOCUMENTATION_COMMENTS = YES;
				CLANG_WARN_EMPTY_BODY = YES;
				CLANG_WARN_ENUM_CONVERSION = YES;
				CLANG_WARN_INFINITE_RECURSION = YES;
				CLANG_WARN_INT_CONVERSION = YES;
				CLANG_WARN_NON_LITERAL_NULL_CONVERSION = YES;
				CLANG_WARN_OBJC_IMPLICIT_RETAIN_SELF = YES;
				CLANG_WARN_OBJC_LITERAL_CONVERSION = YES;
				CLANG_WARN_OBJC_ROOT_CLASS = YES_ERROR;
				CLANG_WARN_QUOTED_INCLUDE_IN_FRAMEWORK_HEADER = YES;
				CLANG_WARN_RANGE_LOOP_ANALYSIS = YES;
				CLANG_WARN_STRICT_PROTOTYPES = YES;
				CLANG_WARN_SUSPICIOUS_MOVE = YES;
				CLANG_WARN_UNGUARDED_AVAILABILITY = YES_AGGRESSIVE;
				CLANG_WARN_UNREACHABLE_CODE = YES;
				CLANG_WARN__DUPLICATE_METHOD_MATCH = YES;
				COPY_PHASE_STRIP = NO;
				DEBUG_INFORMATION_FORMAT = "dwarf-with-dsym";
				ENABLE_BITCODE = NO;
				ENABLE_STRICT_OBJC_MSGSEND = YES;
				ENABLE_TESTABILITY = YES;
				GCC_C_LANGUAGE_STANDARD = gnu11;
				GCC_DYNAMIC_NO_PIC = NO;
				GCC_NO_COMMON_BLOCKS = YES;
				GCC_OPTIMIZATION_LEVEL = 0;
				GCC_PREPROCESSOR_DEFINITIONS = (
					"DEBUG=1",
					"$(inherited)",
				);
				GCC_WARN_64_TO_32_BIT_CONVERSION = YES;
				GCC_WARN_ABOUT_RETURN_TYPE = YES_ERROR;
				GCC_WARN_UNDECLARED_SELECTOR = YES;
				GCC_WARN_UNINITIALIZED_AUTOS = YES_AGGRESSIVE;
				GCC_WARN_UNUSED_FUNCTION = YES;
				GCC_WARN_UNUSED_VARIABLE = YES;
				IPHONEOS_DEPLOYMENT_TARGET = 13.0;
				MTL_ENABLE_DEBUG_INFO = INCLUDE_SOURCE;
				MTL_FAST_MATH = YES;
				ONLY_ACTIVE_ARCH = YES;
				SDKROOT = iphoneos;
				SWIFT_ACTIVE_COMPILATION_CONDITIONS = DEBUG;
				SWIFT_OPTIMIZATION_LEVEL = "-Onone";
			};
			name = "Debug (Development)";
		};
		B75E62E826997707003E1ADA /* Debug (Development) */ = {
			isa = XCBuildConfiguration;
			baseConfigurationReference = B70748EF27955CC600F01CB4 /* Development.xcconfig */;
			buildSettings = {
				ASSETCATALOG_COMPILER_APPICON_NAME = "AppIcon-Dev";
				ASSETCATALOG_COMPILER_GLOBAL_ACCENT_COLOR_NAME = AccentColor;
				CODE_SIGN_ENTITLEMENTS = "Castcle-iOS/Castcle.entitlements";
				CODE_SIGN_IDENTITY = "iPhone Developer";
				CODE_SIGN_STYLE = Manual;
				CURRENT_PROJECT_VERSION = 288;
				DEBUG_INFORMATION_FORMAT = "dwarf-with-dsym";
				DEVELOPMENT_TEAM = AL7Y45DV5Q;
				ENABLE_BITCODE = NO;
				EXCLUDED_ARCHS = "";
				FRAMEWORK_SEARCH_PATHS = (
					"$(inherited)",
					"$(PROJECT_DIR)/Sdk",
				);
				INFOPLIST_FILE = "Castcle-iOS/Info.plist";
				IPHONEOS_DEPLOYMENT_TARGET = 13.0;
				LD_RUNPATH_SEARCH_PATHS = (
					"$(inherited)",
					"@executable_path/Frameworks",
				);
				MARKETING_VERSION = "$(APP_VERSION)";
				OTHER_LDFLAGS = (
					"$(inherited)",
					"-l\"c++\"",
					"-l\"sqlite3\"",
					"-l\"z\"",
					"-framework",
					"\"AppCenter\"",
					"-framework",
					"\"AppCenterAnalytics\"",
					"-framework",
					"\"AppCenterCrashes\"",
					"-framework",
					"\"CoreTelephony\"",
					"-framework",
					"\"Foundation\"",
					"-framework",
					"\"IGListDiffKit\"",
					"-framework",
					"\"IGListKit\"",
					"-framework",
					"\"SystemConfiguration\"",
					"-framework",
					"\"UIKit\"",
					"-ObjC",
				);
				PRODUCT_BUNDLE_IDENTIFIER = "$(APP_BUNDLE_ID)";
				PRODUCT_NAME = "$(APP_NAME)";
				PROVISIONING_PROFILE_SPECIFIER = "Dev Castcle Development";
				SWIFT_VERSION = 5.0;
				TARGETED_DEVICE_FAMILY = 1;
			};
			name = "Debug (Development)";
		};
		B75E62E92699770B003E1ADA /* Release (Staging) */ = {
			isa = XCBuildConfiguration;
			baseConfigurationReference = B70748F127955CC600F01CB4 /* Staging.xcconfig */;
			buildSettings = {
				ALWAYS_SEARCH_USER_PATHS = NO;
				CLANG_ANALYZER_NONNULL = YES;
				CLANG_ANALYZER_NUMBER_OBJECT_CONVERSION = YES_AGGRESSIVE;
				CLANG_CXX_LANGUAGE_STANDARD = "gnu++14";
				CLANG_CXX_LIBRARY = "libc++";
				CLANG_ENABLE_MODULES = YES;
				CLANG_ENABLE_OBJC_ARC = YES;
				CLANG_ENABLE_OBJC_WEAK = YES;
				CLANG_WARN_BLOCK_CAPTURE_AUTORELEASING = YES;
				CLANG_WARN_BOOL_CONVERSION = YES;
				CLANG_WARN_COMMA = YES;
				CLANG_WARN_CONSTANT_CONVERSION = YES;
				CLANG_WARN_DEPRECATED_OBJC_IMPLEMENTATIONS = YES;
				CLANG_WARN_DIRECT_OBJC_ISA_USAGE = YES_ERROR;
				CLANG_WARN_DOCUMENTATION_COMMENTS = YES;
				CLANG_WARN_EMPTY_BODY = YES;
				CLANG_WARN_ENUM_CONVERSION = YES;
				CLANG_WARN_INFINITE_RECURSION = YES;
				CLANG_WARN_INT_CONVERSION = YES;
				CLANG_WARN_NON_LITERAL_NULL_CONVERSION = YES;
				CLANG_WARN_OBJC_IMPLICIT_RETAIN_SELF = YES;
				CLANG_WARN_OBJC_LITERAL_CONVERSION = YES;
				CLANG_WARN_OBJC_ROOT_CLASS = YES_ERROR;
				CLANG_WARN_QUOTED_INCLUDE_IN_FRAMEWORK_HEADER = YES;
				CLANG_WARN_RANGE_LOOP_ANALYSIS = YES;
				CLANG_WARN_STRICT_PROTOTYPES = YES;
				CLANG_WARN_SUSPICIOUS_MOVE = YES;
				CLANG_WARN_UNGUARDED_AVAILABILITY = YES_AGGRESSIVE;
				CLANG_WARN_UNREACHABLE_CODE = YES;
				CLANG_WARN__DUPLICATE_METHOD_MATCH = YES;
				COPY_PHASE_STRIP = NO;
				DEBUG_INFORMATION_FORMAT = "dwarf-with-dsym";
				ENABLE_BITCODE = NO;
				ENABLE_NS_ASSERTIONS = NO;
				ENABLE_STRICT_OBJC_MSGSEND = YES;
				GCC_C_LANGUAGE_STANDARD = gnu11;
				GCC_NO_COMMON_BLOCKS = YES;
				GCC_WARN_64_TO_32_BIT_CONVERSION = YES;
				GCC_WARN_ABOUT_RETURN_TYPE = YES_ERROR;
				GCC_WARN_UNDECLARED_SELECTOR = YES;
				GCC_WARN_UNINITIALIZED_AUTOS = YES_AGGRESSIVE;
				GCC_WARN_UNUSED_FUNCTION = YES;
				GCC_WARN_UNUSED_VARIABLE = YES;
				IPHONEOS_DEPLOYMENT_TARGET = 13.0;
				MTL_ENABLE_DEBUG_INFO = NO;
				MTL_FAST_MATH = YES;
				SDKROOT = iphoneos;
				SWIFT_COMPILATION_MODE = wholemodule;
				SWIFT_OPTIMIZATION_LEVEL = "-O";
				VALIDATE_PRODUCT = YES;
			};
			name = "Release (Staging)";
		};
		B75E62EA2699770B003E1ADA /* Release (Staging) */ = {
			isa = XCBuildConfiguration;
			baseConfigurationReference = B70748F127955CC600F01CB4 /* Staging.xcconfig */;
			buildSettings = {
				ASSETCATALOG_COMPILER_APPICON_NAME = "AppIcon-Stg";
				ASSETCATALOG_COMPILER_GLOBAL_ACCENT_COLOR_NAME = AccentColor;
				CODE_SIGN_ENTITLEMENTS = "Castcle-iOS/Castcle.entitlements";
				CODE_SIGN_IDENTITY = "iPhone Developer";
				CODE_SIGN_STYLE = Manual;
				CURRENT_PROJECT_VERSION = 288;
				DEVELOPMENT_TEAM = AL7Y45DV5Q;
				ENABLE_BITCODE = NO;
				EXCLUDED_ARCHS = "";
				FRAMEWORK_SEARCH_PATHS = (
					"$(inherited)",
					"$(PROJECT_DIR)/Sdk",
				);
				INFOPLIST_FILE = "Castcle-iOS/Info.plist";
				IPHONEOS_DEPLOYMENT_TARGET = 13.0;
				LD_RUNPATH_SEARCH_PATHS = (
					"$(inherited)",
					"@executable_path/Frameworks",
				);
				MARKETING_VERSION = "$(APP_VERSION)";
				ONLY_ACTIVE_ARCH = YES;
				OTHER_LDFLAGS = (
					"$(inherited)",
					"-l\"c++\"",
					"-l\"sqlite3\"",
					"-l\"z\"",
					"-framework",
					"\"AppCenter\"",
					"-framework",
					"\"AppCenterAnalytics\"",
					"-framework",
					"\"AppCenterCrashes\"",
					"-framework",
					"\"CoreTelephony\"",
					"-framework",
					"\"Foundation\"",
					"-framework",
					"\"IGListDiffKit\"",
					"-framework",
					"\"IGListKit\"",
					"-framework",
					"\"SystemConfiguration\"",
					"-framework",
					"\"UIKit\"",
					"-ObjC",
				);
				PRODUCT_BUNDLE_IDENTIFIER = "$(APP_BUNDLE_ID)";
				PRODUCT_NAME = "$(APP_NAME)";
				PROVISIONING_PROFILE_SPECIFIER = "Stg Castcle Development";
				SWIFT_VERSION = 5.0;
				TARGETED_DEVICE_FAMILY = 1;
			};
			name = "Release (Staging)";
		};
		B75E62EB2699770E003E1ADA /* Release (Development) */ = {
			isa = XCBuildConfiguration;
			baseConfigurationReference = B70748EF27955CC600F01CB4 /* Development.xcconfig */;
			buildSettings = {
				ALWAYS_SEARCH_USER_PATHS = NO;
				CLANG_ANALYZER_NONNULL = YES;
				CLANG_ANALYZER_NUMBER_OBJECT_CONVERSION = YES_AGGRESSIVE;
				CLANG_CXX_LANGUAGE_STANDARD = "gnu++14";
				CLANG_CXX_LIBRARY = "libc++";
				CLANG_ENABLE_MODULES = YES;
				CLANG_ENABLE_OBJC_ARC = YES;
				CLANG_ENABLE_OBJC_WEAK = YES;
				CLANG_WARN_BLOCK_CAPTURE_AUTORELEASING = YES;
				CLANG_WARN_BOOL_CONVERSION = YES;
				CLANG_WARN_COMMA = YES;
				CLANG_WARN_CONSTANT_CONVERSION = YES;
				CLANG_WARN_DEPRECATED_OBJC_IMPLEMENTATIONS = YES;
				CLANG_WARN_DIRECT_OBJC_ISA_USAGE = YES_ERROR;
				CLANG_WARN_DOCUMENTATION_COMMENTS = YES;
				CLANG_WARN_EMPTY_BODY = YES;
				CLANG_WARN_ENUM_CONVERSION = YES;
				CLANG_WARN_INFINITE_RECURSION = YES;
				CLANG_WARN_INT_CONVERSION = YES;
				CLANG_WARN_NON_LITERAL_NULL_CONVERSION = YES;
				CLANG_WARN_OBJC_IMPLICIT_RETAIN_SELF = YES;
				CLANG_WARN_OBJC_LITERAL_CONVERSION = YES;
				CLANG_WARN_OBJC_ROOT_CLASS = YES_ERROR;
				CLANG_WARN_QUOTED_INCLUDE_IN_FRAMEWORK_HEADER = YES;
				CLANG_WARN_RANGE_LOOP_ANALYSIS = YES;
				CLANG_WARN_STRICT_PROTOTYPES = YES;
				CLANG_WARN_SUSPICIOUS_MOVE = YES;
				CLANG_WARN_UNGUARDED_AVAILABILITY = YES_AGGRESSIVE;
				CLANG_WARN_UNREACHABLE_CODE = YES;
				CLANG_WARN__DUPLICATE_METHOD_MATCH = YES;
				COPY_PHASE_STRIP = NO;
				DEBUG_INFORMATION_FORMAT = "dwarf-with-dsym";
				ENABLE_BITCODE = NO;
				ENABLE_NS_ASSERTIONS = NO;
				ENABLE_STRICT_OBJC_MSGSEND = YES;
				ENABLE_TESTABILITY = YES;
				GCC_C_LANGUAGE_STANDARD = gnu11;
				GCC_NO_COMMON_BLOCKS = YES;
				GCC_WARN_64_TO_32_BIT_CONVERSION = YES;
				GCC_WARN_ABOUT_RETURN_TYPE = YES_ERROR;
				GCC_WARN_UNDECLARED_SELECTOR = YES;
				GCC_WARN_UNINITIALIZED_AUTOS = YES_AGGRESSIVE;
				GCC_WARN_UNUSED_FUNCTION = YES;
				GCC_WARN_UNUSED_VARIABLE = YES;
				IPHONEOS_DEPLOYMENT_TARGET = 13.0;
				MTL_ENABLE_DEBUG_INFO = NO;
				MTL_FAST_MATH = YES;
				ONLY_ACTIVE_ARCH = YES;
				SDKROOT = iphoneos;
				SWIFT_COMPILATION_MODE = wholemodule;
				SWIFT_OPTIMIZATION_LEVEL = "-O";
				VALIDATE_PRODUCT = YES;
			};
			name = "Release (Development)";
		};
		B75E62EC2699770E003E1ADA /* Release (Development) */ = {
			isa = XCBuildConfiguration;
			baseConfigurationReference = B70748EF27955CC600F01CB4 /* Development.xcconfig */;
			buildSettings = {
				ASSETCATALOG_COMPILER_APPICON_NAME = "AppIcon-Dev";
				ASSETCATALOG_COMPILER_GLOBAL_ACCENT_COLOR_NAME = AccentColor;
				CODE_SIGN_ENTITLEMENTS = "Castcle-iOS/Castcle.entitlements";
				CODE_SIGN_IDENTITY = "iPhone Developer";
				CODE_SIGN_STYLE = Manual;
				CURRENT_PROJECT_VERSION = 288;
				DEVELOPMENT_TEAM = AL7Y45DV5Q;
				ENABLE_BITCODE = NO;
				EXCLUDED_ARCHS = "";
				FRAMEWORK_SEARCH_PATHS = (
					"$(inherited)",
					"$(PROJECT_DIR)/Sdk",
				);
				INFOPLIST_FILE = "Castcle-iOS/Info.plist";
				IPHONEOS_DEPLOYMENT_TARGET = 13.0;
				LD_RUNPATH_SEARCH_PATHS = (
					"$(inherited)",
					"@executable_path/Frameworks",
				);
				MARKETING_VERSION = "$(APP_VERSION)";
				OTHER_LDFLAGS = (
					"$(inherited)",
					"-l\"c++\"",
					"-l\"sqlite3\"",
					"-l\"z\"",
					"-framework",
					"\"AppCenter\"",
					"-framework",
					"\"AppCenterAnalytics\"",
					"-framework",
					"\"AppCenterCrashes\"",
					"-framework",
					"\"CoreTelephony\"",
					"-framework",
					"\"Foundation\"",
					"-framework",
					"\"IGListDiffKit\"",
					"-framework",
					"\"IGListKit\"",
					"-framework",
					"\"SystemConfiguration\"",
					"-framework",
					"\"UIKit\"",
					"-ObjC",
				);
				PRODUCT_BUNDLE_IDENTIFIER = "$(APP_BUNDLE_ID)";
				PRODUCT_NAME = "$(APP_NAME)";
				PROVISIONING_PROFILE_SPECIFIER = "Dev Castcle Development";
				SWIFT_VERSION = 5.0;
				TARGETED_DEVICE_FAMILY = 1;
			};
			name = "Release (Development)";
		};
		B7F69CB6268EB22000B01223 /* Debug (Production) */ = {
			isa = XCBuildConfiguration;
			baseConfigurationReference = B70748F227955CC600F01CB4 /* Production.xcconfig */;
			buildSettings = {
				ALWAYS_SEARCH_USER_PATHS = NO;
				CLANG_ANALYZER_NONNULL = YES;
				CLANG_ANALYZER_NUMBER_OBJECT_CONVERSION = YES_AGGRESSIVE;
				CLANG_CXX_LANGUAGE_STANDARD = "gnu++14";
				CLANG_CXX_LIBRARY = "libc++";
				CLANG_ENABLE_MODULES = YES;
				CLANG_ENABLE_OBJC_ARC = YES;
				CLANG_ENABLE_OBJC_WEAK = YES;
				CLANG_WARN_BLOCK_CAPTURE_AUTORELEASING = YES;
				CLANG_WARN_BOOL_CONVERSION = YES;
				CLANG_WARN_COMMA = YES;
				CLANG_WARN_CONSTANT_CONVERSION = YES;
				CLANG_WARN_DEPRECATED_OBJC_IMPLEMENTATIONS = YES;
				CLANG_WARN_DIRECT_OBJC_ISA_USAGE = YES_ERROR;
				CLANG_WARN_DOCUMENTATION_COMMENTS = YES;
				CLANG_WARN_EMPTY_BODY = YES;
				CLANG_WARN_ENUM_CONVERSION = YES;
				CLANG_WARN_INFINITE_RECURSION = YES;
				CLANG_WARN_INT_CONVERSION = YES;
				CLANG_WARN_NON_LITERAL_NULL_CONVERSION = YES;
				CLANG_WARN_OBJC_IMPLICIT_RETAIN_SELF = YES;
				CLANG_WARN_OBJC_LITERAL_CONVERSION = YES;
				CLANG_WARN_OBJC_ROOT_CLASS = YES_ERROR;
				CLANG_WARN_QUOTED_INCLUDE_IN_FRAMEWORK_HEADER = YES;
				CLANG_WARN_RANGE_LOOP_ANALYSIS = YES;
				CLANG_WARN_STRICT_PROTOTYPES = YES;
				CLANG_WARN_SUSPICIOUS_MOVE = YES;
				CLANG_WARN_UNGUARDED_AVAILABILITY = YES_AGGRESSIVE;
				CLANG_WARN_UNREACHABLE_CODE = YES;
				CLANG_WARN__DUPLICATE_METHOD_MATCH = YES;
				COPY_PHASE_STRIP = NO;
				DEBUG_INFORMATION_FORMAT = "dwarf-with-dsym";
				ENABLE_BITCODE = NO;
				ENABLE_STRICT_OBJC_MSGSEND = YES;
				ENABLE_TESTABILITY = YES;
				GCC_C_LANGUAGE_STANDARD = gnu11;
				GCC_DYNAMIC_NO_PIC = NO;
				GCC_NO_COMMON_BLOCKS = YES;
				GCC_OPTIMIZATION_LEVEL = 0;
				GCC_PREPROCESSOR_DEFINITIONS = (
					"DEBUG=1",
					"$(inherited)",
				);
				GCC_WARN_64_TO_32_BIT_CONVERSION = YES;
				GCC_WARN_ABOUT_RETURN_TYPE = YES_ERROR;
				GCC_WARN_UNDECLARED_SELECTOR = YES;
				GCC_WARN_UNINITIALIZED_AUTOS = YES_AGGRESSIVE;
				GCC_WARN_UNUSED_FUNCTION = YES;
				GCC_WARN_UNUSED_VARIABLE = YES;
				IPHONEOS_DEPLOYMENT_TARGET = 13.0;
				MTL_ENABLE_DEBUG_INFO = INCLUDE_SOURCE;
				MTL_FAST_MATH = YES;
				ONLY_ACTIVE_ARCH = YES;
				SDKROOT = iphoneos;
				SWIFT_ACTIVE_COMPILATION_CONDITIONS = DEBUG;
				SWIFT_OPTIMIZATION_LEVEL = "-Onone";
			};
			name = "Debug (Production)";
		};
		B7F69CB7268EB22000B01223 /* Release (Production) */ = {
			isa = XCBuildConfiguration;
			baseConfigurationReference = B70748F227955CC600F01CB4 /* Production.xcconfig */;
			buildSettings = {
				ALWAYS_SEARCH_USER_PATHS = NO;
				CLANG_ANALYZER_NONNULL = YES;
				CLANG_ANALYZER_NUMBER_OBJECT_CONVERSION = YES_AGGRESSIVE;
				CLANG_CXX_LANGUAGE_STANDARD = "gnu++14";
				CLANG_CXX_LIBRARY = "libc++";
				CLANG_ENABLE_MODULES = YES;
				CLANG_ENABLE_OBJC_ARC = YES;
				CLANG_ENABLE_OBJC_WEAK = YES;
				CLANG_WARN_BLOCK_CAPTURE_AUTORELEASING = YES;
				CLANG_WARN_BOOL_CONVERSION = YES;
				CLANG_WARN_COMMA = YES;
				CLANG_WARN_CONSTANT_CONVERSION = YES;
				CLANG_WARN_DEPRECATED_OBJC_IMPLEMENTATIONS = YES;
				CLANG_WARN_DIRECT_OBJC_ISA_USAGE = YES_ERROR;
				CLANG_WARN_DOCUMENTATION_COMMENTS = YES;
				CLANG_WARN_EMPTY_BODY = YES;
				CLANG_WARN_ENUM_CONVERSION = YES;
				CLANG_WARN_INFINITE_RECURSION = YES;
				CLANG_WARN_INT_CONVERSION = YES;
				CLANG_WARN_NON_LITERAL_NULL_CONVERSION = YES;
				CLANG_WARN_OBJC_IMPLICIT_RETAIN_SELF = YES;
				CLANG_WARN_OBJC_LITERAL_CONVERSION = YES;
				CLANG_WARN_OBJC_ROOT_CLASS = YES_ERROR;
				CLANG_WARN_QUOTED_INCLUDE_IN_FRAMEWORK_HEADER = YES;
				CLANG_WARN_RANGE_LOOP_ANALYSIS = YES;
				CLANG_WARN_STRICT_PROTOTYPES = YES;
				CLANG_WARN_SUSPICIOUS_MOVE = YES;
				CLANG_WARN_UNGUARDED_AVAILABILITY = YES_AGGRESSIVE;
				CLANG_WARN_UNREACHABLE_CODE = YES;
				CLANG_WARN__DUPLICATE_METHOD_MATCH = YES;
				COPY_PHASE_STRIP = NO;
				DEBUG_INFORMATION_FORMAT = "dwarf-with-dsym";
				ENABLE_BITCODE = NO;
				ENABLE_NS_ASSERTIONS = NO;
				ENABLE_STRICT_OBJC_MSGSEND = YES;
				GCC_C_LANGUAGE_STANDARD = gnu11;
				GCC_NO_COMMON_BLOCKS = YES;
				GCC_WARN_64_TO_32_BIT_CONVERSION = YES;
				GCC_WARN_ABOUT_RETURN_TYPE = YES_ERROR;
				GCC_WARN_UNDECLARED_SELECTOR = YES;
				GCC_WARN_UNINITIALIZED_AUTOS = YES_AGGRESSIVE;
				GCC_WARN_UNUSED_FUNCTION = YES;
				GCC_WARN_UNUSED_VARIABLE = YES;
				IPHONEOS_DEPLOYMENT_TARGET = 13.0;
				MTL_ENABLE_DEBUG_INFO = NO;
				MTL_FAST_MATH = YES;
				SDKROOT = iphoneos;
				SWIFT_COMPILATION_MODE = wholemodule;
				SWIFT_OPTIMIZATION_LEVEL = "-O";
				VALIDATE_PRODUCT = YES;
			};
			name = "Release (Production)";
		};
		B7F69CB9268EB22000B01223 /* Debug (Production) */ = {
			isa = XCBuildConfiguration;
			baseConfigurationReference = B70748F227955CC600F01CB4 /* Production.xcconfig */;
			buildSettings = {
				ASSETCATALOG_COMPILER_APPICON_NAME = AppIcon;
				ASSETCATALOG_COMPILER_GLOBAL_ACCENT_COLOR_NAME = AccentColor;
				CODE_SIGN_ENTITLEMENTS = "Castcle-iOS/Castcle.entitlements";
				CODE_SIGN_IDENTITY = "iPhone Developer";
				CODE_SIGN_STYLE = Manual;
				CURRENT_PROJECT_VERSION = 288;
				DEBUG_INFORMATION_FORMAT = "dwarf-with-dsym";
				DEVELOPMENT_TEAM = AL7Y45DV5Q;
				ENABLE_BITCODE = NO;
				EXCLUDED_ARCHS = "";
				FRAMEWORK_SEARCH_PATHS = (
					"$(inherited)",
					"$(PROJECT_DIR)/Sdk",
				);
				INFOPLIST_FILE = "Castcle-iOS/Info.plist";
				IPHONEOS_DEPLOYMENT_TARGET = 13.0;
				LD_RUNPATH_SEARCH_PATHS = (
					"$(inherited)",
					"@executable_path/Frameworks",
				);
				MARKETING_VERSION = "$(APP_VERSION)";
				OTHER_LDFLAGS = (
					"$(inherited)",
					"-l\"c++\"",
					"-l\"sqlite3\"",
					"-l\"z\"",
					"-framework",
					"\"AppCenter\"",
					"-framework",
					"\"AppCenterAnalytics\"",
					"-framework",
					"\"AppCenterCrashes\"",
					"-framework",
					"\"CoreTelephony\"",
					"-framework",
					"\"Foundation\"",
					"-framework",
					"\"IGListDiffKit\"",
					"-framework",
					"\"IGListKit\"",
					"-framework",
					"\"SystemConfiguration\"",
					"-framework",
					"\"UIKit\"",
					"-ObjC",
				);
				PRODUCT_BUNDLE_IDENTIFIER = "$(APP_BUNDLE_ID)";
				PRODUCT_NAME = "$(APP_NAME)";
				PROVISIONING_PROFILE_SPECIFIER = "Prod Castcle Development";
				SWIFT_VERSION = 5.0;
				TARGETED_DEVICE_FAMILY = 1;
			};
			name = "Debug (Production)";
		};
		B7F69CBA268EB22000B01223 /* Release (Production) */ = {
			isa = XCBuildConfiguration;
			baseConfigurationReference = B70748F227955CC600F01CB4 /* Production.xcconfig */;
			buildSettings = {
				ASSETCATALOG_COMPILER_APPICON_NAME = AppIcon;
				ASSETCATALOG_COMPILER_GLOBAL_ACCENT_COLOR_NAME = AccentColor;
				CODE_SIGN_ENTITLEMENTS = "Castcle-iOS/Castcle.entitlements";
				CODE_SIGN_IDENTITY = "iPhone Developer";
				CODE_SIGN_STYLE = Manual;
				CURRENT_PROJECT_VERSION = 288;
				DEVELOPMENT_TEAM = AL7Y45DV5Q;
				ENABLE_BITCODE = NO;
				EXCLUDED_ARCHS = "";
				FRAMEWORK_SEARCH_PATHS = (
					"$(inherited)",
					"$(PROJECT_DIR)/Sdk",
				);
				INFOPLIST_FILE = "Castcle-iOS/Info.plist";
				IPHONEOS_DEPLOYMENT_TARGET = 13.0;
				LD_RUNPATH_SEARCH_PATHS = (
					"$(inherited)",
					"@executable_path/Frameworks",
				);
				MARKETING_VERSION = "$(APP_VERSION)";
				ONLY_ACTIVE_ARCH = YES;
				OTHER_LDFLAGS = (
					"$(inherited)",
					"-l\"c++\"",
					"-l\"sqlite3\"",
					"-l\"z\"",
					"-framework",
					"\"AppCenter\"",
					"-framework",
					"\"AppCenterAnalytics\"",
					"-framework",
					"\"AppCenterCrashes\"",
					"-framework",
					"\"CoreTelephony\"",
					"-framework",
					"\"Foundation\"",
					"-framework",
					"\"IGListDiffKit\"",
					"-framework",
					"\"IGListKit\"",
					"-framework",
					"\"SystemConfiguration\"",
					"-framework",
					"\"UIKit\"",
					"-ObjC",
				);
				PRODUCT_BUNDLE_IDENTIFIER = "$(APP_BUNDLE_ID)";
				PRODUCT_NAME = "$(APP_NAME)";
				PROVISIONING_PROFILE_SPECIFIER = "Prod Castcle Development";
				SWIFT_VERSION = 5.0;
				TARGETED_DEVICE_FAMILY = 1;
			};
			name = "Release (Production)";
		};
/* End XCBuildConfiguration section */

/* Begin XCConfigurationList section */
		B7F69C9F268EB21E00B01223 /* Build configuration list for PBXProject "Castcle-iOS" */ = {
			isa = XCConfigurationList;
			buildConfigurations = (
				B7F69CB6268EB22000B01223 /* Debug (Production) */,
				B75E62E526997702003E1ADA /* Debug (Staging) */,
				B75E62E726997707003E1ADA /* Debug (Development) */,
				B7F69CB7268EB22000B01223 /* Release (Production) */,
				B75E62E92699770B003E1ADA /* Release (Staging) */,
				B75E62EB2699770E003E1ADA /* Release (Development) */,
			);
			defaultConfigurationIsVisible = 0;
			defaultConfigurationName = "Release (Production)";
		};
		B7F69CB8268EB22000B01223 /* Build configuration list for PBXNativeTarget "Castcle-iOS" */ = {
			isa = XCConfigurationList;
			buildConfigurations = (
				B7F69CB9268EB22000B01223 /* Debug (Production) */,
				B75E62E626997702003E1ADA /* Debug (Staging) */,
				B75E62E826997707003E1ADA /* Debug (Development) */,
				B7F69CBA268EB22000B01223 /* Release (Production) */,
				B75E62EA2699770B003E1ADA /* Release (Staging) */,
				B75E62EC2699770E003E1ADA /* Release (Development) */,
			);
			defaultConfigurationIsVisible = 0;
			defaultConfigurationName = "Release (Production)";
		};
/* End XCConfigurationList section */
	};
	rootObject = B7F69C9C268EB21E00B01223 /* Project object */;
}
